// !$*UTF8*$!
{
	archiveVersion = 1;
	classes = {
	};
	objectVersion = 56;
	objects = {

/* Begin PBXBuildFile section */
		E80701D22A11DBC3004C1F68 /* CourseView.swift in Sources */ = {isa = PBXBuildFile; fileRef = E80701D12A11DBC3004C1F68 /* CourseView.swift */; };
		E80701D42A11DC28004C1F68 /* HomeView.swift in Sources */ = {isa = PBXBuildFile; fileRef = E80701D32A11DC28004C1F68 /* HomeView.swift */; };
		E84CCADD29FFAE1200B82D66 /* CustomTransitionBetweenScreensApp.swift in Sources */ = {isa = PBXBuildFile; fileRef = E84CCADC29FFAE1200B82D66 /* CustomTransitionBetweenScreensApp.swift */; };
		E84CCADF29FFAE1200B82D66 /* MatchedViewPart1.swift in Sources */ = {isa = PBXBuildFile; fileRef = E84CCADE29FFAE1200B82D66 /* MatchedViewPart1.swift */; };
		E84CCAE129FFAE1300B82D66 /* Assets.xcassets in Resources */ = {isa = PBXBuildFile; fileRef = E84CCAE029FFAE1300B82D66 /* Assets.xcassets */; };
		E84CCAE429FFAE1300B82D66 /* Preview Assets.xcassets in Resources */ = {isa = PBXBuildFile; fileRef = E84CCAE329FFAE1300B82D66 /* Preview Assets.xcassets */; };
		E868A6E62A00A0C600763056 /* MatchedViewPart2.swift in Sources */ = {isa = PBXBuildFile; fileRef = E868A6E52A00A0C600763056 /* MatchedViewPart2.swift */; };
		E8DAB5582A076B3900F4E0B7 /* CourseItem.swift in Sources */ = {isa = PBXBuildFile; fileRef = E8DAB5572A076B3900F4E0B7 /* CourseItem.swift */; };
/* End PBXBuildFile section */

/* Begin PBXFileReference section */
		E80701D12A11DBC3004C1F68 /* CourseView.swift */ = {isa = PBXFileReference; lastKnownFileType = sourcecode.swift; path = CourseView.swift; sourceTree = "<group>"; };
		E80701D32A11DC28004C1F68 /* HomeView.swift */ = {isa = PBXFileReference; lastKnownFileType = sourcecode.swift; path = HomeView.swift; sourceTree = "<group>"; };
		E84CCAD929FFAE1200B82D66 /* CustomTransitionBetweenScreens.app */ = {isa = PBXFileReference; explicitFileType = wrapper.application; includeInIndex = 0; path = CustomTransitionBetweenScreens.app; sourceTree = BUILT_PRODUCTS_DIR; };
		E84CCADC29FFAE1200B82D66 /* CustomTransitionBetweenScreensApp.swift */ = {isa = PBXFileReference; lastKnownFileType = sourcecode.swift; path = CustomTransitionBetweenScreensApp.swift; sourceTree = "<group>"; };
		E84CCADE29FFAE1200B82D66 /* MatchedViewPart1.swift */ = {isa = PBXFileReference; lastKnownFileType = sourcecode.swift; path = MatchedViewPart1.swift; sourceTree = "<group>"; };
		E84CCAE029FFAE1300B82D66 /* Assets.xcassets */ = {isa = PBXFileReference; lastKnownFileType = folder.assetcatalog; path = Assets.xcassets; sourceTree = "<group>"; };
		E84CCAE329FFAE1300B82D66 /* Preview Assets.xcassets */ = {isa = PBXFileReference; lastKnownFileType = folder.assetcatalog; path = "Preview Assets.xcassets"; sourceTree = "<group>"; };
		E868A6E52A00A0C600763056 /* MatchedViewPart2.swift */ = {isa = PBXFileReference; lastKnownFileType = sourcecode.swift; path = MatchedViewPart2.swift; sourceTree = "<group>"; };
		E8DAB5572A076B3900F4E0B7 /* CourseItem.swift */ = {isa = PBXFileReference; lastKnownFileType = sourcecode.swift; path = CourseItem.swift; sourceTree = "<group>"; };
/* End PBXFileReference section */

/* Begin PBXFrameworksBuildPhase section */
		E84CCAD629FFAE1200B82D66 /* Frameworks */ = {
			isa = PBXFrameworksBuildPhase;
			buildActionMask = 2147483647;
			files = (
			);
			runOnlyForDeploymentPostprocessing = 0;
		};
/* End PBXFrameworksBuildPhase section */

/* Begin PBXGroup section */
		E84CCAD029FFAE1200B82D66 = {
			isa = PBXGroup;
			children = (
				E84CCADB29FFAE1200B82D66 /* CustomTransitionBetweenScreens */,
				E84CCADA29FFAE1200B82D66 /* Products */,
			);
			sourceTree = "<group>";
		};
		E84CCADA29FFAE1200B82D66 /* Products */ = {
			isa = PBXGroup;
			children = (
				E84CCAD929FFAE1200B82D66 /* CustomTransitionBetweenScreens.app */,
			);
			name = Products;
			sourceTree = "<group>";
		};
		E84CCADB29FFAE1200B82D66 /* CustomTransitionBetweenScreens */ = {
			isa = PBXGroup;
			children = (
				E84CCADC29FFAE1200B82D66 /* CustomTransitionBetweenScreensApp.swift */,
				E868A6E42A00A0B200763056 /* Views */,
				E8DAB5562A076B1800F4E0B7 /* Components */,
				E84CCAE029FFAE1300B82D66 /* Assets.xcassets */,
				E84CCAE229FFAE1300B82D66 /* Preview Content */,
			);
			path = CustomTransitionBetweenScreens;
			sourceTree = "<group>";
		};
		E84CCAE229FFAE1300B82D66 /* Preview Content */ = {
			isa = PBXGroup;
			children = (
				E84CCAE329FFAE1300B82D66 /* Preview Assets.xcassets */,
			);
			path = "Preview Content";
			sourceTree = "<group>";
		};
		E868A6E42A00A0B200763056 /* Views */ = {
			isa = PBXGroup;
			children = (
				E84CCADE29FFAE1200B82D66 /* MatchedViewPart1.swift */,
				E868A6E52A00A0C600763056 /* MatchedViewPart2.swift */,
				E80701D32A11DC28004C1F68 /* HomeView.swift */,
				E80701D12A11DBC3004C1F68 /* CourseView.swift */,
			);
			path = Views;
			sourceTree = "<group>";
		};
		E8DAB5562A076B1800F4E0B7 /* Components */ = {
			isa = PBXGroup;
			children = (
				E8DAB5572A076B3900F4E0B7 /* CourseItem.swift */,
			);
			path = Components;
			sourceTree = "<group>";
		};
/* End PBXGroup section */

/* Begin PBXNativeTarget section */
		E84CCAD829FFAE1200B82D66 /* CustomTransitionBetweenScreens */ = {
			isa = PBXNativeTarget;
			buildConfigurationList = E84CCAE729FFAE1300B82D66 /* Build configuration list for PBXNativeTarget "CustomTransitionBetweenScreens" */;
			buildPhases = (
				E84CCAD529FFAE1200B82D66 /* Sources */,
				E84CCAD629FFAE1200B82D66 /* Frameworks */,
				E84CCAD729FFAE1200B82D66 /* Resources */,
			);
			buildRules = (
			);
			dependencies = (
			);
			name = CustomTransitionBetweenScreens;
			productName = CustomTransitionBetweenScreens;
			productReference = E84CCAD929FFAE1200B82D66 /* CustomTransitionBetweenScreens.app */;
			productType = "com.apple.product-type.application";
		};
/* End PBXNativeTarget section */

/* Begin PBXProject section */
		E84CCAD129FFAE1200B82D66 /* Project object */ = {
			isa = PBXProject;
			attributes = {
				BuildIndependentTargetsInParallel = 1;
				LastSwiftUpdateCheck = 1420;
				LastUpgradeCheck = 1420;
				TargetAttributes = {
					E84CCAD829FFAE1200B82D66 = {
						CreatedOnToolsVersion = 14.2;
					};
				};
			};
			buildConfigurationList = E84CCAD429FFAE1200B82D66 /* Build configuration list for PBXProject "CustomTransitionBetweenScreens" */;
			compatibilityVersion = "Xcode 14.0";
			developmentRegion = en;
			hasScannedForEncodings = 0;
			knownRegions = (
				en,
				Base,
			);
			mainGroup = E84CCAD029FFAE1200B82D66;
			productRefGroup = E84CCADA29FFAE1200B82D66 /* Products */;
			projectDirPath = "";
			projectRoot = "";
			targets = (
				E84CCAD829FFAE1200B82D66 /* CustomTransitionBetweenScreens */,
			);
		};
/* End PBXProject section */

/* Begin PBXResourcesBuildPhase section */
		E84CCAD729FFAE1200B82D66 /* Resources */ = {
			isa = PBXResourcesBuildPhase;
			buildActionMask = 2147483647;
			files = (
				E84CCAE429FFAE1300B82D66 /* Preview Assets.xcassets in Resources */,
				E84CCAE129FFAE1300B82D66 /* Assets.xcassets in Resources */,
			);
			runOnlyForDeploymentPostprocessing = 0;
		};
/* End PBXResourcesBuildPhase section */

/* Begin PBXSourcesBuildPhase section */
		E84CCAD529FFAE1200B82D66 /* Sources */ = {
			isa = PBXSourcesBuildPhase;
			buildActionMask = 2147483647;
			files = (
				E84CCADF29FFAE1200B82D66 /* MatchedViewPart1.swift in Sources */,
				E84CCADD29FFAE1200B82D66 /* CustomTransitionBetweenScreensApp.swift in Sources */,
				E80701D22A11DBC3004C1F68 /* CourseView.swift in Sources */,
				E80701D42A11DC28004C1F68 /* HomeView.swift in Sources */,
				E868A6E62A00A0C600763056 /* MatchedViewPart2.swift in Sources */,
				E8DAB5582A076B3900F4E0B7 /* CourseItem.swift in Sources */,
			);
			runOnlyForDeploymentPostprocessing = 0;
		};
/* End PBXSourcesBuildPhase section */

/* Begin XCBuildConfiguration section */
		E84CCAE529FFAE1300B82D66 /* Debug */ = {
			isa = XCBuildConfiguration;
			buildSettings = {
				ALWAYS_SEARCH_USER_PATHS = NO;
				CLANG_ANALYZER_NONNULL = YES;
				CLANG_ANALYZER_NUMBER_OBJECT_CONVERSION = YES_AGGRESSIVE;
				CLANG_CXX_LANGUAGE_STANDARD = "gnu++20";
				CLANG_ENABLE_MODULES = YES;
				CLANG_ENABLE_OBJC_ARC = YES;
				CLANG_ENABLE_OBJC_WEAK = YES;
				CLANG_WARN_BLOCK_CAPTURE_AUTORELEASING = YES;
				CLANG_WARN_BOOL_CONVERSION = YES;
				CLANG_WARN_COMMA = YES;
				CLANG_WARN_CONSTANT_CONVERSION = YES;
				CLANG_WARN_DEPRECATED_OBJC_IMPLEMENTATIONS = YES;
				CLANG_WARN_DIRECT_OBJC_ISA_USAGE = YES_ERROR;
				CLANG_WARN_DOCUMENTATION_COMMENTS = YES;
				CLANG_WARN_EMPTY_BODY = YES;
				CLANG_WARN_ENUM_CONVERSION = YES;
				CLANG_WARN_INFINITE_RECURSION = YES;
				CLANG_WARN_INT_CONVERSION = YES;
				CLANG_WARN_NON_LITERAL_NULL_CONVERSION = YES;
				CLANG_WARN_OBJC_IMPLICIT_RETAIN_SELF = YES;
				CLANG_WARN_OBJC_LITERAL_CONVERSION = YES;
				CLANG_WARN_OBJC_ROOT_CLASS = YES_ERROR;
				CLANG_WARN_QUOTED_INCLUDE_IN_FRAMEWORK_HEADER = YES;
				CLANG_WARN_RANGE_LOOP_ANALYSIS = YES;
				CLANG_WARN_STRICT_PROTOTYPES = YES;
				CLANG_WARN_SUSPICIOUS_MOVE = YES;
				CLANG_WARN_UNGUARDED_AVAILABILITY = YES_AGGRESSIVE;
				CLANG_WARN_UNREACHABLE_CODE = YES;
				CLANG_WARN__DUPLICATE_METHOD_MATCH = YES;
				COPY_PHASE_STRIP = NO;
				DEBUG_INFORMATION_FORMAT = dwarf;
				ENABLE_STRICT_OBJC_MSGSEND = YES;
				ENABLE_TESTABILITY = YES;
				GCC_C_LANGUAGE_STANDARD = gnu11;
				GCC_DYNAMIC_NO_PIC = NO;
				GCC_NO_COMMON_BLOCKS = YES;
				GCC_OPTIMIZATION_LEVEL = 0;
				GCC_PREPROCESSOR_DEFINITIONS = (
					"DEBUG=1",
					"$(inherited)",
				);
				GCC_WARN_64_TO_32_BIT_CONVERSION = YES;
				GCC_WARN_ABOUT_RETURN_TYPE = YES_ERROR;
				GCC_WARN_UNDECLARED_SELECTOR = YES;
				GCC_WARN_UNINITIALIZED_AUTOS = YES_AGGRESSIVE;
				GCC_WARN_UNUSED_FUNCTION = YES;
				GCC_WARN_UNUSED_VARIABLE = YES;
				IPHONEOS_DEPLOYMENT_TARGET = 16.2;
				MTL_ENABLE_DEBUG_INFO = INCLUDE_SOURCE;
				MTL_FAST_MATH = YES;
				ONLY_ACTIVE_ARCH = YES;
				SDKROOT = iphoneos;
				SWIFT_ACTIVE_COMPILATION_CONDITIONS = DEBUG;
				SWIFT_OPTIMIZATION_LEVEL = "-Onone";
			};
			name = Debug;
		};
		E84CCAE629FFAE1300B82D66 /* Release */ = {
			isa = XCBuildConfiguration;
			buildSettings = {
				ALWAYS_SEARCH_USER_PATHS = NO;
				CLANG_ANALYZER_NONNULL = YES;
				CLANG_ANALYZER_NUMBER_OBJECT_CONVERSION = YES_AGGRESSIVE;
				CLANG_CXX_LANGUAGE_STANDARD = "gnu++20";
				CLANG_ENABLE_MODULES = YES;
				CLANG_ENABLE_OBJC_ARC = YES;
				CLANG_ENABLE_OBJC_WEAK = YES;
				CLANG_WARN_BLOCK_CAPTURE_AUTORELEASING = YES;
				CLANG_WARN_BOOL_CONVERSION = YES;
				CLANG_WARN_COMMA = YES;
				CLANG_WARN_CONSTANT_CONVERSION = YES;
				CLANG_WARN_DEPRECATED_OBJC_IMPLEMENTATIONS = YES;
				CLANG_WARN_DIRECT_OBJC_ISA_USAGE = YES_ERROR;
				CLANG_WARN_DOCUMENTATION_COMMENTS = YES;
				CLANG_WARN_EMPTY_BODY = YES;
				CLANG_WARN_ENUM_CONVERSION = YES;
				CLANG_WARN_INFINITE_RECURSION = YES;
				CLANG_WARN_INT_CONVERSION = YES;
				CLANG_WARN_NON_LITERAL_NULL_CONVERSION = YES;
				CLANG_WARN_OBJC_IMPLICIT_RETAIN_SELF = YES;
				CLANG_WARN_OBJC_LITERAL_CONVERSION = YES;
				CLANG_WARN_OBJC_ROOT_CLASS = YES_ERROR;
				CLANG_WARN_QUOTED_INCLUDE_IN_FRAMEWORK_HEADER = YES;
				CLANG_WARN_RANGE_LOOP_ANALYSIS = YES;
				CLANG_WARN_STRICT_PROTOTYPES = YES;
				CLANG_WARN_SUSPICIOUS_MOVE = YES;
				CLANG_WARN_UNGUARDED_AVAILABILITY = YES_AGGRESSIVE;
				CLANG_WARN_UNREACHABLE_CODE = YES;
				CLANG_WARN__DUPLICATE_METHOD_MATCH = YES;
				COPY_PHASE_STRIP = NO;
				DEBUG_INFORMATION_FORMAT = "dwarf-with-dsym";
				ENABLE_NS_ASSERTIONS = NO;
				ENABLE_STRICT_OBJC_MSGSEND = YES;
				GCC_C_LANGUAGE_STANDARD = gnu11;
				GCC_NO_COMMON_BLOCKS = YES;
				GCC_WARN_64_TO_32_BIT_CONVERSION = YES;
				GCC_WARN_ABOUT_RETURN_TYPE = YES_ERROR;
				GCC_WARN_UNDECLARED_SELECTOR = YES;
				GCC_WARN_UNINITIALIZED_AUTOS = YES_AGGRESSIVE;
				GCC_WARN_UNUSED_FUNCTION = YES;
				GCC_WARN_UNUSED_VARIABLE = YES;
				IPHONEOS_DEPLOYMENT_TARGET = 16.2;
				MTL_ENABLE_DEBUG_INFO = NO;
				MTL_FAST_MATH = YES;
				SDKROOT = iphoneos;
				SWIFT_COMPILATION_MODE = wholemodule;
				SWIFT_OPTIMIZATION_LEVEL = "-O";
				VALIDATE_PRODUCT = YES;
			};
			name = Release;
		};
		E84CCAE829FFAE1300B82D66 /* Debug */ = {
			isa = XCBuildConfiguration;
			buildSettings = {
				ASSETCATALOG_COMPILER_APPICON_NAME = AppIcon;
				ASSETCATALOG_COMPILER_GLOBAL_ACCENT_COLOR_NAME = AccentColor;
				CODE_SIGN_STYLE = Automatic;
				CURRENT_PROJECT_VERSION = 1;
				DEVELOPMENT_ASSET_PATHS = "\"CustomTransitionBetweenScreens/Preview Content\"";
				DEVELOPMENT_TEAM = MMMXXXYWN4;
				ENABLE_PREVIEWS = YES;
				GENERATE_INFOPLIST_FILE = YES;
				INFOPLIST_KEY_UIApplicationSceneManifest_Generation = YES;
				INFOPLIST_KEY_UIApplicationSupportsIndirectInputEvents = YES;
				INFOPLIST_KEY_UILaunchScreen_Generation = YES;
				INFOPLIST_KEY_UISupportedInterfaceOrientations_iPad = "UIInterfaceOrientationPortrait UIInterfaceOrientationPortraitUpsideDown UIInterfaceOrientationLandscapeLeft UIInterfaceOrientationLandscapeRight";
				INFOPLIST_KEY_UISupportedInterfaceOrientations_iPhone = "UIInterfaceOrientationPortrait UIInterfaceOrientationLandscapeLeft UIInterfaceOrientationLandscapeRight";
				LD_RUNPATH_SEARCH_PATHS = (
					"$(inherited)",
					"@executable_path/Frameworks",
				);
				MARKETING_VERSION = 1.0;
				PRODUCT_BUNDLE_IDENTIFIER = com.zzimss.CustomTransitionBetweenScreens;
				PRODUCT_NAME = "$(TARGET_NAME)";
				SWIFT_EMIT_LOC_STRINGS = YES;
				SWIFT_VERSION = 5.0;
				TARGETED_DEVICE_FAMILY = "1,2";
			};
			name = Debug;
		};
		E84CCAE929FFAE1300B82D66 /* Release */ = {
			isa = XCBuildConfiguration;
			buildSettings = {
				ASSETCATALOG_COMPILER_APPICON_NAME = AppIcon;
				ASSETCATALOG_COMPILER_GLOBAL_ACCENT_COLOR_NAME = AccentColor;
				CODE_SIGN_STYLE = Automatic;
				CURRENT_PROJECT_VERSION = 1;
				DEVELOPMENT_ASSET_PATHS = "\"CustomTransitionBetweenScreens/Preview Content\"";
				DEVELOPMENT_TEAM = MMMXXXYWN4;
				ENABLE_PREVIEWS = YES;
				GENERATE_INFOPLIST_FILE = YES;
				INFOPLIST_KEY_UIApplicationSceneManifest_Generation = YES;
				INFOPLIST_KEY_UIApplicationSupportsIndirectInputEvents = YES;
				INFOPLIST_KEY_UILaunchScreen_Generation = YES;
				INFOPLIST_KEY_UISupportedInterfaceOrientations_iPad = "UIInterfaceOrientationPortrait UIInterfaceOrientationPortraitUpsideDown UIInterfaceOrientationLandscapeLeft UIInterfaceOrientationLandscapeRight";
				INFOPLIST_KEY_UISupportedInterfaceOrientations_iPhone = "UIInterfaceOrientationPortrait UIInterfaceOrientationLandscapeLeft UIInterfaceOrientationLandscapeRight";
				LD_RUNPATH_SEARCH_PATHS = (
					"$(inherited)",
					"@executable_path/Frameworks",
				);
				MARKETING_VERSION = 1.0;
				PRODUCT_BUNDLE_IDENTIFIER = com.zzimss.CustomTransitionBetweenScreens;
				PRODUCT_NAME = "$(TARGET_NAME)";
				SWIFT_EMIT_LOC_STRINGS = YES;
				SWIFT_VERSION = 5.0;
				TARGETED_DEVICE_FAMILY = "1,2";
			};
			name = Release;
		};
/* End XCBuildConfiguration section */

/* Begin XCConfigurationList section */
		E84CCAD429FFAE1200B82D66 /* Build configuration list for PBXProject "CustomTransitionBetweenScreens" */ = {
			isa = XCConfigurationList;
			buildConfigurations = (
				E84CCAE529FFAE1300B82D66 /* Debug */,
				E84CCAE629FFAE1300B82D66 /* Release */,
			);
			defaultConfigurationIsVisible = 0;
			defaultConfigurationName = Release;
		};
		E84CCAE729FFAE1300B82D66 /* Build configuration list for PBXNativeTarget "CustomTransitionBetweenScreens" */ = {
			isa = XCConfigurationList;
			buildConfigurations = (
				E84CCAE829FFAE1300B82D66 /* Debug */,
				E84CCAE929FFAE1300B82D66 /* Release */,
			);
			defaultConfigurationIsVisible = 0;
			defaultConfigurationName = Release;
		};
/* End XCConfigurationList section */
	};
	rootObject = E84CCAD129FFAE1200B82D66 /* Project object */;
}
