// !$*UTF8*$!
{
	archiveVersion = 1;
	classes = {
	};
	objectVersion = 56;
	objects = {

/* Begin PBXBuildFile section */
		E81FA4EB2B1E1EFF00D407F4 /* SampleKeyboardApp.swift in Sources */ = {isa = PBXBuildFile; fileRef = E81FA4EA2B1E1EFF00D407F4 /* SampleKeyboardApp.swift */; };
		E81FA4ED2B1E1EFF00D407F4 /* ContentView.swift in Sources */ = {isa = PBXBuildFile; fileRef = E81FA4EC2B1E1EFF00D407F4 /* ContentView.swift */; };
		E81FA4EF2B1E1F0000D407F4 /* Assets.xcassets in Resources */ = {isa = PBXBuildFile; fileRef = E81FA4EE2B1E1F0000D407F4 /* Assets.xcassets */; };
		E81FA4F22B1E1F0000D407F4 /* Preview Assets.xcassets in Resources */ = {isa = PBXBuildFile; fileRef = E81FA4F12B1E1F0000D407F4 /* Preview Assets.xcassets */; };
		E81FA4FF2B1E1F2900D407F4 /* KeyboardViewController.swift in Sources */ = {isa = PBXBuildFile; fileRef = E81FA4FE2B1E1F2900D407F4 /* KeyboardViewController.swift */; };
		E81FA5032B1E1F2900D407F4 /* MyKey.appex in Embed Foundation Extensions */ = {isa = PBXBuildFile; fileRef = E81FA4FC2B1E1F2900D407F4 /* MyKey.appex */; settings = {ATTRIBUTES = (RemoveHeadersOnCopy, ); }; };
/* End PBXBuildFile section */

/* Begin PBXContainerItemProxy section */
		E81FA5012B1E1F2900D407F4 /* PBXContainerItemProxy */ = {
			isa = PBXContainerItemProxy;
			containerPortal = E81FA4DF2B1E1EFF00D407F4 /* Project object */;
			proxyType = 1;
			remoteGlobalIDString = E81FA4FB2B1E1F2900D407F4;
			remoteInfo = MyKey;
		};
/* End PBXContainerItemProxy section */

/* Begin PBXCopyFilesBuildPhase section */
		E81FA5072B1E1F2900D407F4 /* Embed Foundation Extensions */ = {
			isa = PBXCopyFilesBuildPhase;
			buildActionMask = 2147483647;
			dstPath = "";
			dstSubfolderSpec = 13;
			files = (
				E81FA5032B1E1F2900D407F4 /* MyKey.appex in Embed Foundation Extensions */,
			);
			name = "Embed Foundation Extensions";
			runOnlyForDeploymentPostprocessing = 0;
		};
/* End PBXCopyFilesBuildPhase section */

/* Begin PBXFileReference section */
		E81FA4E72B1E1EFF00D407F4 /* SampleKeyboard.app */ = {isa = PBXFileReference; explicitFileType = wrapper.application; includeInIndex = 0; path = SampleKeyboard.app; sourceTree = BUILT_PRODUCTS_DIR; };
		E81FA4EA2B1E1EFF00D407F4 /* SampleKeyboardApp.swift */ = {isa = PBXFileReference; lastKnownFileType = sourcecode.swift; path = SampleKeyboardApp.swift; sourceTree = "<group>"; };
		E81FA4EC2B1E1EFF00D407F4 /* ContentView.swift */ = {isa = PBXFileReference; lastKnownFileType = sourcecode.swift; path = ContentView.swift; sourceTree = "<group>"; };
		E81FA4EE2B1E1F0000D407F4 /* Assets.xcassets */ = {isa = PBXFileReference; lastKnownFileType = folder.assetcatalog; path = Assets.xcassets; sourceTree = "<group>"; };
		E81FA4F12B1E1F0000D407F4 /* Preview Assets.xcassets */ = {isa = PBXFileReference; lastKnownFileType = folder.assetcatalog; path = "Preview Assets.xcassets"; sourceTree = "<group>"; };
		E81FA4FC2B1E1F2900D407F4 /* MyKey.appex */ = {isa = PBXFileReference; explicitFileType = "wrapper.app-extension"; includeInIndex = 0; path = MyKey.appex; sourceTree = BUILT_PRODUCTS_DIR; };
		E81FA4FE2B1E1F2900D407F4 /* KeyboardViewController.swift */ = {isa = PBXFileReference; lastKnownFileType = sourcecode.swift; path = KeyboardViewController.swift; sourceTree = "<group>"; };
		E81FA5002B1E1F2900D407F4 /* Info.plist */ = {isa = PBXFileReference; lastKnownFileType = text.plist.xml; path = Info.plist; sourceTree = "<group>"; };
/* End PBXFileReference section */

/* Begin PBXFrameworksBuildPhase section */
		E81FA4E42B1E1EFF00D407F4 /* Frameworks */ = {
			isa = PBXFrameworksBuildPhase;
			buildActionMask = 2147483647;
			files = (
			);
			runOnlyForDeploymentPostprocessing = 0;
		};
		E81FA4F92B1E1F2900D407F4 /* Frameworks */ = {
			isa = PBXFrameworksBuildPhase;
			buildActionMask = 2147483647;
			files = (
			);
			runOnlyForDeploymentPostprocessing = 0;
		};
/* End PBXFrameworksBuildPhase section */

/* Begin PBXGroup section */
		E81FA4DE2B1E1EFF00D407F4 = {
			isa = PBXGroup;
			children = (
				E81FA4E92B1E1EFF00D407F4 /* SampleKeyboard */,
				E81FA4FD2B1E1F2900D407F4 /* MyKey */,
				E81FA4E82B1E1EFF00D407F4 /* Products */,
			);
			sourceTree = "<group>";
		};
		E81FA4E82B1E1EFF00D407F4 /* Products */ = {
			isa = PBXGroup;
			children = (
				E81FA4E72B1E1EFF00D407F4 /* SampleKeyboard.app */,
				E81FA4FC2B1E1F2900D407F4 /* MyKey.appex */,
			);
			name = Products;
			sourceTree = "<group>";
		};
		E81FA4E92B1E1EFF00D407F4 /* SampleKeyboard */ = {
			isa = PBXGroup;
			children = (
				E81FA4EA2B1E1EFF00D407F4 /* SampleKeyboardApp.swift */,
				E81FA4EC2B1E1EFF00D407F4 /* ContentView.swift */,
				E81FA4EE2B1E1F0000D407F4 /* Assets.xcassets */,
				E81FA4F02B1E1F0000D407F4 /* Preview Content */,
			);
			path = SampleKeyboard;
			sourceTree = "<group>";
		};
		E81FA4F02B1E1F0000D407F4 /* Preview Content */ = {
			isa = PBXGroup;
			children = (
				E81FA4F12B1E1F0000D407F4 /* Preview Assets.xcassets */,
			);
			path = "Preview Content";
			sourceTree = "<group>";
		};
		E81FA4FD2B1E1F2900D407F4 /* MyKey */ = {
			isa = PBXGroup;
			children = (
				E81FA4FE2B1E1F2900D407F4 /* KeyboardViewController.swift */,
				E81FA5002B1E1F2900D407F4 /* Info.plist */,
			);
			path = MyKey;
			sourceTree = "<group>";
		};
/* End PBXGroup section */

/* Begin PBXNativeTarget section */
		E81FA4E62B1E1EFF00D407F4 /* SampleKeyboard */ = {
			isa = PBXNativeTarget;
			buildConfigurationList = E81FA4F52B1E1F0000D407F4 /* Build configuration list for PBXNativeTarget "SampleKeyboard" */;
			buildPhases = (
				E81FA4E32B1E1EFF00D407F4 /* Sources */,
				E81FA4E42B1E1EFF00D407F4 /* Frameworks */,
				E81FA4E52B1E1EFF00D407F4 /* Resources */,
				E81FA5072B1E1F2900D407F4 /* Embed Foundation Extensions */,
			);
			buildRules = (
			);
			dependencies = (
				E81FA5022B1E1F2900D407F4 /* PBXTargetDependency */,
			);
			name = SampleKeyboard;
			productName = SampleKeyboard;
			productReference = E81FA4E72B1E1EFF00D407F4 /* SampleKeyboard.app */;
			productType = "com.apple.product-type.application";
		};
		E81FA4FB2B1E1F2900D407F4 /* MyKey */ = {
			isa = PBXNativeTarget;
			buildConfigurationList = E81FA5042B1E1F2900D407F4 /* Build configuration list for PBXNativeTarget "MyKey" */;
			buildPhases = (
				E81FA4F82B1E1F2900D407F4 /* Sources */,
				E81FA4F92B1E1F2900D407F4 /* Frameworks */,
				E81FA4FA2B1E1F2900D407F4 /* Resources */,
			);
			buildRules = (
			);
			dependencies = (
			);
			name = MyKey;
			productName = MyKey;
			productReference = E81FA4FC2B1E1F2900D407F4 /* MyKey.appex */;
			productType = "com.apple.product-type.app-extension";
		};
/* End PBXNativeTarget section */

/* Begin PBXProject section */
		E81FA4DF2B1E1EFF00D407F4 /* Project object */ = {
			isa = PBXProject;
			attributes = {
				BuildIndependentTargetsInParallel = 1;
				LastSwiftUpdateCheck = 1430;
				LastUpgradeCheck = 1430;
				TargetAttributes = {
					E81FA4E62B1E1EFF00D407F4 = {
						CreatedOnToolsVersion = 14.3;
					};
					E81FA4FB2B1E1F2900D407F4 = {
						CreatedOnToolsVersion = 14.3;
					};
				};
			};
			buildConfigurationList = E81FA4E22B1E1EFF00D407F4 /* Build configuration list for PBXProject "SampleKeyboard" */;
			compatibilityVersion = "Xcode 14.0";
			developmentRegion = en;
			hasScannedForEncodings = 0;
			knownRegions = (
				en,
				Base,
			);
			mainGroup = E81FA4DE2B1E1EFF00D407F4;
			productRefGroup = E81FA4E82B1E1EFF00D407F4 /* Products */;
			projectDirPath = "";
			projectRoot = "";
			targets = (
				E81FA4E62B1E1EFF00D407F4 /* SampleKeyboard */,
				E81FA4FB2B1E1F2900D407F4 /* MyKey */,
			);
		};
/* End PBXProject section */

/* Begin PBXResourcesBuildPhase section */
		E81FA4E52B1E1EFF00D407F4 /* Resources */ = {
			isa = PBXResourcesBuildPhase;
			buildActionMask = 2147483647;
			files = (
				E81FA4F22B1E1F0000D407F4 /* Preview Assets.xcassets in Resources */,
				E81FA4EF2B1E1F0000D407F4 /* Assets.xcassets in Resources */,
			);
			runOnlyForDeploymentPostprocessing = 0;
		};
		E81FA4FA2B1E1F2900D407F4 /* Resources */ = {
			isa = PBXResourcesBuildPhase;
			buildActionMask = 2147483647;
			files = (
			);
			runOnlyForDeploymentPostprocessing = 0;
		};
/* End PBXResourcesBuildPhase section */

/* Begin PBXSourcesBuildPhase section */
		E81FA4E32B1E1EFF00D407F4 /* Sources */ = {
			isa = PBXSourcesBuildPhase;
			buildActionMask = 2147483647;
			files = (
				E81FA4ED2B1E1EFF00D407F4 /* ContentView.swift in Sources */,
				E81FA4EB2B1E1EFF00D407F4 /* SampleKeyboardApp.swift in Sources */,
			);
			runOnlyForDeploymentPostprocessing = 0;
		};
		E81FA4F82B1E1F2900D407F4 /* Sources */ = {
			isa = PBXSourcesBuildPhase;
			buildActionMask = 2147483647;
			files = (
				E81FA4FF2B1E1F2900D407F4 /* KeyboardViewController.swift in Sources */,
			);
			runOnlyForDeploymentPostprocessing = 0;
		};
/* End PBXSourcesBuildPhase section */

/* Begin PBXTargetDependency section */
		E81FA5022B1E1F2900D407F4 /* PBXTargetDependency */ = {
			isa = PBXTargetDependency;
			target = E81FA4FB2B1E1F2900D407F4 /* MyKey */;
			targetProxy = E81FA5012B1E1F2900D407F4 /* PBXContainerItemProxy */;
		};
/* End PBXTargetDependency section */

/* Begin XCBuildConfiguration section */
		E81FA4F32B1E1F0000D407F4 /* Debug */ = {
			isa = XCBuildConfiguration;
			buildSettings = {
				ALWAYS_SEARCH_USER_PATHS = NO;
				CLANG_ANALYZER_NONNULL = YES;
				CLANG_ANALYZER_NUMBER_OBJECT_CONVERSION = YES_AGGRESSIVE;
				CLANG_CXX_LANGUAGE_STANDARD = "gnu++20";
				CLANG_ENABLE_MODULES = YES;
				CLANG_ENABLE_OBJC_ARC = YES;
				CLANG_ENABLE_OBJC_WEAK = YES;
				CLANG_WARN_BLOCK_CAPTURE_AUTORELEASING = YES;
				CLANG_WARN_BOOL_CONVERSION = YES;
				CLANG_WARN_COMMA = YES;
				CLANG_WARN_CONSTANT_CONVERSION = YES;
				CLANG_WARN_DEPRECATED_OBJC_IMPLEMENTATIONS = YES;
				CLANG_WARN_DIRECT_OBJC_ISA_USAGE = YES_ERROR;
				CLANG_WARN_DOCUMENTATION_COMMENTS = YES;
				CLANG_WARN_EMPTY_BODY = YES;
				CLANG_WARN_ENUM_CONVERSION = YES;
				CLANG_WARN_INFINITE_RECURSION = YES;
				CLANG_WARN_INT_CONVERSION = YES;
				CLANG_WARN_NON_LITERAL_NULL_CONVERSION = YES;
				CLANG_WARN_OBJC_IMPLICIT_RETAIN_SELF = YES;
				CLANG_WARN_OBJC_LITERAL_CONVERSION = YES;
				CLANG_WARN_OBJC_ROOT_CLASS = YES_ERROR;
				CLANG_WARN_QUOTED_INCLUDE_IN_FRAMEWORK_HEADER = YES;
				CLANG_WARN_RANGE_LOOP_ANALYSIS = YES;
				CLANG_WARN_STRICT_PROTOTYPES = YES;
				CLANG_WARN_SUSPICIOUS_MOVE = YES;
				CLANG_WARN_UNGUARDED_AVAILABILITY = YES_AGGRESSIVE;
				CLANG_WARN_UNREACHABLE_CODE = YES;
				CLANG_WARN__DUPLICATE_METHOD_MATCH = YES;
				COPY_PHASE_STRIP = NO;
				DEBUG_INFORMATION_FORMAT = dwarf;
				ENABLE_STRICT_OBJC_MSGSEND = YES;
				ENABLE_TESTABILITY = YES;
				GCC_C_LANGUAGE_STANDARD = gnu11;
				GCC_DYNAMIC_NO_PIC = NO;
				GCC_NO_COMMON_BLOCKS = YES;
				GCC_OPTIMIZATION_LEVEL = 0;
				GCC_PREPROCESSOR_DEFINITIONS = (
					"DEBUG=1",
					"$(inherited)",
				);
				GCC_WARN_64_TO_32_BIT_CONVERSION = YES;
				GCC_WARN_ABOUT_RETURN_TYPE = YES_ERROR;
				GCC_WARN_UNDECLARED_SELECTOR = YES;
				GCC_WARN_UNINITIALIZED_AUTOS = YES_AGGRESSIVE;
				GCC_WARN_UNUSED_FUNCTION = YES;
				GCC_WARN_UNUSED_VARIABLE = YES;
				IPHONEOS_DEPLOYMENT_TARGET = 16.4;
				MTL_ENABLE_DEBUG_INFO = INCLUDE_SOURCE;
				MTL_FAST_MATH = YES;
				ONLY_ACTIVE_ARCH = YES;
				SDKROOT = iphoneos;
				SWIFT_ACTIVE_COMPILATION_CONDITIONS = DEBUG;
				SWIFT_OPTIMIZATION_LEVEL = "-Onone";
			};
			name = Debug;
		};
		E81FA4F42B1E1F0000D407F4 /* Release */ = {
			isa = XCBuildConfiguration;
			buildSettings = {
				ALWAYS_SEARCH_USER_PATHS = NO;
				CLANG_ANALYZER_NONNULL = YES;
				CLANG_ANALYZER_NUMBER_OBJECT_CONVERSION = YES_AGGRESSIVE;
				CLANG_CXX_LANGUAGE_STANDARD = "gnu++20";
				CLANG_ENABLE_MODULES = YES;
				CLANG_ENABLE_OBJC_ARC = YES;
				CLANG_ENABLE_OBJC_WEAK = YES;
				CLANG_WARN_BLOCK_CAPTURE_AUTORELEASING = YES;
				CLANG_WARN_BOOL_CONVERSION = YES;
				CLANG_WARN_COMMA = YES;
				CLANG_WARN_CONSTANT_CONVERSION = YES;
				CLANG_WARN_DEPRECATED_OBJC_IMPLEMENTATIONS = YES;
				CLANG_WARN_DIRECT_OBJC_ISA_USAGE = YES_ERROR;
				CLANG_WARN_DOCUMENTATION_COMMENTS = YES;
				CLANG_WARN_EMPTY_BODY = YES;
				CLANG_WARN_ENUM_CONVERSION = YES;
				CLANG_WARN_INFINITE_RECURSION = YES;
				CLANG_WARN_INT_CONVERSION = YES;
				CLANG_WARN_NON_LITERAL_NULL_CONVERSION = YES;
				CLANG_WARN_OBJC_IMPLICIT_RETAIN_SELF = YES;
				CLANG_WARN_OBJC_LITERAL_CONVERSION = YES;
				CLANG_WARN_OBJC_ROOT_CLASS = YES_ERROR;
				CLANG_WARN_QUOTED_INCLUDE_IN_FRAMEWORK_HEADER = YES;
				CLANG_WARN_RANGE_LOOP_ANALYSIS = YES;
				CLANG_WARN_STRICT_PROTOTYPES = YES;
				CLANG_WARN_SUSPICIOUS_MOVE = YES;
				CLANG_WARN_UNGUARDED_AVAILABILITY = YES_AGGRESSIVE;
				CLANG_WARN_UNREACHABLE_CODE = YES;
				CLANG_WARN__DUPLICATE_METHOD_MATCH = YES;
				COPY_PHASE_STRIP = NO;
				DEBUG_INFORMATION_FORMAT = "dwarf-with-dsym";
				ENABLE_NS_ASSERTIONS = NO;
				ENABLE_STRICT_OBJC_MSGSEND = YES;
				GCC_C_LANGUAGE_STANDARD = gnu11;
				GCC_NO_COMMON_BLOCKS = YES;
				GCC_WARN_64_TO_32_BIT_CONVERSION = YES;
				GCC_WARN_ABOUT_RETURN_TYPE = YES_ERROR;
				GCC_WARN_UNDECLARED_SELECTOR = YES;
				GCC_WARN_UNINITIALIZED_AUTOS = YES_AGGRESSIVE;
				GCC_WARN_UNUSED_FUNCTION = YES;
				GCC_WARN_UNUSED_VARIABLE = YES;
				IPHONEOS_DEPLOYMENT_TARGET = 16.4;
				MTL_ENABLE_DEBUG_INFO = NO;
				MTL_FAST_MATH = YES;
				SDKROOT = iphoneos;
				SWIFT_COMPILATION_MODE = wholemodule;
				SWIFT_OPTIMIZATION_LEVEL = "-O";
				VALIDATE_PRODUCT = YES;
			};
			name = Release;
		};
		E81FA4F62B1E1F0000D407F4 /* Debug */ = {
			isa = XCBuildConfiguration;
			buildSettings = {
				ALWAYS_EMBED_SWIFT_STANDARD_LIBRARIES = YES;
				ASSETCATALOG_COMPILER_APPICON_NAME = AppIcon;
				ASSETCATALOG_COMPILER_GLOBAL_ACCENT_COLOR_NAME = AccentColor;
				CODE_SIGN_STYLE = Automatic;
				CURRENT_PROJECT_VERSION = 1;
				DEVELOPMENT_ASSET_PATHS = "\"SampleKeyboard/Preview Content\"";
				DEVELOPMENT_TEAM = YAHW75YBYW;
				ENABLE_PREVIEWS = YES;
				GENERATE_INFOPLIST_FILE = YES;
				INFOPLIST_KEY_UIApplicationSceneManifest_Generation = YES;
				INFOPLIST_KEY_UIApplicationSupportsIndirectInputEvents = YES;
				INFOPLIST_KEY_UILaunchScreen_Generation = YES;
				INFOPLIST_KEY_UISupportedInterfaceOrientations_iPad = "UIInterfaceOrientationPortrait UIInterfaceOrientationPortraitUpsideDown UIInterfaceOrientationLandscapeLeft UIInterfaceOrientationLandscapeRight";
				INFOPLIST_KEY_UISupportedInterfaceOrientations_iPhone = "UIInterfaceOrientationPortrait UIInterfaceOrientationLandscapeLeft UIInterfaceOrientationLandscapeRight";
				LD_RUNPATH_SEARCH_PATHS = (
					"$(inherited)",
					"@executable_path/Frameworks",
				);
				MARKETING_VERSION = 1.0;
				PRODUCT_BUNDLE_IDENTIFIER = com.zzimss.SampleKeyboard;
				PRODUCT_NAME = "$(TARGET_NAME)";
				SWIFT_EMIT_LOC_STRINGS = YES;
				SWIFT_VERSION = 5.0;
				TARGETED_DEVICE_FAMILY = "1,2";
			};
			name = Debug;
		};
		E81FA4F72B1E1F0000D407F4 /* Release */ = {
			isa = XCBuildConfiguration;
			buildSettings = {
				ALWAYS_EMBED_SWIFT_STANDARD_LIBRARIES = YES;
				ASSETCATALOG_COMPILER_APPICON_NAME = AppIcon;
				ASSETCATALOG_COMPILER_GLOBAL_ACCENT_COLOR_NAME = AccentColor;
				CODE_SIGN_STYLE = Automatic;
				CURRENT_PROJECT_VERSION = 1;
				DEVELOPMENT_ASSET_PATHS = "\"SampleKeyboard/Preview Content\"";
				DEVELOPMENT_TEAM = YAHW75YBYW;
				ENABLE_PREVIEWS = YES;
				GENERATE_INFOPLIST_FILE = YES;
				INFOPLIST_KEY_UIApplicationSceneManifest_Generation = YES;
				INFOPLIST_KEY_UIApplicationSupportsIndirectInputEvents = YES;
				INFOPLIST_KEY_UILaunchScreen_Generation = YES;
				INFOPLIST_KEY_UISupportedInterfaceOrientations_iPad = "UIInterfaceOrientationPortrait UIInterfaceOrientationPortraitUpsideDown UIInterfaceOrientationLandscapeLeft UIInterfaceOrientationLandscapeRight";
				INFOPLIST_KEY_UISupportedInterfaceOrientations_iPhone = "UIInterfaceOrientationPortrait UIInterfaceOrientationLandscapeLeft UIInterfaceOrientationLandscapeRight";
				LD_RUNPATH_SEARCH_PATHS = (
					"$(inherited)",
					"@executable_path/Frameworks",
				);
				MARKETING_VERSION = 1.0;
				PRODUCT_BUNDLE_IDENTIFIER = com.zzimss.SampleKeyboard;
				PRODUCT_NAME = "$(TARGET_NAME)";
				SWIFT_EMIT_LOC_STRINGS = YES;
				SWIFT_VERSION = 5.0;
				TARGETED_DEVICE_FAMILY = "1,2";
			};
			name = Release;
		};
		E81FA5052B1E1F2900D407F4 /* Debug */ = {
			isa = XCBuildConfiguration;
			buildSettings = {
				CODE_SIGN_STYLE = Automatic;
				CURRENT_PROJECT_VERSION = 1;
				DEVELOPMENT_TEAM = YAHW75YBYW;
				GENERATE_INFOPLIST_FILE = YES;
				INFOPLIST_FILE = MyKey/Info.plist;
				INFOPLIST_KEY_CFBundleDisplayName = MyKey;
				INFOPLIST_KEY_NSHumanReadableCopyright = "";
				LD_RUNPATH_SEARCH_PATHS = (
					"$(inherited)",
					"@executable_path/Frameworks",
					"@executable_path/../../Frameworks",
				);
				MARKETING_VERSION = 1.0;
				PRODUCT_BUNDLE_IDENTIFIER = com.zzimss.SampleKeyboard.MyKey;
				PRODUCT_NAME = "$(TARGET_NAME)";
				SKIP_INSTALL = YES;
				SWIFT_EMIT_LOC_STRINGS = YES;
				SWIFT_VERSION = 5.0;
				TARGETED_DEVICE_FAMILY = "1,2";
			};
			name = Debug;
		};
		E81FA5062B1E1F2900D407F4 /* Release */ = {
			isa = XCBuildConfiguration;
			buildSettings = {
				CODE_SIGN_STYLE = Automatic;
				CURRENT_PROJECT_VERSION = 1;
				DEVELOPMENT_TEAM = YAHW75YBYW;
				GENERATE_INFOPLIST_FILE = YES;
				INFOPLIST_FILE = MyKey/Info.plist;
				INFOPLIST_KEY_CFBundleDisplayName = MyKey;
				INFOPLIST_KEY_NSHumanReadableCopyright = "";
				LD_RUNPATH_SEARCH_PATHS = (
					"$(inherited)",
					"@executable_path/Frameworks",
					"@executable_path/../../Frameworks",
				);
				MARKETING_VERSION = 1.0;
				PRODUCT_BUNDLE_IDENTIFIER = com.zzimss.SampleKeyboard.MyKey;
				PRODUCT_NAME = "$(TARGET_NAME)";
				SKIP_INSTALL = YES;
				SWIFT_EMIT_LOC_STRINGS = YES;
				SWIFT_VERSION = 5.0;
				TARGETED_DEVICE_FAMILY = "1,2";
			};
			name = Release;
		};
/* End XCBuildConfiguration section */

/* Begin XCConfigurationList section */
		E81FA4E22B1E1EFF00D407F4 /* Build configuration list for PBXProject "SampleKeyboard" */ = {
			isa = XCConfigurationList;
			buildConfigurations = (
				E81FA4F32B1E1F0000D407F4 /* Debug */,
				E81FA4F42B1E1F0000D407F4 /* Release */,
			);
			defaultConfigurationIsVisible = 0;
			defaultConfigurationName = Release;
		};
		E81FA4F52B1E1F0000D407F4 /* Build configuration list for PBXNativeTarget "SampleKeyboard" */ = {
			isa = XCConfigurationList;
			buildConfigurations = (
				E81FA4F62B1E1F0000D407F4 /* Debug */,
				E81FA4F72B1E1F0000D407F4 /* Release */,
			);
			defaultConfigurationIsVisible = 0;
			defaultConfigurationName = Release;
		};
		E81FA5042B1E1F2900D407F4 /* Build configuration list for PBXNativeTarget "MyKey" */ = {
			isa = XCConfigurationList;
			buildConfigurations = (
				E81FA5052B1E1F2900D407F4 /* Debug */,
				E81FA5062B1E1F2900D407F4 /* Release */,
			);
			defaultConfigurationIsVisible = 0;
			defaultConfigurationName = Release;
		};
/* End XCConfigurationList section */
	};
	rootObject = E81FA4DF2B1E1EFF00D407F4 /* Project object */;
}
