// !$*UTF8*$!
{
	archiveVersion = 1;
	classes = {
	};
	objectVersion = 56;
	objects = {

/* Begin PBXBuildFile section */
		E8B9B5A329ED444D0054EB89 /* NavigationApp.swift in Sources */ = {isa = PBXBuildFile; fileRef = E8B9B5A229ED444D0054EB89 /* NavigationApp.swift */; };
		E8B9B5A529ED444D0054EB89 /* ContentView.swift in Sources */ = {isa = PBXBuildFile; fileRef = E8B9B5A429ED444D0054EB89 /* ContentView.swift */; };
		E8B9B5A729ED444E0054EB89 /* Assets.xcassets in Resources */ = {isa = PBXBuildFile; fileRef = E8B9B5A629ED444E0054EB89 /* Assets.xcassets */; };
		E8B9B5AA29ED444E0054EB89 /* Preview Assets.xcassets in Resources */ = {isa = PBXBuildFile; fileRef = E8B9B5A929ED444E0054EB89 /* Preview Assets.xcassets */; };
		E8B9B5AC29ED444E0054EB89 /* Persistence.swift in Sources */ = {isa = PBXBuildFile; fileRef = E8B9B5AB29ED444E0054EB89 /* Persistence.swift */; };
		E8B9B5AF29ED444E0054EB89 /* Navigation.xcdatamodeld in Sources */ = {isa = PBXBuildFile; fileRef = E8B9B5AD29ED444E0054EB89 /* Navigation.xcdatamodeld */; };
		E8B9B5B929ED444E0054EB89 /* NavigationTests.swift in Sources */ = {isa = PBXBuildFile; fileRef = E8B9B5B829ED444E0054EB89 /* NavigationTests.swift */; };
		E8B9B5C329ED444E0054EB89 /* NavigationUITests.swift in Sources */ = {isa = PBXBuildFile; fileRef = E8B9B5C229ED444E0054EB89 /* NavigationUITests.swift */; };
		E8B9B5C529ED444E0054EB89 /* NavigationUITestsLaunchTests.swift in Sources */ = {isa = PBXBuildFile; fileRef = E8B9B5C429ED444E0054EB89 /* NavigationUITestsLaunchTests.swift */; };
/* End PBXBuildFile section */

/* Begin PBXContainerItemProxy section */
		E8B9B5B529ED444E0054EB89 /* PBXContainerItemProxy */ = {
			isa = PBXContainerItemProxy;
			containerPortal = E8B9B59729ED444D0054EB89 /* Project object */;
			proxyType = 1;
			remoteGlobalIDString = E8B9B59E29ED444D0054EB89;
			remoteInfo = Navigation;
		};
		E8B9B5BF29ED444E0054EB89 /* PBXContainerItemProxy */ = {
			isa = PBXContainerItemProxy;
			containerPortal = E8B9B59729ED444D0054EB89 /* Project object */;
			proxyType = 1;
			remoteGlobalIDString = E8B9B59E29ED444D0054EB89;
			remoteInfo = Navigation;
		};
/* End PBXContainerItemProxy section */

/* Begin PBXFileReference section */
		E8B9B59F29ED444D0054EB89 /* Navigation.app */ = {isa = PBXFileReference; explicitFileType = wrapper.application; includeInIndex = 0; path = Navigation.app; sourceTree = BUILT_PRODUCTS_DIR; };
		E8B9B5A229ED444D0054EB89 /* NavigationApp.swift */ = {isa = PBXFileReference; lastKnownFileType = sourcecode.swift; path = NavigationApp.swift; sourceTree = "<group>"; };
		E8B9B5A429ED444D0054EB89 /* ContentView.swift */ = {isa = PBXFileReference; lastKnownFileType = sourcecode.swift; path = ContentView.swift; sourceTree = "<group>"; };
		E8B9B5A629ED444E0054EB89 /* Assets.xcassets */ = {isa = PBXFileReference; lastKnownFileType = folder.assetcatalog; path = Assets.xcassets; sourceTree = "<group>"; };
		E8B9B5A929ED444E0054EB89 /* Preview Assets.xcassets */ = {isa = PBXFileReference; lastKnownFileType = folder.assetcatalog; path = "Preview Assets.xcassets"; sourceTree = "<group>"; };
		E8B9B5AB29ED444E0054EB89 /* Persistence.swift */ = {isa = PBXFileReference; lastKnownFileType = sourcecode.swift; path = Persistence.swift; sourceTree = "<group>"; };
		E8B9B5AE29ED444E0054EB89 /* Navigation.xcdatamodel */ = {isa = PBXFileReference; lastKnownFileType = wrapper.xcdatamodel; path = Navigation.xcdatamodel; sourceTree = "<group>"; };
		E8B9B5B429ED444E0054EB89 /* NavigationTests.xctest */ = {isa = PBXFileReference; explicitFileType = wrapper.cfbundle; includeInIndex = 0; path = NavigationTests.xctest; sourceTree = BUILT_PRODUCTS_DIR; };
		E8B9B5B829ED444E0054EB89 /* NavigationTests.swift */ = {isa = PBXFileReference; lastKnownFileType = sourcecode.swift; path = NavigationTests.swift; sourceTree = "<group>"; };
		E8B9B5BE29ED444E0054EB89 /* NavigationUITests.xctest */ = {isa = PBXFileReference; explicitFileType = wrapper.cfbundle; includeInIndex = 0; path = NavigationUITests.xctest; sourceTree = BUILT_PRODUCTS_DIR; };
		E8B9B5C229ED444E0054EB89 /* NavigationUITests.swift */ = {isa = PBXFileReference; lastKnownFileType = sourcecode.swift; path = NavigationUITests.swift; sourceTree = "<group>"; };
		E8B9B5C429ED444E0054EB89 /* NavigationUITestsLaunchTests.swift */ = {isa = PBXFileReference; lastKnownFileType = sourcecode.swift; path = NavigationUITestsLaunchTests.swift; sourceTree = "<group>"; };
/* End PBXFileReference section */

/* Begin PBXFrameworksBuildPhase section */
		E8B9B59C29ED444D0054EB89 /* Frameworks */ = {
			isa = PBXFrameworksBuildPhase;
			buildActionMask = 2147483647;
			files = (
			);
			runOnlyForDeploymentPostprocessing = 0;
		};
		E8B9B5B129ED444E0054EB89 /* Frameworks */ = {
			isa = PBXFrameworksBuildPhase;
			buildActionMask = 2147483647;
			files = (
			);
			runOnlyForDeploymentPostprocessing = 0;
		};
		E8B9B5BB29ED444E0054EB89 /* Frameworks */ = {
			isa = PBXFrameworksBuildPhase;
			buildActionMask = 2147483647;
			files = (
			);
			runOnlyForDeploymentPostprocessing = 0;
		};
/* End PBXFrameworksBuildPhase section */

/* Begin PBXGroup section */
		E8B9B59629ED444D0054EB89 = {
			isa = PBXGroup;
			children = (
				E8B9B5A129ED444D0054EB89 /* Navigation */,
				E8B9B5B729ED444E0054EB89 /* NavigationTests */,
				E8B9B5C129ED444E0054EB89 /* NavigationUITests */,
				E8B9B5A029ED444D0054EB89 /* Products */,
			);
			sourceTree = "<group>";
		};
		E8B9B5A029ED444D0054EB89 /* Products */ = {
			isa = PBXGroup;
			children = (
				E8B9B59F29ED444D0054EB89 /* Navigation.app */,
				E8B9B5B429ED444E0054EB89 /* NavigationTests.xctest */,
				E8B9B5BE29ED444E0054EB89 /* NavigationUITests.xctest */,
			);
			name = Products;
			sourceTree = "<group>";
		};
		E8B9B5A129ED444D0054EB89 /* Navigation */ = {
			isa = PBXGroup;
			children = (
				E8B9B5A229ED444D0054EB89 /* NavigationApp.swift */,
				E8B9B5A429ED444D0054EB89 /* ContentView.swift */,
				E8B9B5A629ED444E0054EB89 /* Assets.xcassets */,
				E8B9B5AB29ED444E0054EB89 /* Persistence.swift */,
				E8B9B5AD29ED444E0054EB89 /* Navigation.xcdatamodeld */,
				E8B9B5A829ED444E0054EB89 /* Preview Content */,
			);
			path = Navigation;
			sourceTree = "<group>";
		};
		E8B9B5A829ED444E0054EB89 /* Preview Content */ = {
			isa = PBXGroup;
			children = (
				E8B9B5A929ED444E0054EB89 /* Preview Assets.xcassets */,
			);
			path = "Preview Content";
			sourceTree = "<group>";
		};
		E8B9B5B729ED444E0054EB89 /* NavigationTests */ = {
			isa = PBXGroup;
			children = (
				E8B9B5B829ED444E0054EB89 /* NavigationTests.swift */,
			);
			path = NavigationTests;
			sourceTree = "<group>";
		};
		E8B9B5C129ED444E0054EB89 /* NavigationUITests */ = {
			isa = PBXGroup;
			children = (
				E8B9B5C229ED444E0054EB89 /* NavigationUITests.swift */,
				E8B9B5C429ED444E0054EB89 /* NavigationUITestsLaunchTests.swift */,
			);
			path = NavigationUITests;
			sourceTree = "<group>";
		};
/* End PBXGroup section */

/* Begin PBXNativeTarget section */
		E8B9B59E29ED444D0054EB89 /* Navigation */ = {
			isa = PBXNativeTarget;
			buildConfigurationList = E8B9B5C829ED444E0054EB89 /* Build configuration list for PBXNativeTarget "Navigation" */;
			buildPhases = (
				E8B9B59B29ED444D0054EB89 /* Sources */,
				E8B9B59C29ED444D0054EB89 /* Frameworks */,
				E8B9B59D29ED444D0054EB89 /* Resources */,
			);
			buildRules = (
			);
			dependencies = (
			);
			name = Navigation;
			productName = Navigation;
			productReference = E8B9B59F29ED444D0054EB89 /* Navigation.app */;
			productType = "com.apple.product-type.application";
		};
		E8B9B5B329ED444E0054EB89 /* NavigationTests */ = {
			isa = PBXNativeTarget;
			buildConfigurationList = E8B9B5CB29ED444E0054EB89 /* Build configuration list for PBXNativeTarget "NavigationTests" */;
			buildPhases = (
				E8B9B5B029ED444E0054EB89 /* Sources */,
				E8B9B5B129ED444E0054EB89 /* Frameworks */,
				E8B9B5B229ED444E0054EB89 /* Resources */,
			);
			buildRules = (
			);
			dependencies = (
				E8B9B5B629ED444E0054EB89 /* PBXTargetDependency */,
			);
			name = NavigationTests;
			productName = NavigationTests;
			productReference = E8B9B5B429ED444E0054EB89 /* NavigationTests.xctest */;
			productType = "com.apple.product-type.bundle.unit-test";
		};
		E8B9B5BD29ED444E0054EB89 /* NavigationUITests */ = {
			isa = PBXNativeTarget;
			buildConfigurationList = E8B9B5CE29ED444E0054EB89 /* Build configuration list for PBXNativeTarget "NavigationUITests" */;
			buildPhases = (
				E8B9B5BA29ED444E0054EB89 /* Sources */,
				E8B9B5BB29ED444E0054EB89 /* Frameworks */,
				E8B9B5BC29ED444E0054EB89 /* Resources */,
			);
			buildRules = (
			);
			dependencies = (
				E8B9B5C029ED444E0054EB89 /* PBXTargetDependency */,
			);
			name = NavigationUITests;
			productName = NavigationUITests;
			productReference = E8B9B5BE29ED444E0054EB89 /* NavigationUITests.xctest */;
			productType = "com.apple.product-type.bundle.ui-testing";
		};
/* End PBXNativeTarget section */

/* Begin PBXProject section */
		E8B9B59729ED444D0054EB89 /* Project object */ = {
			isa = PBXProject;
			attributes = {
				BuildIndependentTargetsInParallel = 1;
				LastSwiftUpdateCheck = 1420;
				LastUpgradeCheck = 1420;
				TargetAttributes = {
					E8B9B59E29ED444D0054EB89 = {
						CreatedOnToolsVersion = 14.2;
					};
					E8B9B5B329ED444E0054EB89 = {
						CreatedOnToolsVersion = 14.2;
						TestTargetID = E8B9B59E29ED444D0054EB89;
					};
					E8B9B5BD29ED444E0054EB89 = {
						CreatedOnToolsVersion = 14.2;
						TestTargetID = E8B9B59E29ED444D0054EB89;
					};
				};
			};
			buildConfigurationList = E8B9B59A29ED444D0054EB89 /* Build configuration list for PBXProject "Navigation" */;
			compatibilityVersion = "Xcode 14.0";
			developmentRegion = en;
			hasScannedForEncodings = 0;
			knownRegions = (
				en,
				Base,
			);
			mainGroup = E8B9B59629ED444D0054EB89;
			productRefGroup = E8B9B5A029ED444D0054EB89 /* Products */;
			projectDirPath = "";
			projectRoot = "";
			targets = (
				E8B9B59E29ED444D0054EB89 /* Navigation */,
				E8B9B5B329ED444E0054EB89 /* NavigationTests */,
				E8B9B5BD29ED444E0054EB89 /* NavigationUITests */,
			);
		};
/* End PBXProject section */

/* Begin PBXResourcesBuildPhase section */
		E8B9B59D29ED444D0054EB89 /* Resources */ = {
			isa = PBXResourcesBuildPhase;
			buildActionMask = 2147483647;
			files = (
				E8B9B5AA29ED444E0054EB89 /* Preview Assets.xcassets in Resources */,
				E8B9B5A729ED444E0054EB89 /* Assets.xcassets in Resources */,
			);
			runOnlyForDeploymentPostprocessing = 0;
		};
		E8B9B5B229ED444E0054EB89 /* Resources */ = {
			isa = PBXResourcesBuildPhase;
			buildActionMask = 2147483647;
			files = (
			);
			runOnlyForDeploymentPostprocessing = 0;
		};
		E8B9B5BC29ED444E0054EB89 /* Resources */ = {
			isa = PBXResourcesBuildPhase;
			buildActionMask = 2147483647;
			files = (
			);
			runOnlyForDeploymentPostprocessing = 0;
		};
/* End PBXResourcesBuildPhase section */

/* Begin PBXSourcesBuildPhase section */
		E8B9B59B29ED444D0054EB89 /* Sources */ = {
			isa = PBXSourcesBuildPhase;
			buildActionMask = 2147483647;
			files = (
				E8B9B5AC29ED444E0054EB89 /* Persistence.swift in Sources */,
				E8B9B5A529ED444D0054EB89 /* ContentView.swift in Sources */,
				E8B9B5A329ED444D0054EB89 /* NavigationApp.swift in Sources */,
				E8B9B5AF29ED444E0054EB89 /* Navigation.xcdatamodeld in Sources */,
			);
			runOnlyForDeploymentPostprocessing = 0;
		};
		E8B9B5B029ED444E0054EB89 /* Sources */ = {
			isa = PBXSourcesBuildPhase;
			buildActionMask = 2147483647;
			files = (
				E8B9B5B929ED444E0054EB89 /* NavigationTests.swift in Sources */,
			);
			runOnlyForDeploymentPostprocessing = 0;
		};
		E8B9B5BA29ED444E0054EB89 /* Sources */ = {
			isa = PBXSourcesBuildPhase;
			buildActionMask = 2147483647;
			files = (
				E8B9B5C529ED444E0054EB89 /* NavigationUITestsLaunchTests.swift in Sources */,
				E8B9B5C329ED444E0054EB89 /* NavigationUITests.swift in Sources */,
			);
			runOnlyForDeploymentPostprocessing = 0;
		};
/* End PBXSourcesBuildPhase section */

/* Begin PBXTargetDependency section */
		E8B9B5B629ED444E0054EB89 /* PBXTargetDependency */ = {
			isa = PBXTargetDependency;
			target = E8B9B59E29ED444D0054EB89 /* Navigation */;
			targetProxy = E8B9B5B529ED444E0054EB89 /* PBXContainerItemProxy */;
		};
		E8B9B5C029ED444E0054EB89 /* PBXTargetDependency */ = {
			isa = PBXTargetDependency;
			target = E8B9B59E29ED444D0054EB89 /* Navigation */;
			targetProxy = E8B9B5BF29ED444E0054EB89 /* PBXContainerItemProxy */;
		};
/* End PBXTargetDependency section */

/* Begin XCBuildConfiguration section */
		E8B9B5C629ED444E0054EB89 /* Debug */ = {
			isa = XCBuildConfiguration;
			buildSettings = {
				ALWAYS_SEARCH_USER_PATHS = NO;
				CLANG_ANALYZER_NONNULL = YES;
				CLANG_ANALYZER_NUMBER_OBJECT_CONVERSION = YES_AGGRESSIVE;
				CLANG_CXX_LANGUAGE_STANDARD = "gnu++20";
				CLANG_ENABLE_MODULES = YES;
				CLANG_ENABLE_OBJC_ARC = YES;
				CLANG_ENABLE_OBJC_WEAK = YES;
				CLANG_WARN_BLOCK_CAPTURE_AUTORELEASING = YES;
				CLANG_WARN_BOOL_CONVERSION = YES;
				CLANG_WARN_COMMA = YES;
				CLANG_WARN_CONSTANT_CONVERSION = YES;
				CLANG_WARN_DEPRECATED_OBJC_IMPLEMENTATIONS = YES;
				CLANG_WARN_DIRECT_OBJC_ISA_USAGE = YES_ERROR;
				CLANG_WARN_DOCUMENTATION_COMMENTS = YES;
				CLANG_WARN_EMPTY_BODY = YES;
				CLANG_WARN_ENUM_CONVERSION = YES;
				CLANG_WARN_INFINITE_RECURSION = YES;
				CLANG_WARN_INT_CONVERSION = YES;
				CLANG_WARN_NON_LITERAL_NULL_CONVERSION = YES;
				CLANG_WARN_OBJC_IMPLICIT_RETAIN_SELF = YES;
				CLANG_WARN_OBJC_LITERAL_CONVERSION = YES;
				CLANG_WARN_OBJC_ROOT_CLASS = YES_ERROR;
				CLANG_WARN_QUOTED_INCLUDE_IN_FRAMEWORK_HEADER = YES;
				CLANG_WARN_RANGE_LOOP_ANALYSIS = YES;
				CLANG_WARN_STRICT_PROTOTYPES = YES;
				CLANG_WARN_SUSPICIOUS_MOVE = YES;
				CLANG_WARN_UNGUARDED_AVAILABILITY = YES_AGGRESSIVE;
				CLANG_WARN_UNREACHABLE_CODE = YES;
				CLANG_WARN__DUPLICATE_METHOD_MATCH = YES;
				COPY_PHASE_STRIP = NO;
				DEBUG_INFORMATION_FORMAT = dwarf;
				ENABLE_STRICT_OBJC_MSGSEND = YES;
				ENABLE_TESTABILITY = YES;
				GCC_C_LANGUAGE_STANDARD = gnu11;
				GCC_DYNAMIC_NO_PIC = NO;
				GCC_NO_COMMON_BLOCKS = YES;
				GCC_OPTIMIZATION_LEVEL = 0;
				GCC_PREPROCESSOR_DEFINITIONS = (
					"DEBUG=1",
					"$(inherited)",
				);
				GCC_WARN_64_TO_32_BIT_CONVERSION = YES;
				GCC_WARN_ABOUT_RETURN_TYPE = YES_ERROR;
				GCC_WARN_UNDECLARED_SELECTOR = YES;
				GCC_WARN_UNINITIALIZED_AUTOS = YES_AGGRESSIVE;
				GCC_WARN_UNUSED_FUNCTION = YES;
				GCC_WARN_UNUSED_VARIABLE = YES;
				IPHONEOS_DEPLOYMENT_TARGET = 16.2;
				MTL_ENABLE_DEBUG_INFO = INCLUDE_SOURCE;
				MTL_FAST_MATH = YES;
				ONLY_ACTIVE_ARCH = YES;
				SDKROOT = iphoneos;
				SWIFT_ACTIVE_COMPILATION_CONDITIONS = DEBUG;
				SWIFT_OPTIMIZATION_LEVEL = "-Onone";
			};
			name = Debug;
		};
		E8B9B5C729ED444E0054EB89 /* Release */ = {
			isa = XCBuildConfiguration;
			buildSettings = {
				ALWAYS_SEARCH_USER_PATHS = NO;
				CLANG_ANALYZER_NONNULL = YES;
				CLANG_ANALYZER_NUMBER_OBJECT_CONVERSION = YES_AGGRESSIVE;
				CLANG_CXX_LANGUAGE_STANDARD = "gnu++20";
				CLANG_ENABLE_MODULES = YES;
				CLANG_ENABLE_OBJC_ARC = YES;
				CLANG_ENABLE_OBJC_WEAK = YES;
				CLANG_WARN_BLOCK_CAPTURE_AUTORELEASING = YES;
				CLANG_WARN_BOOL_CONVERSION = YES;
				CLANG_WARN_COMMA = YES;
				CLANG_WARN_CONSTANT_CONVERSION = YES;
				CLANG_WARN_DEPRECATED_OBJC_IMPLEMENTATIONS = YES;
				CLANG_WARN_DIRECT_OBJC_ISA_USAGE = YES_ERROR;
				CLANG_WARN_DOCUMENTATION_COMMENTS = YES;
				CLANG_WARN_EMPTY_BODY = YES;
				CLANG_WARN_ENUM_CONVERSION = YES;
				CLANG_WARN_INFINITE_RECURSION = YES;
				CLANG_WARN_INT_CONVERSION = YES;
				CLANG_WARN_NON_LITERAL_NULL_CONVERSION = YES;
				CLANG_WARN_OBJC_IMPLICIT_RETAIN_SELF = YES;
				CLANG_WARN_OBJC_LITERAL_CONVERSION = YES;
				CLANG_WARN_OBJC_ROOT_CLASS = YES_ERROR;
				CLANG_WARN_QUOTED_INCLUDE_IN_FRAMEWORK_HEADER = YES;
				CLANG_WARN_RANGE_LOOP_ANALYSIS = YES;
				CLANG_WARN_STRICT_PROTOTYPES = YES;
				CLANG_WARN_SUSPICIOUS_MOVE = YES;
				CLANG_WARN_UNGUARDED_AVAILABILITY = YES_AGGRESSIVE;
				CLANG_WARN_UNREACHABLE_CODE = YES;
				CLANG_WARN__DUPLICATE_METHOD_MATCH = YES;
				COPY_PHASE_STRIP = NO;
				DEBUG_INFORMATION_FORMAT = "dwarf-with-dsym";
				ENABLE_NS_ASSERTIONS = NO;
				ENABLE_STRICT_OBJC_MSGSEND = YES;
				GCC_C_LANGUAGE_STANDARD = gnu11;
				GCC_NO_COMMON_BLOCKS = YES;
				GCC_WARN_64_TO_32_BIT_CONVERSION = YES;
				GCC_WARN_ABOUT_RETURN_TYPE = YES_ERROR;
				GCC_WARN_UNDECLARED_SELECTOR = YES;
				GCC_WARN_UNINITIALIZED_AUTOS = YES_AGGRESSIVE;
				GCC_WARN_UNUSED_FUNCTION = YES;
				GCC_WARN_UNUSED_VARIABLE = YES;
				IPHONEOS_DEPLOYMENT_TARGET = 16.2;
				MTL_ENABLE_DEBUG_INFO = NO;
				MTL_FAST_MATH = YES;
				SDKROOT = iphoneos;
				SWIFT_COMPILATION_MODE = wholemodule;
				SWIFT_OPTIMIZATION_LEVEL = "-O";
				VALIDATE_PRODUCT = YES;
			};
			name = Release;
		};
		E8B9B5C929ED444E0054EB89 /* Debug */ = {
			isa = XCBuildConfiguration;
			buildSettings = {
				ASSETCATALOG_COMPILER_APPICON_NAME = AppIcon;
				ASSETCATALOG_COMPILER_GLOBAL_ACCENT_COLOR_NAME = AccentColor;
				CODE_SIGN_STYLE = Automatic;
				CURRENT_PROJECT_VERSION = 1;
				DEVELOPMENT_ASSET_PATHS = "\"Navigation/Preview Content\"";
				ENABLE_PREVIEWS = YES;
				GENERATE_INFOPLIST_FILE = YES;
				INFOPLIST_KEY_UIApplicationSceneManifest_Generation = YES;
				INFOPLIST_KEY_UIApplicationSupportsIndirectInputEvents = YES;
				INFOPLIST_KEY_UILaunchScreen_Generation = YES;
				INFOPLIST_KEY_UISupportedInterfaceOrientations_iPad = "UIInterfaceOrientationPortrait UIInterfaceOrientationPortraitUpsideDown UIInterfaceOrientationLandscapeLeft UIInterfaceOrientationLandscapeRight";
				INFOPLIST_KEY_UISupportedInterfaceOrientations_iPhone = "UIInterfaceOrientationPortrait UIInterfaceOrientationLandscapeLeft UIInterfaceOrientationLandscapeRight";
				LD_RUNPATH_SEARCH_PATHS = (
					"$(inherited)",
					"@executable_path/Frameworks",
				);
				MARKETING_VERSION = 1.0;
				PRODUCT_BUNDLE_IDENTIFIER = com.zzimss.Navigation;
				PRODUCT_NAME = "$(TARGET_NAME)";
				SWIFT_EMIT_LOC_STRINGS = YES;
				SWIFT_VERSION = 5.0;
				TARGETED_DEVICE_FAMILY = "1,2";
			};
			name = Debug;
		};
		E8B9B5CA29ED444E0054EB89 /* Release */ = {
			isa = XCBuildConfiguration;
			buildSettings = {
				ASSETCATALOG_COMPILER_APPICON_NAME = AppIcon;
				ASSETCATALOG_COMPILER_GLOBAL_ACCENT_COLOR_NAME = AccentColor;
				CODE_SIGN_STYLE = Automatic;
				CURRENT_PROJECT_VERSION = 1;
				DEVELOPMENT_ASSET_PATHS = "\"Navigation/Preview Content\"";
				ENABLE_PREVIEWS = YES;
				GENERATE_INFOPLIST_FILE = YES;
				INFOPLIST_KEY_UIApplicationSceneManifest_Generation = YES;
				INFOPLIST_KEY_UIApplicationSupportsIndirectInputEvents = YES;
				INFOPLIST_KEY_UILaunchScreen_Generation = YES;
				INFOPLIST_KEY_UISupportedInterfaceOrientations_iPad = "UIInterfaceOrientationPortrait UIInterfaceOrientationPortraitUpsideDown UIInterfaceOrientationLandscapeLeft UIInterfaceOrientationLandscapeRight";
				INFOPLIST_KEY_UISupportedInterfaceOrientations_iPhone = "UIInterfaceOrientationPortrait UIInterfaceOrientationLandscapeLeft UIInterfaceOrientationLandscapeRight";
				LD_RUNPATH_SEARCH_PATHS = (
					"$(inherited)",
					"@executable_path/Frameworks",
				);
				MARKETING_VERSION = 1.0;
				PRODUCT_BUNDLE_IDENTIFIER = com.zzimss.Navigation;
				PRODUCT_NAME = "$(TARGET_NAME)";
				SWIFT_EMIT_LOC_STRINGS = YES;
				SWIFT_VERSION = 5.0;
				TARGETED_DEVICE_FAMILY = "1,2";
			};
			name = Release;
		};
		E8B9B5CC29ED444E0054EB89 /* Debug */ = {
			isa = XCBuildConfiguration;
			buildSettings = {
				ALWAYS_EMBED_SWIFT_STANDARD_LIBRARIES = YES;
				BUNDLE_LOADER = "$(TEST_HOST)";
				CODE_SIGN_STYLE = Automatic;
				CURRENT_PROJECT_VERSION = 1;
				GENERATE_INFOPLIST_FILE = YES;
				IPHONEOS_DEPLOYMENT_TARGET = 16.2;
				MARKETING_VERSION = 1.0;
				PRODUCT_BUNDLE_IDENTIFIER = com.zzimss.NavigationTests;
				PRODUCT_NAME = "$(TARGET_NAME)";
				SWIFT_EMIT_LOC_STRINGS = NO;
				SWIFT_VERSION = 5.0;
				TARGETED_DEVICE_FAMILY = "1,2";
				TEST_HOST = "$(BUILT_PRODUCTS_DIR)/Navigation.app/$(BUNDLE_EXECUTABLE_FOLDER_PATH)/Navigation";
			};
			name = Debug;
		};
		E8B9B5CD29ED444E0054EB89 /* Release */ = {
			isa = XCBuildConfiguration;
			buildSettings = {
				ALWAYS_EMBED_SWIFT_STANDARD_LIBRARIES = YES;
				BUNDLE_LOADER = "$(TEST_HOST)";
				CODE_SIGN_STYLE = Automatic;
				CURRENT_PROJECT_VERSION = 1;
				GENERATE_INFOPLIST_FILE = YES;
				IPHONEOS_DEPLOYMENT_TARGET = 16.2;
				MARKETING_VERSION = 1.0;
				PRODUCT_BUNDLE_IDENTIFIER = com.zzimss.NavigationTests;
				PRODUCT_NAME = "$(TARGET_NAME)";
				SWIFT_EMIT_LOC_STRINGS = NO;
				SWIFT_VERSION = 5.0;
				TARGETED_DEVICE_FAMILY = "1,2";
				TEST_HOST = "$(BUILT_PRODUCTS_DIR)/Navigation.app/$(BUNDLE_EXECUTABLE_FOLDER_PATH)/Navigation";
			};
			name = Release;
		};
		E8B9B5CF29ED444E0054EB89 /* Debug */ = {
			isa = XCBuildConfiguration;
			buildSettings = {
				ALWAYS_EMBED_SWIFT_STANDARD_LIBRARIES = YES;
				CODE_SIGN_STYLE = Automatic;
				CURRENT_PROJECT_VERSION = 1;
				GENERATE_INFOPLIST_FILE = YES;
				MARKETING_VERSION = 1.0;
				PRODUCT_BUNDLE_IDENTIFIER = com.zzimss.NavigationUITests;
				PRODUCT_NAME = "$(TARGET_NAME)";
				SWIFT_EMIT_LOC_STRINGS = NO;
				SWIFT_VERSION = 5.0;
				TARGETED_DEVICE_FAMILY = "1,2";
				TEST_TARGET_NAME = Navigation;
			};
			name = Debug;
		};
		E8B9B5D029ED444E0054EB89 /* Release */ = {
			isa = XCBuildConfiguration;
			buildSettings = {
				ALWAYS_EMBED_SWIFT_STANDARD_LIBRARIES = YES;
				CODE_SIGN_STYLE = Automatic;
				CURRENT_PROJECT_VERSION = 1;
				GENERATE_INFOPLIST_FILE = YES;
				MARKETING_VERSION = 1.0;
				PRODUCT_BUNDLE_IDENTIFIER = com.zzimss.NavigationUITests;
				PRODUCT_NAME = "$(TARGET_NAME)";
				SWIFT_EMIT_LOC_STRINGS = NO;
				SWIFT_VERSION = 5.0;
				TARGETED_DEVICE_FAMILY = "1,2";
				TEST_TARGET_NAME = Navigation;
			};
			name = Release;
		};
/* End XCBuildConfiguration section */

/* Begin XCConfigurationList section */
		E8B9B59A29ED444D0054EB89 /* Build configuration list for PBXProject "Navigation" */ = {
			isa = XCConfigurationList;
			buildConfigurations = (
				E8B9B5C629ED444E0054EB89 /* Debug */,
				E8B9B5C729ED444E0054EB89 /* Release */,
			);
			defaultConfigurationIsVisible = 0;
			defaultConfigurationName = Release;
		};
		E8B9B5C829ED444E0054EB89 /* Build configuration list for PBXNativeTarget "Navigation" */ = {
			isa = XCConfigurationList;
			buildConfigurations = (
				E8B9B5C929ED444E0054EB89 /* Debug */,
				E8B9B5CA29ED444E0054EB89 /* Release */,
			);
			defaultConfigurationIsVisible = 0;
			defaultConfigurationName = Release;
		};
		E8B9B5CB29ED444E0054EB89 /* Build configuration list for PBXNativeTarget "NavigationTests" */ = {
			isa = XCConfigurationList;
			buildConfigurations = (
				E8B9B5CC29ED444E0054EB89 /* Debug */,
				E8B9B5CD29ED444E0054EB89 /* Release */,
			);
			defaultConfigurationIsVisible = 0;
			defaultConfigurationName = Release;
		};
		E8B9B5CE29ED444E0054EB89 /* Build configuration list for PBXNativeTarget "NavigationUITests" */ = {
			isa = XCConfigurationList;
			buildConfigurations = (
				E8B9B5CF29ED444E0054EB89 /* Debug */,
				E8B9B5D029ED444E0054EB89 /* Release */,
			);
			defaultConfigurationIsVisible = 0;
			defaultConfigurationName = Release;
		};
/* End XCConfigurationList section */

/* Begin XCVersionGroup section */
		E8B9B5AD29ED444E0054EB89 /* Navigation.xcdatamodeld */ = {
			isa = XCVersionGroup;
			children = (
				E8B9B5AE29ED444E0054EB89 /* Navigation.xcdatamodel */,
			);
			currentVersion = E8B9B5AE29ED444E0054EB89 /* Navigation.xcdatamodel */;
			path = Navigation.xcdatamodeld;
			sourceTree = "<group>";
			versionGroupType = wrapper.xcdatamodel;
		};
/* End XCVersionGroup section */
	};
	rootObject = E8B9B59729ED444D0054EB89 /* Project object */;
}
