// !$*UTF8*$!
{
	archiveVersion = 1;
	classes = {
	};
	objectVersion = 56;
	objects = {

/* Begin PBXBuildFile section */
		E8DD1B3E29BEE926009D4115 /* YouTubeApp.swift in Sources */ = {isa = PBXBuildFile; fileRef = E8DD1B3D29BEE926009D4115 /* YouTubeApp.swift */; };
		E8DD1B4029BEE926009D4115 /* ContentView.swift in Sources */ = {isa = PBXBuildFile; fileRef = E8DD1B3F29BEE926009D4115 /* ContentView.swift */; };
		E8DD1B4229BEE927009D4115 /* Assets.xcassets in Resources */ = {isa = PBXBuildFile; fileRef = E8DD1B4129BEE927009D4115 /* Assets.xcassets */; };
		E8DD1B4529BEE927009D4115 /* Preview Assets.xcassets in Resources */ = {isa = PBXBuildFile; fileRef = E8DD1B4429BEE927009D4115 /* Preview Assets.xcassets */; };
		E8DD1B4F29BEE927009D4115 /* YouTubeTests.swift in Sources */ = {isa = PBXBuildFile; fileRef = E8DD1B4E29BEE927009D4115 /* YouTubeTests.swift */; };
		E8DD1B5929BEE927009D4115 /* YouTubeUITests.swift in Sources */ = {isa = PBXBuildFile; fileRef = E8DD1B5829BEE927009D4115 /* YouTubeUITests.swift */; };
		E8DD1B5B29BEE927009D4115 /* YouTubeUITestsLaunchTests.swift in Sources */ = {isa = PBXBuildFile; fileRef = E8DD1B5A29BEE927009D4115 /* YouTubeUITestsLaunchTests.swift */; };
/* End PBXBuildFile section */

/* Begin PBXContainerItemProxy section */
		E8DD1B4B29BEE927009D4115 /* PBXContainerItemProxy */ = {
			isa = PBXContainerItemProxy;
			containerPortal = E8DD1B3229BEE926009D4115 /* Project object */;
			proxyType = 1;
			remoteGlobalIDString = E8DD1B3929BEE926009D4115;
			remoteInfo = YouTube;
		};
		E8DD1B5529BEE927009D4115 /* PBXContainerItemProxy */ = {
			isa = PBXContainerItemProxy;
			containerPortal = E8DD1B3229BEE926009D4115 /* Project object */;
			proxyType = 1;
			remoteGlobalIDString = E8DD1B3929BEE926009D4115;
			remoteInfo = YouTube;
		};
/* End PBXContainerItemProxy section */

/* Begin PBXFileReference section */
		E8DD1B3A29BEE926009D4115 /* YouTube.app */ = {isa = PBXFileReference; explicitFileType = wrapper.application; includeInIndex = 0; path = YouTube.app; sourceTree = BUILT_PRODUCTS_DIR; };
		E8DD1B3D29BEE926009D4115 /* YouTubeApp.swift */ = {isa = PBXFileReference; lastKnownFileType = sourcecode.swift; path = YouTubeApp.swift; sourceTree = "<group>"; };
		E8DD1B3F29BEE926009D4115 /* ContentView.swift */ = {isa = PBXFileReference; lastKnownFileType = sourcecode.swift; path = ContentView.swift; sourceTree = "<group>"; };
		E8DD1B4129BEE927009D4115 /* Assets.xcassets */ = {isa = PBXFileReference; lastKnownFileType = folder.assetcatalog; path = Assets.xcassets; sourceTree = "<group>"; };
		E8DD1B4429BEE927009D4115 /* Preview Assets.xcassets */ = {isa = PBXFileReference; lastKnownFileType = folder.assetcatalog; path = "Preview Assets.xcassets"; sourceTree = "<group>"; };
		E8DD1B4A29BEE927009D4115 /* YouTubeTests.xctest */ = {isa = PBXFileReference; explicitFileType = wrapper.cfbundle; includeInIndex = 0; path = YouTubeTests.xctest; sourceTree = BUILT_PRODUCTS_DIR; };
		E8DD1B4E29BEE927009D4115 /* YouTubeTests.swift */ = {isa = PBXFileReference; lastKnownFileType = sourcecode.swift; path = YouTubeTests.swift; sourceTree = "<group>"; };
		E8DD1B5429BEE927009D4115 /* YouTubeUITests.xctest */ = {isa = PBXFileReference; explicitFileType = wrapper.cfbundle; includeInIndex = 0; path = YouTubeUITests.xctest; sourceTree = BUILT_PRODUCTS_DIR; };
		E8DD1B5829BEE927009D4115 /* YouTubeUITests.swift */ = {isa = PBXFileReference; lastKnownFileType = sourcecode.swift; path = YouTubeUITests.swift; sourceTree = "<group>"; };
		E8DD1B5A29BEE927009D4115 /* YouTubeUITestsLaunchTests.swift */ = {isa = PBXFileReference; lastKnownFileType = sourcecode.swift; path = YouTubeUITestsLaunchTests.swift; sourceTree = "<group>"; };
/* End PBXFileReference section */

/* Begin PBXFrameworksBuildPhase section */
		E8DD1B3729BEE926009D4115 /* Frameworks */ = {
			isa = PBXFrameworksBuildPhase;
			buildActionMask = 2147483647;
			files = (
			);
			runOnlyForDeploymentPostprocessing = 0;
		};
		E8DD1B4729BEE927009D4115 /* Frameworks */ = {
			isa = PBXFrameworksBuildPhase;
			buildActionMask = 2147483647;
			files = (
			);
			runOnlyForDeploymentPostprocessing = 0;
		};
		E8DD1B5129BEE927009D4115 /* Frameworks */ = {
			isa = PBXFrameworksBuildPhase;
			buildActionMask = 2147483647;
			files = (
			);
			runOnlyForDeploymentPostprocessing = 0;
		};
/* End PBXFrameworksBuildPhase section */

/* Begin PBXGroup section */
		E8DD1B3129BEE926009D4115 = {
			isa = PBXGroup;
			children = (
				E8DD1B3C29BEE926009D4115 /* YouTube */,
				E8DD1B4D29BEE927009D4115 /* YouTubeTests */,
				E8DD1B5729BEE927009D4115 /* YouTubeUITests */,
				E8DD1B3B29BEE926009D4115 /* Products */,
			);
			sourceTree = "<group>";
		};
		E8DD1B3B29BEE926009D4115 /* Products */ = {
			isa = PBXGroup;
			children = (
				E8DD1B3A29BEE926009D4115 /* YouTube.app */,
				E8DD1B4A29BEE927009D4115 /* YouTubeTests.xctest */,
				E8DD1B5429BEE927009D4115 /* YouTubeUITests.xctest */,
			);
			name = Products;
			sourceTree = "<group>";
		};
		E8DD1B3C29BEE926009D4115 /* YouTube */ = {
			isa = PBXGroup;
			children = (
				E8DD1B3D29BEE926009D4115 /* YouTubeApp.swift */,
				E8DD1B3F29BEE926009D4115 /* ContentView.swift */,
				E8DD1B4129BEE927009D4115 /* Assets.xcassets */,
				E8DD1B4329BEE927009D4115 /* Preview Content */,
			);
			path = YouTube;
			sourceTree = "<group>";
		};
		E8DD1B4329BEE927009D4115 /* Preview Content */ = {
			isa = PBXGroup;
			children = (
				E8DD1B4429BEE927009D4115 /* Preview Assets.xcassets */,
			);
			path = "Preview Content";
			sourceTree = "<group>";
		};
		E8DD1B4D29BEE927009D4115 /* YouTubeTests */ = {
			isa = PBXGroup;
			children = (
				E8DD1B4E29BEE927009D4115 /* YouTubeTests.swift */,
			);
			path = YouTubeTests;
			sourceTree = "<group>";
		};
		E8DD1B5729BEE927009D4115 /* YouTubeUITests */ = {
			isa = PBXGroup;
			children = (
				E8DD1B5829BEE927009D4115 /* YouTubeUITests.swift */,
				E8DD1B5A29BEE927009D4115 /* YouTubeUITestsLaunchTests.swift */,
			);
			path = YouTubeUITests;
			sourceTree = "<group>";
		};
/* End PBXGroup section */

/* Begin PBXNativeTarget section */
		E8DD1B3929BEE926009D4115 /* YouTube */ = {
			isa = PBXNativeTarget;
			buildConfigurationList = E8DD1B5E29BEE927009D4115 /* Build configuration list for PBXNativeTarget "YouTube" */;
			buildPhases = (
				E8DD1B3629BEE926009D4115 /* Sources */,
				E8DD1B3729BEE926009D4115 /* Frameworks */,
				E8DD1B3829BEE926009D4115 /* Resources */,
			);
			buildRules = (
			);
			dependencies = (
			);
			name = YouTube;
			productName = YouTube;
			productReference = E8DD1B3A29BEE926009D4115 /* YouTube.app */;
			productType = "com.apple.product-type.application";
		};
		E8DD1B4929BEE927009D4115 /* YouTubeTests */ = {
			isa = PBXNativeTarget;
			buildConfigurationList = E8DD1B6129BEE927009D4115 /* Build configuration list for PBXNativeTarget "YouTubeTests" */;
			buildPhases = (
				E8DD1B4629BEE927009D4115 /* Sources */,
				E8DD1B4729BEE927009D4115 /* Frameworks */,
				E8DD1B4829BEE927009D4115 /* Resources */,
			);
			buildRules = (
			);
			dependencies = (
				E8DD1B4C29BEE927009D4115 /* PBXTargetDependency */,
			);
			name = YouTubeTests;
			productName = YouTubeTests;
			productReference = E8DD1B4A29BEE927009D4115 /* YouTubeTests.xctest */;
			productType = "com.apple.product-type.bundle.unit-test";
		};
		E8DD1B5329BEE927009D4115 /* YouTubeUITests */ = {
			isa = PBXNativeTarget;
			buildConfigurationList = E8DD1B6429BEE927009D4115 /* Build configuration list for PBXNativeTarget "YouTubeUITests" */;
			buildPhases = (
				E8DD1B5029BEE927009D4115 /* Sources */,
				E8DD1B5129BEE927009D4115 /* Frameworks */,
				E8DD1B5229BEE927009D4115 /* Resources */,
			);
			buildRules = (
			);
			dependencies = (
				E8DD1B5629BEE927009D4115 /* PBXTargetDependency */,
			);
			name = YouTubeUITests;
			productName = YouTubeUITests;
			productReference = E8DD1B5429BEE927009D4115 /* YouTubeUITests.xctest */;
			productType = "com.apple.product-type.bundle.ui-testing";
		};
/* End PBXNativeTarget section */

/* Begin PBXProject section */
		E8DD1B3229BEE926009D4115 /* Project object */ = {
			isa = PBXProject;
			attributes = {
				BuildIndependentTargetsInParallel = 1;
				LastSwiftUpdateCheck = 1420;
				LastUpgradeCheck = 1420;
				TargetAttributes = {
					E8DD1B3929BEE926009D4115 = {
						CreatedOnToolsVersion = 14.2;
					};
					E8DD1B4929BEE927009D4115 = {
						CreatedOnToolsVersion = 14.2;
						TestTargetID = E8DD1B3929BEE926009D4115;
					};
					E8DD1B5329BEE927009D4115 = {
						CreatedOnToolsVersion = 14.2;
						TestTargetID = E8DD1B3929BEE926009D4115;
					};
				};
			};
			buildConfigurationList = E8DD1B3529BEE926009D4115 /* Build configuration list for PBXProject "YouTube" */;
			compatibilityVersion = "Xcode 14.0";
			developmentRegion = en;
			hasScannedForEncodings = 0;
			knownRegions = (
				en,
				Base,
			);
			mainGroup = E8DD1B3129BEE926009D4115;
			productRefGroup = E8DD1B3B29BEE926009D4115 /* Products */;
			projectDirPath = "";
			projectRoot = "";
			targets = (
				E8DD1B3929BEE926009D4115 /* YouTube */,
				E8DD1B4929BEE927009D4115 /* YouTubeTests */,
				E8DD1B5329BEE927009D4115 /* YouTubeUITests */,
			);
		};
/* End PBXProject section */

/* Begin PBXResourcesBuildPhase section */
		E8DD1B3829BEE926009D4115 /* Resources */ = {
			isa = PBXResourcesBuildPhase;
			buildActionMask = 2147483647;
			files = (
				E8DD1B4529BEE927009D4115 /* Preview Assets.xcassets in Resources */,
				E8DD1B4229BEE927009D4115 /* Assets.xcassets in Resources */,
			);
			runOnlyForDeploymentPostprocessing = 0;
		};
		E8DD1B4829BEE927009D4115 /* Resources */ = {
			isa = PBXResourcesBuildPhase;
			buildActionMask = 2147483647;
			files = (
			);
			runOnlyForDeploymentPostprocessing = 0;
		};
		E8DD1B5229BEE927009D4115 /* Resources */ = {
			isa = PBXResourcesBuildPhase;
			buildActionMask = 2147483647;
			files = (
			);
			runOnlyForDeploymentPostprocessing = 0;
		};
/* End PBXResourcesBuildPhase section */

/* Begin PBXSourcesBuildPhase section */
		E8DD1B3629BEE926009D4115 /* Sources */ = {
			isa = PBXSourcesBuildPhase;
			buildActionMask = 2147483647;
			files = (
				E8DD1B4029BEE926009D4115 /* ContentView.swift in Sources */,
				E8DD1B3E29BEE926009D4115 /* YouTubeApp.swift in Sources */,
			);
			runOnlyForDeploymentPostprocessing = 0;
		};
		E8DD1B4629BEE927009D4115 /* Sources */ = {
			isa = PBXSourcesBuildPhase;
			buildActionMask = 2147483647;
			files = (
				E8DD1B4F29BEE927009D4115 /* YouTubeTests.swift in Sources */,
			);
			runOnlyForDeploymentPostprocessing = 0;
		};
		E8DD1B5029BEE927009D4115 /* Sources */ = {
			isa = PBXSourcesBuildPhase;
			buildActionMask = 2147483647;
			files = (
				E8DD1B5B29BEE927009D4115 /* YouTubeUITestsLaunchTests.swift in Sources */,
				E8DD1B5929BEE927009D4115 /* YouTubeUITests.swift in Sources */,
			);
			runOnlyForDeploymentPostprocessing = 0;
		};
/* End PBXSourcesBuildPhase section */

/* Begin PBXTargetDependency section */
		E8DD1B4C29BEE927009D4115 /* PBXTargetDependency */ = {
			isa = PBXTargetDependency;
			target = E8DD1B3929BEE926009D4115 /* YouTube */;
			targetProxy = E8DD1B4B29BEE927009D4115 /* PBXContainerItemProxy */;
		};
		E8DD1B5629BEE927009D4115 /* PBXTargetDependency */ = {
			isa = PBXTargetDependency;
			target = E8DD1B3929BEE926009D4115 /* YouTube */;
			targetProxy = E8DD1B5529BEE927009D4115 /* PBXContainerItemProxy */;
		};
/* End PBXTargetDependency section */

/* Begin XCBuildConfiguration section */
		E8DD1B5C29BEE927009D4115 /* Debug */ = {
			isa = XCBuildConfiguration;
			buildSettings = {
				ALWAYS_SEARCH_USER_PATHS = NO;
				CLANG_ANALYZER_NONNULL = YES;
				CLANG_ANALYZER_NUMBER_OBJECT_CONVERSION = YES_AGGRESSIVE;
				CLANG_CXX_LANGUAGE_STANDARD = "gnu++20";
				CLANG_ENABLE_MODULES = YES;
				CLANG_ENABLE_OBJC_ARC = YES;
				CLANG_ENABLE_OBJC_WEAK = YES;
				CLANG_WARN_BLOCK_CAPTURE_AUTORELEASING = YES;
				CLANG_WARN_BOOL_CONVERSION = YES;
				CLANG_WARN_COMMA = YES;
				CLANG_WARN_CONSTANT_CONVERSION = YES;
				CLANG_WARN_DEPRECATED_OBJC_IMPLEMENTATIONS = YES;
				CLANG_WARN_DIRECT_OBJC_ISA_USAGE = YES_ERROR;
				CLANG_WARN_DOCUMENTATION_COMMENTS = YES;
				CLANG_WARN_EMPTY_BODY = YES;
				CLANG_WARN_ENUM_CONVERSION = YES;
				CLANG_WARN_INFINITE_RECURSION = YES;
				CLANG_WARN_INT_CONVERSION = YES;
				CLANG_WARN_NON_LITERAL_NULL_CONVERSION = YES;
				CLANG_WARN_OBJC_IMPLICIT_RETAIN_SELF = YES;
				CLANG_WARN_OBJC_LITERAL_CONVERSION = YES;
				CLANG_WARN_OBJC_ROOT_CLASS = YES_ERROR;
				CLANG_WARN_QUOTED_INCLUDE_IN_FRAMEWORK_HEADER = YES;
				CLANG_WARN_RANGE_LOOP_ANALYSIS = YES;
				CLANG_WARN_STRICT_PROTOTYPES = YES;
				CLANG_WARN_SUSPICIOUS_MOVE = YES;
				CLANG_WARN_UNGUARDED_AVAILABILITY = YES_AGGRESSIVE;
				CLANG_WARN_UNREACHABLE_CODE = YES;
				CLANG_WARN__DUPLICATE_METHOD_MATCH = YES;
				COPY_PHASE_STRIP = NO;
				DEBUG_INFORMATION_FORMAT = dwarf;
				ENABLE_STRICT_OBJC_MSGSEND = YES;
				ENABLE_TESTABILITY = YES;
				GCC_C_LANGUAGE_STANDARD = gnu11;
				GCC_DYNAMIC_NO_PIC = NO;
				GCC_NO_COMMON_BLOCKS = YES;
				GCC_OPTIMIZATION_LEVEL = 0;
				GCC_PREPROCESSOR_DEFINITIONS = (
					"DEBUG=1",
					"$(inherited)",
				);
				GCC_WARN_64_TO_32_BIT_CONVERSION = YES;
				GCC_WARN_ABOUT_RETURN_TYPE = YES_ERROR;
				GCC_WARN_UNDECLARED_SELECTOR = YES;
				GCC_WARN_UNINITIALIZED_AUTOS = YES_AGGRESSIVE;
				GCC_WARN_UNUSED_FUNCTION = YES;
				GCC_WARN_UNUSED_VARIABLE = YES;
				IPHONEOS_DEPLOYMENT_TARGET = 16.2;
				MTL_ENABLE_DEBUG_INFO = INCLUDE_SOURCE;
				MTL_FAST_MATH = YES;
				ONLY_ACTIVE_ARCH = YES;
				SDKROOT = iphoneos;
				SWIFT_ACTIVE_COMPILATION_CONDITIONS = DEBUG;
				SWIFT_OPTIMIZATION_LEVEL = "-Onone";
			};
			name = Debug;
		};
		E8DD1B5D29BEE927009D4115 /* Release */ = {
			isa = XCBuildConfiguration;
			buildSettings = {
				ALWAYS_SEARCH_USER_PATHS = NO;
				CLANG_ANALYZER_NONNULL = YES;
				CLANG_ANALYZER_NUMBER_OBJECT_CONVERSION = YES_AGGRESSIVE;
				CLANG_CXX_LANGUAGE_STANDARD = "gnu++20";
				CLANG_ENABLE_MODULES = YES;
				CLANG_ENABLE_OBJC_ARC = YES;
				CLANG_ENABLE_OBJC_WEAK = YES;
				CLANG_WARN_BLOCK_CAPTURE_AUTORELEASING = YES;
				CLANG_WARN_BOOL_CONVERSION = YES;
				CLANG_WARN_COMMA = YES;
				CLANG_WARN_CONSTANT_CONVERSION = YES;
				CLANG_WARN_DEPRECATED_OBJC_IMPLEMENTATIONS = YES;
				CLANG_WARN_DIRECT_OBJC_ISA_USAGE = YES_ERROR;
				CLANG_WARN_DOCUMENTATION_COMMENTS = YES;
				CLANG_WARN_EMPTY_BODY = YES;
				CLANG_WARN_ENUM_CONVERSION = YES;
				CLANG_WARN_INFINITE_RECURSION = YES;
				CLANG_WARN_INT_CONVERSION = YES;
				CLANG_WARN_NON_LITERAL_NULL_CONVERSION = YES;
				CLANG_WARN_OBJC_IMPLICIT_RETAIN_SELF = YES;
				CLANG_WARN_OBJC_LITERAL_CONVERSION = YES;
				CLANG_WARN_OBJC_ROOT_CLASS = YES_ERROR;
				CLANG_WARN_QUOTED_INCLUDE_IN_FRAMEWORK_HEADER = YES;
				CLANG_WARN_RANGE_LOOP_ANALYSIS = YES;
				CLANG_WARN_STRICT_PROTOTYPES = YES;
				CLANG_WARN_SUSPICIOUS_MOVE = YES;
				CLANG_WARN_UNGUARDED_AVAILABILITY = YES_AGGRESSIVE;
				CLANG_WARN_UNREACHABLE_CODE = YES;
				CLANG_WARN__DUPLICATE_METHOD_MATCH = YES;
				COPY_PHASE_STRIP = NO;
				DEBUG_INFORMATION_FORMAT = "dwarf-with-dsym";
				ENABLE_NS_ASSERTIONS = NO;
				ENABLE_STRICT_OBJC_MSGSEND = YES;
				GCC_C_LANGUAGE_STANDARD = gnu11;
				GCC_NO_COMMON_BLOCKS = YES;
				GCC_WARN_64_TO_32_BIT_CONVERSION = YES;
				GCC_WARN_ABOUT_RETURN_TYPE = YES_ERROR;
				GCC_WARN_UNDECLARED_SELECTOR = YES;
				GCC_WARN_UNINITIALIZED_AUTOS = YES_AGGRESSIVE;
				GCC_WARN_UNUSED_FUNCTION = YES;
				GCC_WARN_UNUSED_VARIABLE = YES;
				IPHONEOS_DEPLOYMENT_TARGET = 16.2;
				MTL_ENABLE_DEBUG_INFO = NO;
				MTL_FAST_MATH = YES;
				SDKROOT = iphoneos;
				SWIFT_COMPILATION_MODE = wholemodule;
				SWIFT_OPTIMIZATION_LEVEL = "-O";
				VALIDATE_PRODUCT = YES;
			};
			name = Release;
		};
		E8DD1B5F29BEE927009D4115 /* Debug */ = {
			isa = XCBuildConfiguration;
			buildSettings = {
				ASSETCATALOG_COMPILER_APPICON_NAME = AppIcon;
				ASSETCATALOG_COMPILER_GLOBAL_ACCENT_COLOR_NAME = AccentColor;
				CODE_SIGN_STYLE = Automatic;
				CURRENT_PROJECT_VERSION = 1;
				DEVELOPMENT_ASSET_PATHS = "\"YouTube/Preview Content\"";
				ENABLE_PREVIEWS = YES;
				GENERATE_INFOPLIST_FILE = YES;
				INFOPLIST_KEY_UIApplicationSceneManifest_Generation = YES;
				INFOPLIST_KEY_UIApplicationSupportsIndirectInputEvents = YES;
				INFOPLIST_KEY_UILaunchScreen_Generation = YES;
				INFOPLIST_KEY_UISupportedInterfaceOrientations_iPad = "UIInterfaceOrientationPortrait UIInterfaceOrientationPortraitUpsideDown UIInterfaceOrientationLandscapeLeft UIInterfaceOrientationLandscapeRight";
				INFOPLIST_KEY_UISupportedInterfaceOrientations_iPhone = "UIInterfaceOrientationPortrait UIInterfaceOrientationLandscapeLeft UIInterfaceOrientationLandscapeRight";
				LD_RUNPATH_SEARCH_PATHS = (
					"$(inherited)",
					"@executable_path/Frameworks",
				);
				MARKETING_VERSION = 1.0;
				PRODUCT_BUNDLE_IDENTIFIER = com.zzimss.YouTube;
				PRODUCT_NAME = "$(TARGET_NAME)";
				SWIFT_EMIT_LOC_STRINGS = YES;
				SWIFT_VERSION = 5.0;
				TARGETED_DEVICE_FAMILY = "1,2";
			};
			name = Debug;
		};
		E8DD1B6029BEE927009D4115 /* Release */ = {
			isa = XCBuildConfiguration;
			buildSettings = {
				ASSETCATALOG_COMPILER_APPICON_NAME = AppIcon;
				ASSETCATALOG_COMPILER_GLOBAL_ACCENT_COLOR_NAME = AccentColor;
				CODE_SIGN_STYLE = Automatic;
				CURRENT_PROJECT_VERSION = 1;
				DEVELOPMENT_ASSET_PATHS = "\"YouTube/Preview Content\"";
				ENABLE_PREVIEWS = YES;
				GENERATE_INFOPLIST_FILE = YES;
				INFOPLIST_KEY_UIApplicationSceneManifest_Generation = YES;
				INFOPLIST_KEY_UIApplicationSupportsIndirectInputEvents = YES;
				INFOPLIST_KEY_UILaunchScreen_Generation = YES;
				INFOPLIST_KEY_UISupportedInterfaceOrientations_iPad = "UIInterfaceOrientationPortrait UIInterfaceOrientationPortraitUpsideDown UIInterfaceOrientationLandscapeLeft UIInterfaceOrientationLandscapeRight";
				INFOPLIST_KEY_UISupportedInterfaceOrientations_iPhone = "UIInterfaceOrientationPortrait UIInterfaceOrientationLandscapeLeft UIInterfaceOrientationLandscapeRight";
				LD_RUNPATH_SEARCH_PATHS = (
					"$(inherited)",
					"@executable_path/Frameworks",
				);
				MARKETING_VERSION = 1.0;
				PRODUCT_BUNDLE_IDENTIFIER = com.zzimss.YouTube;
				PRODUCT_NAME = "$(TARGET_NAME)";
				SWIFT_EMIT_LOC_STRINGS = YES;
				SWIFT_VERSION = 5.0;
				TARGETED_DEVICE_FAMILY = "1,2";
			};
			name = Release;
		};
		E8DD1B6229BEE927009D4115 /* Debug */ = {
			isa = XCBuildConfiguration;
			buildSettings = {
				ALWAYS_EMBED_SWIFT_STANDARD_LIBRARIES = YES;
				BUNDLE_LOADER = "$(TEST_HOST)";
				CODE_SIGN_STYLE = Automatic;
				CURRENT_PROJECT_VERSION = 1;
				GENERATE_INFOPLIST_FILE = YES;
				IPHONEOS_DEPLOYMENT_TARGET = 16.2;
				MARKETING_VERSION = 1.0;
				PRODUCT_BUNDLE_IDENTIFIER = com.zzimss.YouTubeTests;
				PRODUCT_NAME = "$(TARGET_NAME)";
				SWIFT_EMIT_LOC_STRINGS = NO;
				SWIFT_VERSION = 5.0;
				TARGETED_DEVICE_FAMILY = "1,2";
				TEST_HOST = "$(BUILT_PRODUCTS_DIR)/YouTube.app/$(BUNDLE_EXECUTABLE_FOLDER_PATH)/YouTube";
			};
			name = Debug;
		};
		E8DD1B6329BEE927009D4115 /* Release */ = {
			isa = XCBuildConfiguration;
			buildSettings = {
				ALWAYS_EMBED_SWIFT_STANDARD_LIBRARIES = YES;
				BUNDLE_LOADER = "$(TEST_HOST)";
				CODE_SIGN_STYLE = Automatic;
				CURRENT_PROJECT_VERSION = 1;
				GENERATE_INFOPLIST_FILE = YES;
				IPHONEOS_DEPLOYMENT_TARGET = 16.2;
				MARKETING_VERSION = 1.0;
				PRODUCT_BUNDLE_IDENTIFIER = com.zzimss.YouTubeTests;
				PRODUCT_NAME = "$(TARGET_NAME)";
				SWIFT_EMIT_LOC_STRINGS = NO;
				SWIFT_VERSION = 5.0;
				TARGETED_DEVICE_FAMILY = "1,2";
				TEST_HOST = "$(BUILT_PRODUCTS_DIR)/YouTube.app/$(BUNDLE_EXECUTABLE_FOLDER_PATH)/YouTube";
			};
			name = Release;
		};
		E8DD1B6529BEE927009D4115 /* Debug */ = {
			isa = XCBuildConfiguration;
			buildSettings = {
				ALWAYS_EMBED_SWIFT_STANDARD_LIBRARIES = YES;
				CODE_SIGN_STYLE = Automatic;
				CURRENT_PROJECT_VERSION = 1;
				GENERATE_INFOPLIST_FILE = YES;
				MARKETING_VERSION = 1.0;
				PRODUCT_BUNDLE_IDENTIFIER = com.zzimss.YouTubeUITests;
				PRODUCT_NAME = "$(TARGET_NAME)";
				SWIFT_EMIT_LOC_STRINGS = NO;
				SWIFT_VERSION = 5.0;
				TARGETED_DEVICE_FAMILY = "1,2";
				TEST_TARGET_NAME = YouTube;
			};
			name = Debug;
		};
		E8DD1B6629BEE927009D4115 /* Release */ = {
			isa = XCBuildConfiguration;
			buildSettings = {
				ALWAYS_EMBED_SWIFT_STANDARD_LIBRARIES = YES;
				CODE_SIGN_STYLE = Automatic;
				CURRENT_PROJECT_VERSION = 1;
				GENERATE_INFOPLIST_FILE = YES;
				MARKETING_VERSION = 1.0;
				PRODUCT_BUNDLE_IDENTIFIER = com.zzimss.YouTubeUITests;
				PRODUCT_NAME = "$(TARGET_NAME)";
				SWIFT_EMIT_LOC_STRINGS = NO;
				SWIFT_VERSION = 5.0;
				TARGETED_DEVICE_FAMILY = "1,2";
				TEST_TARGET_NAME = YouTube;
			};
			name = Release;
		};
/* End XCBuildConfiguration section */

/* Begin XCConfigurationList section */
		E8DD1B3529BEE926009D4115 /* Build configuration list for PBXProject "YouTube" */ = {
			isa = XCConfigurationList;
			buildConfigurations = (
				E8DD1B5C29BEE927009D4115 /* Debug */,
				E8DD1B5D29BEE927009D4115 /* Release */,
			);
			defaultConfigurationIsVisible = 0;
			defaultConfigurationName = Release;
		};
		E8DD1B5E29BEE927009D4115 /* Build configuration list for PBXNativeTarget "YouTube" */ = {
			isa = XCConfigurationList;
			buildConfigurations = (
				E8DD1B5F29BEE927009D4115 /* Debug */,
				E8DD1B6029BEE927009D4115 /* Release */,
			);
			defaultConfigurationIsVisible = 0;
			defaultConfigurationName = Release;
		};
		E8DD1B6129BEE927009D4115 /* Build configuration list for PBXNativeTarget "YouTubeTests" */ = {
			isa = XCConfigurationList;
			buildConfigurations = (
				E8DD1B6229BEE927009D4115 /* Debug */,
				E8DD1B6329BEE927009D4115 /* Release */,
			);
			defaultConfigurationIsVisible = 0;
			defaultConfigurationName = Release;
		};
		E8DD1B6429BEE927009D4115 /* Build configuration list for PBXNativeTarget "YouTubeUITests" */ = {
			isa = XCConfigurationList;
			buildConfigurations = (
				E8DD1B6529BEE927009D4115 /* Debug */,
				E8DD1B6629BEE927009D4115 /* Release */,
			);
			defaultConfigurationIsVisible = 0;
			defaultConfigurationName = Release;
		};
/* End XCConfigurationList section */
	};
	rootObject = E8DD1B3229BEE926009D4115 /* Project object */;
}
