// !$*UTF8*$!
{
	archiveVersion = 1;
	classes = {
	};
	objectVersion = 56;
	objects = {

/* Begin PBXBuildFile section */
		E80403C32A59ADD800B5D7A8 /* ListView.swift in Sources */ = {isa = PBXBuildFile; fileRef = E80403C22A59ADD800B5D7A8 /* ListView.swift */; };
		E80403C52A5A7FA800B5D7A8 /* ItemView.swift in Sources */ = {isa = PBXBuildFile; fileRef = E80403C42A5A7FA800B5D7A8 /* ItemView.swift */; };
		E804C5C22A486B320026616E /* DeletableItemView.swift in Sources */ = {isa = PBXBuildFile; fileRef = E804C5C12A486B320026616E /* DeletableItemView.swift */; };
		E8108FC82A4C202E009D60AB /* CurrentTimeView.swift in Sources */ = {isa = PBXBuildFile; fileRef = E8108FC72A4C202E009D60AB /* CurrentTimeView.swift */; };
		E8259C6F2A7CB01A005BF839 /* Bundle.swift in Sources */ = {isa = PBXBuildFile; fileRef = E8259C6E2A7CB01A005BF839 /* Bundle.swift */; };
		E832809E2A4998A400563CBC /* PhotoPicker.swift in Sources */ = {isa = PBXBuildFile; fileRef = E832809D2A4998A400563CBC /* PhotoPicker.swift */; };
		E83280A02A4998CA00563CBC /* PhotoPickerService.swift in Sources */ = {isa = PBXBuildFile; fileRef = E832809F2A4998CA00563CBC /* PhotoPickerService.swift */; };
		E83280A42A4B131B00563CBC /* BackgroundViewModifier.swift in Sources */ = {isa = PBXBuildFile; fileRef = E83280A32A4B131B00563CBC /* BackgroundViewModifier.swift */; };
		E83DC5C12A2CD042006E2E4F /* UtilsApp.swift in Sources */ = {isa = PBXBuildFile; fileRef = E83DC5C02A2CD042006E2E4F /* UtilsApp.swift */; };
		E83DC5C52A2CD043006E2E4F /* Assets.xcassets in Resources */ = {isa = PBXBuildFile; fileRef = E83DC5C42A2CD043006E2E4F /* Assets.xcassets */; };
		E83DC5C92A2CD043006E2E4F /* Preview Assets.xcassets in Resources */ = {isa = PBXBuildFile; fileRef = E83DC5C82A2CD043006E2E4F /* Preview Assets.xcassets */; };
		E83DC5D12A2CD07C006E2E4F /* GaugeProgressStyle.swift in Sources */ = {isa = PBXBuildFile; fileRef = E83DC5D02A2CD07C006E2E4F /* GaugeProgressStyle.swift */; };
		E83DC5D32A2DB3CD006E2E4F /* CheckboxToggleStyle.swift in Sources */ = {isa = PBXBuildFile; fileRef = E83DC5D22A2DB3CD006E2E4F /* CheckboxToggleStyle.swift */; };
		E83DC5D62A2DB806006E2E4F /* RoundedCorner.swift in Sources */ = {isa = PBXBuildFile; fileRef = E83DC5D52A2DB806006E2E4F /* RoundedCorner.swift */; };
		E83DC5DA2A2DB8FA006E2E4F /* CGFloat.swift in Sources */ = {isa = PBXBuildFile; fileRef = E83DC5D92A2DB8FA006E2E4F /* CGFloat.swift */; };
		E83DC5DD2A2DB97E006E2E4F /* HTMLWebView.swift in Sources */ = {isa = PBXBuildFile; fileRef = E83DC5DC2A2DB97E006E2E4F /* HTMLWebView.swift */; };
		E83DC5E12A2DBB9D006E2E4F /* CustomNavigationView.swift in Sources */ = {isa = PBXBuildFile; fileRef = E83DC5E02A2DBB9D006E2E4F /* CustomNavigationView.swift */; };
		E83DC5E42A2DBBD4006E2E4F /* KeyboardObserver.swift in Sources */ = {isa = PBXBuildFile; fileRef = E83DC5E32A2DBBD4006E2E4F /* KeyboardObserver.swift */; };
		E83DC5E72A2DBC16006E2E4F /* UIEdgeInsets.swift in Sources */ = {isa = PBXBuildFile; fileRef = E83DC5E62A2DBC16006E2E4F /* UIEdgeInsets.swift */; };
		E83DC5E92A2DBC2C006E2E4F /* UIApplication.swift in Sources */ = {isa = PBXBuildFile; fileRef = E83DC5E82A2DBC2C006E2E4F /* UIApplication.swift */; };
		E83DC5ED2A2DBCCD006E2E4F /* Color.swift in Sources */ = {isa = PBXBuildFile; fileRef = E83DC5EC2A2DBCCD006E2E4F /* Color.swift */; };
		E85AFE072A5FFD3600E71575 /* DeletableHorizontalScrollableItemView.swift in Sources */ = {isa = PBXBuildFile; fileRef = E85AFE062A5FFD3600E71575 /* DeletableHorizontalScrollableItemView.swift */; };
		E85AFE092A6293FC00E71575 /* JMTextField.swift in Sources */ = {isa = PBXBuildFile; fileRef = E85AFE082A6293FC00E71575 /* JMTextField.swift */; };
		E85AFE112A652F6C00E71575 /* JMView.swift in Sources */ = {isa = PBXBuildFile; fileRef = E85AFE102A652F6C00E71575 /* JMView.swift */; };
		E8627F1C2A7AA07500C01478 /* Dictionary.swift in Sources */ = {isa = PBXBuildFile; fileRef = E8627F1B2A7AA07500C01478 /* Dictionary.swift */; };
		E868E7B92A6F4C580095F030 /* ScrollToID.swift in Sources */ = {isa = PBXBuildFile; fileRef = E868E7B82A6F4C580095F030 /* ScrollToID.swift */; };
		E868E7BC2A6F96E60095F030 /* Refreshable.swift in Sources */ = {isa = PBXBuildFile; fileRef = E868E7BB2A6F96E60095F030 /* Refreshable.swift */; };
		E8822E562A7F5DF600E4AF38 /* FocusedTextField.swift in Sources */ = {isa = PBXBuildFile; fileRef = E8822E552A7F5DF600E4AF38 /* FocusedTextField.swift */; };
		E88842E02A4578BD00D8A9BC /* GeometryReaderView.swift in Sources */ = {isa = PBXBuildFile; fileRef = E88842DF2A4578BD00D8A9BC /* GeometryReaderView.swift */; };
		E893DBAA2A3D4A3D0058E729 /* ClearBackgroundModifier.swift in Sources */ = {isa = PBXBuildFile; fileRef = E893DBA92A3D4A3D0058E729 /* ClearBackgroundModifier.swift */; };
		E8A3CB522A5BAD880074A9BE /* Image.swift in Sources */ = {isa = PBXBuildFile; fileRef = E8A3CB512A5BAD880074A9BE /* Image.swift */; };
		E8A3CB582A5EC0AE0074A9BE /* HorizontalScrollableItemView.swift in Sources */ = {isa = PBXBuildFile; fileRef = E8A3CB572A5EC0AE0074A9BE /* HorizontalScrollableItemView.swift */; };
		E8AA0C862A507FDC00FE6F61 /* LoopingVideoPlayer.swift in Sources */ = {isa = PBXBuildFile; fileRef = E8AA0C852A507FDC00FE6F61 /* LoopingVideoPlayer.swift */; };
		E8BD6BDF2A7E736100860483 /* JMTextEditor.swift in Sources */ = {isa = PBXBuildFile; fileRef = E8BD6BDE2A7E736100860483 /* JMTextEditor.swift */; };
		E8BD8F802A3F49D90047D42C /* FontWithLineHeightViewModifier.swift in Sources */ = {isa = PBXBuildFile; fileRef = E8BD8F7F2A3F49D90047D42C /* FontWithLineHeightViewModifier.swift */; };
		E8BE12E32A386AF30001FE62 /* ClearableTextField.swift in Sources */ = {isa = PBXBuildFile; fileRef = E8BE12E22A386AF30001FE62 /* ClearableTextField.swift */; };
		E8BF16B22A3B17A20096E57E /* TagTextField.swift in Sources */ = {isa = PBXBuildFile; fileRef = E8BF16B12A3B17A20096E57E /* TagTextField.swift */; };
		E8BF16B42A3B17ED0096E57E /* Font.swift in Sources */ = {isa = PBXBuildFile; fileRef = E8BF16B32A3B17ED0096E57E /* Font.swift */; };
		E8BF16B72A3B18800096E57E /* TextFieldClearButtonViewModifier.swift in Sources */ = {isa = PBXBuildFile; fileRef = E8BF16B62A3B18800096E57E /* TextFieldClearButtonViewModifier.swift */; };
		E8BF16B92A3BED170096E57E /* SelectListTextField.swift in Sources */ = {isa = PBXBuildFile; fileRef = E8BF16B82A3BED170096E57E /* SelectListTextField.swift */; };
		E8BF16BD2A4177540096E57E /* AsyncImageView.swift in Sources */ = {isa = PBXBuildFile; fileRef = E8BF16BC2A4177540096E57E /* AsyncImageView.swift */; };
		E8BF16C02A4178AB0096E57E /* String.swift in Sources */ = {isa = PBXBuildFile; fileRef = E8BF16BF2A4178AB0096E57E /* String.swift */; };
		E8D163672A4D46A400A570A9 /* NavigationBarModifier.swift in Sources */ = {isa = PBXBuildFile; fileRef = E8D163662A4D46A400A570A9 /* NavigationBarModifier.swift */; };
		E8E3678F2A46047900379934 /* PresentView.swift in Sources */ = {isa = PBXBuildFile; fileRef = E8E3678E2A46047900379934 /* PresentView.swift */; };
		E8E367912A4604C400379934 /* View.swift in Sources */ = {isa = PBXBuildFile; fileRef = E8E367902A4604C400379934 /* View.swift */; };
		E8EEF1C32A39B29A0031933E /* CustomTextField.swift in Sources */ = {isa = PBXBuildFile; fileRef = E8EEF1C22A39B29A0031933E /* CustomTextField.swift */; };
/* End PBXBuildFile section */

/* Begin PBXFileReference section */
		E80403C22A59ADD800B5D7A8 /* ListView.swift */ = {isa = PBXFileReference; lastKnownFileType = sourcecode.swift; path = ListView.swift; sourceTree = "<group>"; };
		E80403C42A5A7FA800B5D7A8 /* ItemView.swift */ = {isa = PBXFileReference; lastKnownFileType = sourcecode.swift; path = ItemView.swift; sourceTree = "<group>"; };
		E804C5C12A486B320026616E /* DeletableItemView.swift */ = {isa = PBXFileReference; lastKnownFileType = sourcecode.swift; path = DeletableItemView.swift; sourceTree = "<group>"; };
		E8108FC72A4C202E009D60AB /* CurrentTimeView.swift */ = {isa = PBXFileReference; lastKnownFileType = sourcecode.swift; path = CurrentTimeView.swift; sourceTree = "<group>"; };
		E8259C6E2A7CB01A005BF839 /* Bundle.swift */ = {isa = PBXFileReference; lastKnownFileType = sourcecode.swift; path = Bundle.swift; sourceTree = "<group>"; };
		E832809D2A4998A400563CBC /* PhotoPicker.swift */ = {isa = PBXFileReference; lastKnownFileType = sourcecode.swift; path = PhotoPicker.swift; sourceTree = "<group>"; };
		E832809F2A4998CA00563CBC /* PhotoPickerService.swift */ = {isa = PBXFileReference; lastKnownFileType = sourcecode.swift; path = PhotoPickerService.swift; sourceTree = "<group>"; };
		E83280A32A4B131B00563CBC /* BackgroundViewModifier.swift */ = {isa = PBXFileReference; lastKnownFileType = sourcecode.swift; path = BackgroundViewModifier.swift; sourceTree = "<group>"; };
		E83DC5BD2A2CD042006E2E4F /* Utils.app */ = {isa = PBXFileReference; explicitFileType = wrapper.application; includeInIndex = 0; path = Utils.app; sourceTree = BUILT_PRODUCTS_DIR; };
		E83DC5C02A2CD042006E2E4F /* UtilsApp.swift */ = {isa = PBXFileReference; lastKnownFileType = sourcecode.swift; path = UtilsApp.swift; sourceTree = "<group>"; };
		E83DC5C42A2CD043006E2E4F /* Assets.xcassets */ = {isa = PBXFileReference; lastKnownFileType = folder.assetcatalog; path = Assets.xcassets; sourceTree = "<group>"; };
		E83DC5C62A2CD043006E2E4F /* Utils.entitlements */ = {isa = PBXFileReference; lastKnownFileType = text.plist.entitlements; path = Utils.entitlements; sourceTree = "<group>"; };
		E83DC5C82A2CD043006E2E4F /* Preview Assets.xcassets */ = {isa = PBXFileReference; lastKnownFileType = folder.assetcatalog; path = "Preview Assets.xcassets"; sourceTree = "<group>"; };
		E83DC5D02A2CD07C006E2E4F /* GaugeProgressStyle.swift */ = {isa = PBXFileReference; lastKnownFileType = sourcecode.swift; path = GaugeProgressStyle.swift; sourceTree = "<group>"; };
		E83DC5D22A2DB3CD006E2E4F /* CheckboxToggleStyle.swift */ = {isa = PBXFileReference; lastKnownFileType = sourcecode.swift; path = CheckboxToggleStyle.swift; sourceTree = "<group>"; };
		E83DC5D52A2DB806006E2E4F /* RoundedCorner.swift */ = {isa = PBXFileReference; lastKnownFileType = sourcecode.swift; path = RoundedCorner.swift; sourceTree = "<group>"; };
		E83DC5D92A2DB8FA006E2E4F /* CGFloat.swift */ = {isa = PBXFileReference; lastKnownFileType = sourcecode.swift; path = CGFloat.swift; sourceTree = "<group>"; };
		E83DC5DC2A2DB97E006E2E4F /* HTMLWebView.swift */ = {isa = PBXFileReference; lastKnownFileType = sourcecode.swift; path = HTMLWebView.swift; sourceTree = "<group>"; };
		E83DC5E02A2DBB9D006E2E4F /* CustomNavigationView.swift */ = {isa = PBXFileReference; lastKnownFileType = sourcecode.swift; path = CustomNavigationView.swift; sourceTree = "<group>"; };
		E83DC5E32A2DBBD4006E2E4F /* KeyboardObserver.swift */ = {isa = PBXFileReference; lastKnownFileType = sourcecode.swift; path = KeyboardObserver.swift; sourceTree = "<group>"; };
		E83DC5E62A2DBC16006E2E4F /* UIEdgeInsets.swift */ = {isa = PBXFileReference; lastKnownFileType = sourcecode.swift; path = UIEdgeInsets.swift; sourceTree = "<group>"; };
		E83DC5E82A2DBC2C006E2E4F /* UIApplication.swift */ = {isa = PBXFileReference; lastKnownFileType = sourcecode.swift; path = UIApplication.swift; sourceTree = "<group>"; };
		E83DC5EC2A2DBCCD006E2E4F /* Color.swift */ = {isa = PBXFileReference; lastKnownFileType = sourcecode.swift; path = Color.swift; sourceTree = "<group>"; };
		E85AFE062A5FFD3600E71575 /* DeletableHorizontalScrollableItemView.swift */ = {isa = PBXFileReference; lastKnownFileType = sourcecode.swift; path = DeletableHorizontalScrollableItemView.swift; sourceTree = "<group>"; };
		E85AFE082A6293FC00E71575 /* JMTextField.swift */ = {isa = PBXFileReference; lastKnownFileType = sourcecode.swift; path = JMTextField.swift; sourceTree = "<group>"; };
		E85AFE102A652F6C00E71575 /* JMView.swift */ = {isa = PBXFileReference; lastKnownFileType = sourcecode.swift; path = JMView.swift; sourceTree = "<group>"; };
		E8627F1B2A7AA07500C01478 /* Dictionary.swift */ = {isa = PBXFileReference; lastKnownFileType = sourcecode.swift; path = Dictionary.swift; sourceTree = "<group>"; };
		E868E7B82A6F4C580095F030 /* ScrollToID.swift */ = {isa = PBXFileReference; lastKnownFileType = sourcecode.swift; path = ScrollToID.swift; sourceTree = "<group>"; };
		E868E7BB2A6F96E60095F030 /* Refreshable.swift */ = {isa = PBXFileReference; lastKnownFileType = sourcecode.swift; path = Refreshable.swift; sourceTree = "<group>"; };
		E8822E552A7F5DF600E4AF38 /* FocusedTextField.swift */ = {isa = PBXFileReference; lastKnownFileType = sourcecode.swift; path = FocusedTextField.swift; sourceTree = "<group>"; };
		E88842DF2A4578BD00D8A9BC /* GeometryReaderView.swift */ = {isa = PBXFileReference; lastKnownFileType = sourcecode.swift; path = GeometryReaderView.swift; sourceTree = "<group>"; };
		E893DBA92A3D4A3D0058E729 /* ClearBackgroundModifier.swift */ = {isa = PBXFileReference; lastKnownFileType = sourcecode.swift; path = ClearBackgroundModifier.swift; sourceTree = "<group>"; };
		E8A3CB512A5BAD880074A9BE /* Image.swift */ = {isa = PBXFileReference; lastKnownFileType = sourcecode.swift; path = Image.swift; sourceTree = "<group>"; };
		E8A3CB572A5EC0AE0074A9BE /* HorizontalScrollableItemView.swift */ = {isa = PBXFileReference; lastKnownFileType = sourcecode.swift; path = HorizontalScrollableItemView.swift; sourceTree = "<group>"; };
		E8AA0C852A507FDC00FE6F61 /* LoopingVideoPlayer.swift */ = {isa = PBXFileReference; lastKnownFileType = sourcecode.swift; path = LoopingVideoPlayer.swift; sourceTree = "<group>"; };
		E8BD6BDE2A7E736100860483 /* JMTextEditor.swift */ = {isa = PBXFileReference; lastKnownFileType = sourcecode.swift; path = JMTextEditor.swift; sourceTree = "<group>"; };
		E8BD8F7F2A3F49D90047D42C /* FontWithLineHeightViewModifier.swift */ = {isa = PBXFileReference; lastKnownFileType = sourcecode.swift; path = FontWithLineHeightViewModifier.swift; sourceTree = "<group>"; };
		E8BE12E22A386AF30001FE62 /* ClearableTextField.swift */ = {isa = PBXFileReference; lastKnownFileType = sourcecode.swift; path = ClearableTextField.swift; sourceTree = "<group>"; };
		E8BF16B12A3B17A20096E57E /* TagTextField.swift */ = {isa = PBXFileReference; lastKnownFileType = sourcecode.swift; path = TagTextField.swift; sourceTree = "<group>"; };
		E8BF16B32A3B17ED0096E57E /* Font.swift */ = {isa = PBXFileReference; lastKnownFileType = sourcecode.swift; path = Font.swift; sourceTree = "<group>"; };
		E8BF16B62A3B18800096E57E /* TextFieldClearButtonViewModifier.swift */ = {isa = PBXFileReference; lastKnownFileType = sourcecode.swift; path = TextFieldClearButtonViewModifier.swift; sourceTree = "<group>"; };
		E8BF16B82A3BED170096E57E /* SelectListTextField.swift */ = {isa = PBXFileReference; lastKnownFileType = sourcecode.swift; path = SelectListTextField.swift; sourceTree = "<group>"; };
		E8BF16BC2A4177540096E57E /* AsyncImageView.swift */ = {isa = PBXFileReference; lastKnownFileType = sourcecode.swift; path = AsyncImageView.swift; sourceTree = "<group>"; };
		E8BF16BF2A4178AB0096E57E /* String.swift */ = {isa = PBXFileReference; lastKnownFileType = sourcecode.swift; path = String.swift; sourceTree = "<group>"; };
		E8D163662A4D46A400A570A9 /* NavigationBarModifier.swift */ = {isa = PBXFileReference; lastKnownFileType = sourcecode.swift; path = NavigationBarModifier.swift; sourceTree = "<group>"; };
		E8E3678E2A46047900379934 /* PresentView.swift */ = {isa = PBXFileReference; lastKnownFileType = sourcecode.swift; path = PresentView.swift; sourceTree = "<group>"; };
		E8E367902A4604C400379934 /* View.swift */ = {isa = PBXFileReference; lastKnownFileType = sourcecode.swift; path = View.swift; sourceTree = "<group>"; };
		E8EEF1C22A39B29A0031933E /* CustomTextField.swift */ = {isa = PBXFileReference; lastKnownFileType = sourcecode.swift; path = CustomTextField.swift; sourceTree = "<group>"; };
/* End PBXFileReference section */

/* Begin PBXFrameworksBuildPhase section */
		E83DC5BA2A2CD042006E2E4F /* Frameworks */ = {
			isa = PBXFrameworksBuildPhase;
			buildActionMask = 2147483647;
			files = (
			);
			runOnlyForDeploymentPostprocessing = 0;
		};
/* End PBXFrameworksBuildPhase section */

/* Begin PBXGroup section */
		E8259C6D2A7CB007005BF839 /* Foundation */ = {
			isa = PBXGroup;
			children = (
				E8259C6E2A7CB01A005BF839 /* Bundle.swift */,
			);
			path = Foundation;
			sourceTree = "<group>";
		};
		E83DC5B42A2CD042006E2E4F = {
			isa = PBXGroup;
			children = (
				E83DC5BF2A2CD042006E2E4F /* Utils */,
				E83DC5BE2A2CD042006E2E4F /* Products */,
			);
			sourceTree = "<group>";
		};
		E83DC5BE2A2CD042006E2E4F /* Products */ = {
			isa = PBXGroup;
			children = (
				E83DC5BD2A2CD042006E2E4F /* Utils.app */,
			);
			name = Products;
			sourceTree = "<group>";
		};
		E83DC5BF2A2CD042006E2E4F /* Utils */ = {
			isa = PBXGroup;
			children = (
				E83DC5C02A2CD042006E2E4F /* UtilsApp.swift */,
				E83DC5DF2A2DBB7F006E2E4F /* Views */,
				E83DC5D72A2DB83F006E2E4F /* Extensions */,
				E83DC5D42A2DB7DA006E2E4F /* Shapes */,
				E83DC5CF2A2CD049006E2E4F /* Styles */,
				E83DC5C42A2CD043006E2E4F /* Assets.xcassets */,
				E83DC5C62A2CD043006E2E4F /* Utils.entitlements */,
				E83DC5C72A2CD043006E2E4F /* Preview Content */,
			);
			path = Utils;
			sourceTree = "<group>";
		};
		E83DC5C72A2CD043006E2E4F /* Preview Content */ = {
			isa = PBXGroup;
			children = (
				E83DC5C82A2CD043006E2E4F /* Preview Assets.xcassets */,
			);
			path = "Preview Content";
			sourceTree = "<group>";
		};
		E83DC5CF2A2CD049006E2E4F /* Styles */ = {
			isa = PBXGroup;
			children = (
				E8A990C52A836F1C00EB2BC4 /* ToggleStyles */,
				E83DC5D02A2CD07C006E2E4F /* GaugeProgressStyle.swift */,
			);
			path = Styles;
			sourceTree = "<group>";
		};
		E83DC5D42A2DB7DA006E2E4F /* Shapes */ = {
			isa = PBXGroup;
			children = (
				E83DC5D52A2DB806006E2E4F /* RoundedCorner.swift */,
			);
			path = Shapes;
			sourceTree = "<group>";
		};
		E83DC5D72A2DB83F006E2E4F /* Extensions */ = {
			isa = PBXGroup;
			children = (
				E8259C6D2A7CB007005BF839 /* Foundation */,
				E8BF16BE2A41789E0096E57E /* SwiftStandardLibrary */,
				E83DC5EB2A2DBCC4006E2E4F /* SwiftUI */,
				E83DC5E52A2DBC09006E2E4F /* UIKit */,
				E83DC5D82A2DB84E006E2E4F /* CoreGraphics */,
			);
			path = Extensions;
			sourceTree = "<group>";
		};
		E83DC5D82A2DB84E006E2E4F /* CoreGraphics */ = {
			isa = PBXGroup;
			children = (
				E83DC5D92A2DB8FA006E2E4F /* CGFloat.swift */,
			);
			path = CoreGraphics;
			sourceTree = "<group>";
		};
		E83DC5DB2A2DB96E006E2E4F /* Representables */ = {
			isa = PBXGroup;
			children = (
				E83DC5DC2A2DB97E006E2E4F /* HTMLWebView.swift */,
				E832809D2A4998A400563CBC /* PhotoPicker.swift */,
				E832809F2A4998CA00563CBC /* PhotoPickerService.swift */,
				E8AA0C852A507FDC00FE6F61 /* LoopingVideoPlayer.swift */,
			);
			path = Representables;
			sourceTree = "<group>";
		};
		E83DC5DE2A2DBB77006E2E4F /* Commons */ = {
			isa = PBXGroup;
			children = (
				E8E3678E2A46047900379934 /* PresentView.swift */,
				E83DC5E02A2DBB9D006E2E4F /* CustomNavigationView.swift */,
				E85AFE102A652F6C00E71575 /* JMView.swift */,
				E8BF16BC2A4177540096E57E /* AsyncImageView.swift */,
				E88842DF2A4578BD00D8A9BC /* GeometryReaderView.swift */,
				E80403C22A59ADD800B5D7A8 /* ListView.swift */,
				E80403C42A5A7FA800B5D7A8 /* ItemView.swift */,
				E804C5C12A486B320026616E /* DeletableItemView.swift */,
				E8A3CB572A5EC0AE0074A9BE /* HorizontalScrollableItemView.swift */,
				E85AFE062A5FFD3600E71575 /* DeletableHorizontalScrollableItemView.swift */,
				E8108FC72A4C202E009D60AB /* CurrentTimeView.swift */,
				E8EEF1C22A39B29A0031933E /* CustomTextField.swift */,
				E85AFE082A6293FC00E71575 /* JMTextField.swift */,
				E8BF16B12A3B17A20096E57E /* TagTextField.swift */,
				E8BF16B82A3BED170096E57E /* SelectListTextField.swift */,
				E8BE12E22A386AF30001FE62 /* ClearableTextField.swift */,
				E8822E552A7F5DF600E4AF38 /* FocusedTextField.swift */,
				E8BD6BDE2A7E736100860483 /* JMTextEditor.swift */,
			);
			path = Commons;
			sourceTree = "<group>";
		};
		E83DC5DF2A2DBB7F006E2E4F /* Views */ = {
			isa = PBXGroup;
			children = (
				E868E7BA2A6F96B70095F030 /* BootCamps */,
				E83DC5E22A2DBBC6006E2E4F /* ObservableObjects */,
				E8BF16B52A3B185D0096E57E /* ViewModifiers */,
				E83DC5DB2A2DB96E006E2E4F /* Representables */,
				E83DC5DE2A2DBB77006E2E4F /* Commons */,
			);
			path = Views;
			sourceTree = "<group>";
		};
		E83DC5E22A2DBBC6006E2E4F /* ObservableObjects */ = {
			isa = PBXGroup;
			children = (
				E83DC5E32A2DBBD4006E2E4F /* KeyboardObserver.swift */,
			);
			path = ObservableObjects;
			sourceTree = "<group>";
		};
		E83DC5E52A2DBC09006E2E4F /* UIKit */ = {
			isa = PBXGroup;
			children = (
				E83DC5E82A2DBC2C006E2E4F /* UIApplication.swift */,
				E83DC5E62A2DBC16006E2E4F /* UIEdgeInsets.swift */,
			);
			path = UIKit;
			sourceTree = "<group>";
		};
		E83DC5EB2A2DBCC4006E2E4F /* SwiftUI */ = {
			isa = PBXGroup;
			children = (
				E83DC5EC2A2DBCCD006E2E4F /* Color.swift */,
				E8BF16B32A3B17ED0096E57E /* Font.swift */,
				E8E367902A4604C400379934 /* View.swift */,
				E8A3CB512A5BAD880074A9BE /* Image.swift */,
			);
			path = SwiftUI;
			sourceTree = "<group>";
		};
		E868E7BA2A6F96B70095F030 /* BootCamps */ = {
			isa = PBXGroup;
			children = (
				E868E7B82A6F4C580095F030 /* ScrollToID.swift */,
				E868E7BB2A6F96E60095F030 /* Refreshable.swift */,
			);
			path = BootCamps;
			sourceTree = "<group>";
		};
		E8A990C52A836F1C00EB2BC4 /* ToggleStyles */ = {
			isa = PBXGroup;
			children = (
				E83DC5D22A2DB3CD006E2E4F /* CheckboxToggleStyle.swift */,
			);
			path = ToggleStyles;
			sourceTree = "<group>";
		};
		E8BF16B52A3B185D0096E57E /* ViewModifiers */ = {
			isa = PBXGroup;
			children = (
				E83280A32A4B131B00563CBC /* BackgroundViewModifier.swift */,
				E8BD8F7F2A3F49D90047D42C /* FontWithLineHeightViewModifier.swift */,
				E8D163662A4D46A400A570A9 /* NavigationBarModifier.swift */,
				E893DBA92A3D4A3D0058E729 /* ClearBackgroundModifier.swift */,
				E8BF16B62A3B18800096E57E /* TextFieldClearButtonViewModifier.swift */,
			);
			path = ViewModifiers;
			sourceTree = "<group>";
		};
		E8BF16BE2A41789E0096E57E /* SwiftStandardLibrary */ = {
			isa = PBXGroup;
			children = (
				E8BF16BF2A4178AB0096E57E /* String.swift */,
				E8627F1B2A7AA07500C01478 /* Dictionary.swift */,
			);
			path = SwiftStandardLibrary;
			sourceTree = "<group>";
		};
/* End PBXGroup section */

/* Begin PBXNativeTarget section */
		E83DC5BC2A2CD042006E2E4F /* Utils */ = {
			isa = PBXNativeTarget;
			buildConfigurationList = E83DC5CC2A2CD043006E2E4F /* Build configuration list for PBXNativeTarget "Utils" */;
			buildPhases = (
				E83DC5B92A2CD042006E2E4F /* Sources */,
				E83DC5BA2A2CD042006E2E4F /* Frameworks */,
				E83DC5BB2A2CD042006E2E4F /* Resources */,
			);
			buildRules = (
			);
			dependencies = (
			);
			name = Utils;
			productName = Utils;
			productReference = E83DC5BD2A2CD042006E2E4F /* Utils.app */;
			productType = "com.apple.product-type.application";
		};
/* End PBXNativeTarget section */

/* Begin PBXProject section */
		E83DC5B52A2CD042006E2E4F /* Project object */ = {
			isa = PBXProject;
			attributes = {
				BuildIndependentTargetsInParallel = 1;
				LastSwiftUpdateCheck = 1420;
				LastUpgradeCheck = 1420;
				TargetAttributes = {
					E83DC5BC2A2CD042006E2E4F = {
						CreatedOnToolsVersion = 14.2;
					};
				};
			};
			buildConfigurationList = E83DC5B82A2CD042006E2E4F /* Build configuration list for PBXProject "Utils" */;
			compatibilityVersion = "Xcode 14.0";
			developmentRegion = en;
			hasScannedForEncodings = 0;
			knownRegions = (
				en,
				Base,
			);
			mainGroup = E83DC5B42A2CD042006E2E4F;
			productRefGroup = E83DC5BE2A2CD042006E2E4F /* Products */;
			projectDirPath = "";
			projectRoot = "";
			targets = (
				E83DC5BC2A2CD042006E2E4F /* Utils */,
			);
		};
/* End PBXProject section */

/* Begin PBXResourcesBuildPhase section */
		E83DC5BB2A2CD042006E2E4F /* Resources */ = {
			isa = PBXResourcesBuildPhase;
			buildActionMask = 2147483647;
			files = (
				E83DC5C92A2CD043006E2E4F /* Preview Assets.xcassets in Resources */,
				E83DC5C52A2CD043006E2E4F /* Assets.xcassets in Resources */,
			);
			runOnlyForDeploymentPostprocessing = 0;
		};
/* End PBXResourcesBuildPhase section */

/* Begin PBXSourcesBuildPhase section */
		E83DC5B92A2CD042006E2E4F /* Sources */ = {
			isa = PBXSourcesBuildPhase;
			buildActionMask = 2147483647;
			files = (
				E8EEF1C32A39B29A0031933E /* CustomTextField.swift in Sources */,
				E8259C6F2A7CB01A005BF839 /* Bundle.swift in Sources */,
				E83DC5DA2A2DB8FA006E2E4F /* CGFloat.swift in Sources */,
				E8822E562A7F5DF600E4AF38 /* FocusedTextField.swift in Sources */,
				E804C5C22A486B320026616E /* DeletableItemView.swift in Sources */,
				E8BE12E32A386AF30001FE62 /* ClearableTextField.swift in Sources */,
				E83DC5E42A2DBBD4006E2E4F /* KeyboardObserver.swift in Sources */,
				E83DC5D12A2CD07C006E2E4F /* GaugeProgressStyle.swift in Sources */,
				E83DC5E92A2DBC2C006E2E4F /* UIApplication.swift in Sources */,
				E868E7B92A6F4C580095F030 /* ScrollToID.swift in Sources */,
				E8627F1C2A7AA07500C01478 /* Dictionary.swift in Sources */,
				E85AFE072A5FFD3600E71575 /* DeletableHorizontalScrollableItemView.swift in Sources */,
				E80403C32A59ADD800B5D7A8 /* ListView.swift in Sources */,
				E83DC5ED2A2DBCCD006E2E4F /* Color.swift in Sources */,
				E8BD6BDF2A7E736100860483 /* JMTextEditor.swift in Sources */,
				E83DC5E12A2DBB9D006E2E4F /* CustomNavigationView.swift in Sources */,
				E83DC5D62A2DB806006E2E4F /* RoundedCorner.swift in Sources */,
				E83DC5E72A2DBC16006E2E4F /* UIEdgeInsets.swift in Sources */,
				E88842E02A4578BD00D8A9BC /* GeometryReaderView.swift in Sources */,
				E868E7BC2A6F96E60095F030 /* Refreshable.swift in Sources */,
				E8A3CB522A5BAD880074A9BE /* Image.swift in Sources */,
				E8BF16B72A3B18800096E57E /* TextFieldClearButtonViewModifier.swift in Sources */,
				E8BF16C02A4178AB0096E57E /* String.swift in Sources */,
				E8AA0C862A507FDC00FE6F61 /* LoopingVideoPlayer.swift in Sources */,
				E83DC5DD2A2DB97E006E2E4F /* HTMLWebView.swift in Sources */,
				E8BD8F802A3F49D90047D42C /* FontWithLineHeightViewModifier.swift in Sources */,
				E8E3678F2A46047900379934 /* PresentView.swift in Sources */,
				E85AFE112A652F6C00E71575 /* JMView.swift in Sources */,
				E8BF16B42A3B17ED0096E57E /* Font.swift in Sources */,
				E83280A42A4B131B00563CBC /* BackgroundViewModifier.swift in Sources */,
				E83DC5D32A2DB3CD006E2E4F /* CheckboxToggleStyle.swift in Sources */,
				E85AFE092A6293FC00E71575 /* JMTextField.swift in Sources */,
				E83280A02A4998CA00563CBC /* PhotoPickerService.swift in Sources */,
				E832809E2A4998A400563CBC /* PhotoPicker.swift in Sources */,
				E8BF16B92A3BED170096E57E /* SelectListTextField.swift in Sources */,
				E8BF16B22A3B17A20096E57E /* TagTextField.swift in Sources */,
				E83DC5C12A2CD042006E2E4F /* UtilsApp.swift in Sources */,
				E8E367912A4604C400379934 /* View.swift in Sources */,
				E893DBAA2A3D4A3D0058E729 /* ClearBackgroundModifier.swift in Sources */,
				E8A3CB582A5EC0AE0074A9BE /* HorizontalScrollableItemView.swift in Sources */,
				E8BF16BD2A4177540096E57E /* AsyncImageView.swift in Sources */,
				E80403C52A5A7FA800B5D7A8 /* ItemView.swift in Sources */,
				E8D163672A4D46A400A570A9 /* NavigationBarModifier.swift in Sources */,
				E8108FC82A4C202E009D60AB /* CurrentTimeView.swift in Sources */,
			);
			runOnlyForDeploymentPostprocessing = 0;
		};
/* End PBXSourcesBuildPhase section */

/* Begin XCBuildConfiguration section */
		E83DC5CA2A2CD043006E2E4F /* Debug */ = {
			isa = XCBuildConfiguration;
			buildSettings = {
				ALWAYS_SEARCH_USER_PATHS = NO;
				CLANG_ANALYZER_NONNULL = YES;
				CLANG_ANALYZER_NUMBER_OBJECT_CONVERSION = YES_AGGRESSIVE;
				CLANG_CXX_LANGUAGE_STANDARD = "gnu++20";
				CLANG_ENABLE_MODULES = YES;
				CLANG_ENABLE_OBJC_ARC = YES;
				CLANG_ENABLE_OBJC_WEAK = YES;
				CLANG_WARN_BLOCK_CAPTURE_AUTORELEASING = YES;
				CLANG_WARN_BOOL_CONVERSION = YES;
				CLANG_WARN_COMMA = YES;
				CLANG_WARN_CONSTANT_CONVERSION = YES;
				CLANG_WARN_DEPRECATED_OBJC_IMPLEMENTATIONS = YES;
				CLANG_WARN_DIRECT_OBJC_ISA_USAGE = YES_ERROR;
				CLANG_WARN_DOCUMENTATION_COMMENTS = YES;
				CLANG_WARN_EMPTY_BODY = YES;
				CLANG_WARN_ENUM_CONVERSION = YES;
				CLANG_WARN_INFINITE_RECURSION = YES;
				CLANG_WARN_INT_CONVERSION = YES;
				CLANG_WARN_NON_LITERAL_NULL_CONVERSION = YES;
				CLANG_WARN_OBJC_IMPLICIT_RETAIN_SELF = YES;
				CLANG_WARN_OBJC_LITERAL_CONVERSION = YES;
				CLANG_WARN_OBJC_ROOT_CLASS = YES_ERROR;
				CLANG_WARN_QUOTED_INCLUDE_IN_FRAMEWORK_HEADER = YES;
				CLANG_WARN_RANGE_LOOP_ANALYSIS = YES;
				CLANG_WARN_STRICT_PROTOTYPES = YES;
				CLANG_WARN_SUSPICIOUS_MOVE = YES;
				CLANG_WARN_UNGUARDED_AVAILABILITY = YES_AGGRESSIVE;
				CLANG_WARN_UNREACHABLE_CODE = YES;
				CLANG_WARN__DUPLICATE_METHOD_MATCH = YES;
				COPY_PHASE_STRIP = NO;
				DEBUG_INFORMATION_FORMAT = dwarf;
				ENABLE_STRICT_OBJC_MSGSEND = YES;
				ENABLE_TESTABILITY = YES;
				GCC_C_LANGUAGE_STANDARD = gnu11;
				GCC_DYNAMIC_NO_PIC = NO;
				GCC_NO_COMMON_BLOCKS = YES;
				GCC_OPTIMIZATION_LEVEL = 0;
				GCC_PREPROCESSOR_DEFINITIONS = (
					"DEBUG=1",
					"$(inherited)",
				);
				GCC_WARN_64_TO_32_BIT_CONVERSION = YES;
				GCC_WARN_ABOUT_RETURN_TYPE = YES_ERROR;
				GCC_WARN_UNDECLARED_SELECTOR = YES;
				GCC_WARN_UNINITIALIZED_AUTOS = YES_AGGRESSIVE;
				GCC_WARN_UNUSED_FUNCTION = YES;
				GCC_WARN_UNUSED_VARIABLE = YES;
				MTL_ENABLE_DEBUG_INFO = INCLUDE_SOURCE;
				MTL_FAST_MATH = YES;
				ONLY_ACTIVE_ARCH = YES;
				SWIFT_ACTIVE_COMPILATION_CONDITIONS = DEBUG;
				SWIFT_OPTIMIZATION_LEVEL = "-Onone";
			};
			name = Debug;
		};
		E83DC5CB2A2CD043006E2E4F /* Release */ = {
			isa = XCBuildConfiguration;
			buildSettings = {
				ALWAYS_SEARCH_USER_PATHS = NO;
				CLANG_ANALYZER_NONNULL = YES;
				CLANG_ANALYZER_NUMBER_OBJECT_CONVERSION = YES_AGGRESSIVE;
				CLANG_CXX_LANGUAGE_STANDARD = "gnu++20";
				CLANG_ENABLE_MODULES = YES;
				CLANG_ENABLE_OBJC_ARC = YES;
				CLANG_ENABLE_OBJC_WEAK = YES;
				CLANG_WARN_BLOCK_CAPTURE_AUTORELEASING = YES;
				CLANG_WARN_BOOL_CONVERSION = YES;
				CLANG_WARN_COMMA = YES;
				CLANG_WARN_CONSTANT_CONVERSION = YES;
				CLANG_WARN_DEPRECATED_OBJC_IMPLEMENTATIONS = YES;
				CLANG_WARN_DIRECT_OBJC_ISA_USAGE = YES_ERROR;
				CLANG_WARN_DOCUMENTATION_COMMENTS = YES;
				CLANG_WARN_EMPTY_BODY = YES;
				CLANG_WARN_ENUM_CONVERSION = YES;
				CLANG_WARN_INFINITE_RECURSION = YES;
				CLANG_WARN_INT_CONVERSION = YES;
				CLANG_WARN_NON_LITERAL_NULL_CONVERSION = YES;
				CLANG_WARN_OBJC_IMPLICIT_RETAIN_SELF = YES;
				CLANG_WARN_OBJC_LITERAL_CONVERSION = YES;
				CLANG_WARN_OBJC_ROOT_CLASS = YES_ERROR;
				CLANG_WARN_QUOTED_INCLUDE_IN_FRAMEWORK_HEADER = YES;
				CLANG_WARN_RANGE_LOOP_ANALYSIS = YES;
				CLANG_WARN_STRICT_PROTOTYPES = YES;
				CLANG_WARN_SUSPICIOUS_MOVE = YES;
				CLANG_WARN_UNGUARDED_AVAILABILITY = YES_AGGRESSIVE;
				CLANG_WARN_UNREACHABLE_CODE = YES;
				CLANG_WARN__DUPLICATE_METHOD_MATCH = YES;
				COPY_PHASE_STRIP = NO;
				DEBUG_INFORMATION_FORMAT = "dwarf-with-dsym";
				ENABLE_NS_ASSERTIONS = NO;
				ENABLE_STRICT_OBJC_MSGSEND = YES;
				GCC_C_LANGUAGE_STANDARD = gnu11;
				GCC_NO_COMMON_BLOCKS = YES;
				GCC_WARN_64_TO_32_BIT_CONVERSION = YES;
				GCC_WARN_ABOUT_RETURN_TYPE = YES_ERROR;
				GCC_WARN_UNDECLARED_SELECTOR = YES;
				GCC_WARN_UNINITIALIZED_AUTOS = YES_AGGRESSIVE;
				GCC_WARN_UNUSED_FUNCTION = YES;
				GCC_WARN_UNUSED_VARIABLE = YES;
				MTL_ENABLE_DEBUG_INFO = NO;
				MTL_FAST_MATH = YES;
				SWIFT_COMPILATION_MODE = wholemodule;
				SWIFT_OPTIMIZATION_LEVEL = "-O";
			};
			name = Release;
		};
		E83DC5CD2A2CD043006E2E4F /* Debug */ = {
			isa = XCBuildConfiguration;
			buildSettings = {
				ASSETCATALOG_COMPILER_APPICON_NAME = AppIcon;
				ASSETCATALOG_COMPILER_GLOBAL_ACCENT_COLOR_NAME = AccentColor;
				CODE_SIGN_ENTITLEMENTS = Utils/Utils.entitlements;
				CODE_SIGN_STYLE = Automatic;
				CURRENT_PROJECT_VERSION = 1;
				DEVELOPMENT_ASSET_PATHS = "\"Utils/Preview Content\"";
				DEVELOPMENT_TEAM = MMMXXXYWN4;
				ENABLE_HARDENED_RUNTIME = YES;
				ENABLE_PREVIEWS = YES;
				GENERATE_INFOPLIST_FILE = YES;
				"INFOPLIST_KEY_UIApplicationSceneManifest_Generation[sdk=iphoneos*]" = YES;
				"INFOPLIST_KEY_UIApplicationSceneManifest_Generation[sdk=iphonesimulator*]" = YES;
				"INFOPLIST_KEY_UIApplicationSupportsIndirectInputEvents[sdk=iphoneos*]" = YES;
				"INFOPLIST_KEY_UIApplicationSupportsIndirectInputEvents[sdk=iphonesimulator*]" = YES;
				"INFOPLIST_KEY_UILaunchScreen_Generation[sdk=iphoneos*]" = YES;
				"INFOPLIST_KEY_UILaunchScreen_Generation[sdk=iphonesimulator*]" = YES;
				"INFOPLIST_KEY_UIStatusBarStyle[sdk=iphoneos*]" = UIStatusBarStyleDefault;
				"INFOPLIST_KEY_UIStatusBarStyle[sdk=iphonesimulator*]" = UIStatusBarStyleDefault;
				INFOPLIST_KEY_UISupportedInterfaceOrientations_iPad = "UIInterfaceOrientationPortrait UIInterfaceOrientationPortraitUpsideDown UIInterfaceOrientationLandscapeLeft UIInterfaceOrientationLandscapeRight";
				INFOPLIST_KEY_UISupportedInterfaceOrientations_iPhone = "UIInterfaceOrientationPortrait UIInterfaceOrientationLandscapeLeft UIInterfaceOrientationLandscapeRight";
				IPHONEOS_DEPLOYMENT_TARGET = 15.6;
				LD_RUNPATH_SEARCH_PATHS = "@executable_path/Frameworks";
				"LD_RUNPATH_SEARCH_PATHS[sdk=macosx*]" = "@executable_path/../Frameworks";
				MACOSX_DEPLOYMENT_TARGET = 13.1;
				MARKETING_VERSION = 1.0;
				PRODUCT_BUNDLE_IDENTIFIER = com.zzimss.Utils;
				PRODUCT_NAME = "$(TARGET_NAME)";
				SDKROOT = auto;
				SUPPORTED_PLATFORMS = "iphoneos iphonesimulator macosx";
				SWIFT_EMIT_LOC_STRINGS = YES;
				SWIFT_VERSION = 5.0;
				TARGETED_DEVICE_FAMILY = "1,2";
			};
			name = Debug;
		};
		E83DC5CE2A2CD043006E2E4F /* Release */ = {
			isa = XCBuildConfiguration;
			buildSettings = {
				ASSETCATALOG_COMPILER_APPICON_NAME = AppIcon;
				ASSETCATALOG_COMPILER_GLOBAL_ACCENT_COLOR_NAME = AccentColor;
				CODE_SIGN_ENTITLEMENTS = Utils/Utils.entitlements;
				CODE_SIGN_STYLE = Automatic;
				CURRENT_PROJECT_VERSION = 1;
				DEVELOPMENT_ASSET_PATHS = "\"Utils/Preview Content\"";
				DEVELOPMENT_TEAM = MMMXXXYWN4;
				ENABLE_HARDENED_RUNTIME = YES;
				ENABLE_PREVIEWS = YES;
				GENERATE_INFOPLIST_FILE = YES;
				"INFOPLIST_KEY_UIApplicationSceneManifest_Generation[sdk=iphoneos*]" = YES;
				"INFOPLIST_KEY_UIApplicationSceneManifest_Generation[sdk=iphonesimulator*]" = YES;
				"INFOPLIST_KEY_UIApplicationSupportsIndirectInputEvents[sdk=iphoneos*]" = YES;
				"INFOPLIST_KEY_UIApplicationSupportsIndirectInputEvents[sdk=iphonesimulator*]" = YES;
				"INFOPLIST_KEY_UILaunchScreen_Generation[sdk=iphoneos*]" = YES;
				"INFOPLIST_KEY_UILaunchScreen_Generation[sdk=iphonesimulator*]" = YES;
				"INFOPLIST_KEY_UIStatusBarStyle[sdk=iphoneos*]" = UIStatusBarStyleDefault;
				"INFOPLIST_KEY_UIStatusBarStyle[sdk=iphonesimulator*]" = UIStatusBarStyleDefault;
				INFOPLIST_KEY_UISupportedInterfaceOrientations_iPad = "UIInterfaceOrientationPortrait UIInterfaceOrientationPortraitUpsideDown UIInterfaceOrientationLandscapeLeft UIInterfaceOrientationLandscapeRight";
				INFOPLIST_KEY_UISupportedInterfaceOrientations_iPhone = "UIInterfaceOrientationPortrait UIInterfaceOrientationLandscapeLeft UIInterfaceOrientationLandscapeRight";
				IPHONEOS_DEPLOYMENT_TARGET = 15.6;
				LD_RUNPATH_SEARCH_PATHS = "@executable_path/Frameworks";
				"LD_RUNPATH_SEARCH_PATHS[sdk=macosx*]" = "@executable_path/../Frameworks";
				MACOSX_DEPLOYMENT_TARGET = 13.1;
				MARKETING_VERSION = 1.0;
				PRODUCT_BUNDLE_IDENTIFIER = com.zzimss.Utils;
				PRODUCT_NAME = "$(TARGET_NAME)";
				SDKROOT = auto;
				SUPPORTED_PLATFORMS = "iphoneos iphonesimulator macosx";
				SWIFT_EMIT_LOC_STRINGS = YES;
				SWIFT_VERSION = 5.0;
				TARGETED_DEVICE_FAMILY = "1,2";
			};
			name = Release;
		};
/* End XCBuildConfiguration section */

/* Begin XCConfigurationList section */
		E83DC5B82A2CD042006E2E4F /* Build configuration list for PBXProject "Utils" */ = {
			isa = XCConfigurationList;
			buildConfigurations = (
				E83DC5CA2A2CD043006E2E4F /* Debug */,
				E83DC5CB2A2CD043006E2E4F /* Release */,
			);
			defaultConfigurationIsVisible = 0;
			defaultConfigurationName = Release;
		};
		E83DC5CC2A2CD043006E2E4F /* Build configuration list for PBXNativeTarget "Utils" */ = {
			isa = XCConfigurationList;
			buildConfigurations = (
				E83DC5CD2A2CD043006E2E4F /* Debug */,
				E83DC5CE2A2CD043006E2E4F /* Release */,
			);
			defaultConfigurationIsVisible = 0;
			defaultConfigurationName = Release;
		};
/* End XCConfigurationList section */
	};
	rootObject = E83DC5B52A2CD042006E2E4F /* Project object */;
}
