// !$*UTF8*$!
{
	archiveVersion = 1;
	classes = {
	};
	objectVersion = 56;
	objects = {

/* Begin PBXBuildFile section */
		E831C3C22A1B5B8B004AFD2A /* CustomSignInWithAppleButton.swift in Sources */ = {isa = PBXBuildFile; fileRef = E831C3C12A1B5B8B004AFD2A /* CustomSignInWithAppleButton.swift */; };
		E831C3C42A1B5D50004AFD2A /* SignInWithAppleDelegates.swift in Sources */ = {isa = PBXBuildFile; fileRef = E831C3C32A1B5D50004AFD2A /* SignInWithAppleDelegates.swift */; };
		E84CCABA29FD4F3C00B82D66 /* SignInWithAppleApp.swift in Sources */ = {isa = PBXBuildFile; fileRef = E84CCAB929FD4F3C00B82D66 /* SignInWithAppleApp.swift */; };
		E84CCABC29FD4F3C00B82D66 /* ContentView.swift in Sources */ = {isa = PBXBuildFile; fileRef = E84CCABB29FD4F3C00B82D66 /* ContentView.swift */; };
		E84CCABE29FD4F3E00B82D66 /* Assets.xcassets in Resources */ = {isa = PBXBuildFile; fileRef = E84CCABD29FD4F3E00B82D66 /* Assets.xcassets */; };
		E84CCAC129FD4F3E00B82D66 /* Preview Assets.xcassets in Resources */ = {isa = PBXBuildFile; fileRef = E84CCAC029FD4F3E00B82D66 /* Preview Assets.xcassets */; };
		E84CCAC929FD59B900B82D66 /* AppleSigninButton.swift in Sources */ = {isa = PBXBuildFile; fileRef = E84CCAC829FD59B900B82D66 /* AppleSigninButton.swift */; };
		E84CCACB29FD59FE00B82D66 /* AlertMessage.swift in Sources */ = {isa = PBXBuildFile; fileRef = E84CCACA29FD59FE00B82D66 /* AlertMessage.swift */; };
		E88B3BB32A08F701007FF35A /* CustomSignInWithAppleButtonWithAction.swift in Sources */ = {isa = PBXBuildFile; fileRef = E88B3BB22A08F701007FF35A /* CustomSignInWithAppleButtonWithAction.swift */; };
/* End PBXBuildFile section */

/* Begin PBXFileReference section */
		E831C3C12A1B5B8B004AFD2A /* CustomSignInWithAppleButton.swift */ = {isa = PBXFileReference; lastKnownFileType = sourcecode.swift; path = CustomSignInWithAppleButton.swift; sourceTree = "<group>"; };
		E831C3C32A1B5D50004AFD2A /* SignInWithAppleDelegates.swift */ = {isa = PBXFileReference; lastKnownFileType = sourcecode.swift; path = SignInWithAppleDelegates.swift; sourceTree = "<group>"; };
		E84CCAB629FD4F3C00B82D66 /* SignInWithApple.app */ = {isa = PBXFileReference; explicitFileType = wrapper.application; includeInIndex = 0; path = SignInWithApple.app; sourceTree = BUILT_PRODUCTS_DIR; };
		E84CCAB929FD4F3C00B82D66 /* SignInWithAppleApp.swift */ = {isa = PBXFileReference; lastKnownFileType = sourcecode.swift; path = SignInWithAppleApp.swift; sourceTree = "<group>"; };
		E84CCABB29FD4F3C00B82D66 /* ContentView.swift */ = {isa = PBXFileReference; lastKnownFileType = sourcecode.swift; path = ContentView.swift; sourceTree = "<group>"; };
		E84CCABD29FD4F3E00B82D66 /* Assets.xcassets */ = {isa = PBXFileReference; lastKnownFileType = folder.assetcatalog; path = Assets.xcassets; sourceTree = "<group>"; };
		E84CCAC029FD4F3E00B82D66 /* Preview Assets.xcassets */ = {isa = PBXFileReference; lastKnownFileType = folder.assetcatalog; path = "Preview Assets.xcassets"; sourceTree = "<group>"; };
		E84CCAC729FD55BC00B82D66 /* SignInWithApple.entitlements */ = {isa = PBXFileReference; lastKnownFileType = text.plist.entitlements; path = SignInWithApple.entitlements; sourceTree = "<group>"; };
		E84CCAC829FD59B900B82D66 /* AppleSigninButton.swift */ = {isa = PBXFileReference; lastKnownFileType = sourcecode.swift; path = AppleSigninButton.swift; sourceTree = "<group>"; };
		E84CCACA29FD59FE00B82D66 /* AlertMessage.swift */ = {isa = PBXFileReference; lastKnownFileType = sourcecode.swift; path = AlertMessage.swift; sourceTree = "<group>"; };
		E88B3BB22A08F701007FF35A /* CustomSignInWithAppleButtonWithAction.swift */ = {isa = PBXFileReference; lastKnownFileType = sourcecode.swift; path = CustomSignInWithAppleButtonWithAction.swift; sourceTree = "<group>"; };
/* End PBXFileReference section */

/* Begin PBXFrameworksBuildPhase section */
		E84CCAB329FD4F3C00B82D66 /* Frameworks */ = {
			isa = PBXFrameworksBuildPhase;
			buildActionMask = 2147483647;
			files = (
			);
			runOnlyForDeploymentPostprocessing = 0;
		};
/* End PBXFrameworksBuildPhase section */

/* Begin PBXGroup section */
		E831C3C52A1B5DAD004AFD2A /* Components */ = {
			isa = PBXGroup;
			children = (
				E84CCAC829FD59B900B82D66 /* AppleSigninButton.swift */,
				E88B3BB22A08F701007FF35A /* CustomSignInWithAppleButtonWithAction.swift */,
				E831C3C12A1B5B8B004AFD2A /* CustomSignInWithAppleButton.swift */,
			);
			path = Components;
			sourceTree = "<group>";
		};
		E84CCAAD29FD4F3C00B82D66 = {
			isa = PBXGroup;
			children = (
				E84CCAB829FD4F3C00B82D66 /* SignInWithApple */,
				E84CCAB729FD4F3C00B82D66 /* Products */,
			);
			sourceTree = "<group>";
		};
		E84CCAB729FD4F3C00B82D66 /* Products */ = {
			isa = PBXGroup;
			children = (
				E84CCAB629FD4F3C00B82D66 /* SignInWithApple.app */,
			);
			name = Products;
			sourceTree = "<group>";
		};
		E84CCAB829FD4F3C00B82D66 /* SignInWithApple */ = {
			isa = PBXGroup;
			children = (
				E831C3C52A1B5DAD004AFD2A /* Components */,
				E84CCAC729FD55BC00B82D66 /* SignInWithApple.entitlements */,
				E84CCAB929FD4F3C00B82D66 /* SignInWithAppleApp.swift */,
				E84CCABB29FD4F3C00B82D66 /* ContentView.swift */,
				E831C3C32A1B5D50004AFD2A /* SignInWithAppleDelegates.swift */,
				E84CCACA29FD59FE00B82D66 /* AlertMessage.swift */,
				E84CCABD29FD4F3E00B82D66 /* Assets.xcassets */,
				E84CCABF29FD4F3E00B82D66 /* Preview Content */,
			);
			path = SignInWithApple;
			sourceTree = "<group>";
		};
		E84CCABF29FD4F3E00B82D66 /* Preview Content */ = {
			isa = PBXGroup;
			children = (
				E84CCAC029FD4F3E00B82D66 /* Preview Assets.xcassets */,
			);
			path = "Preview Content";
			sourceTree = "<group>";
		};
/* End PBXGroup section */

/* Begin PBXNativeTarget section */
		E84CCAB529FD4F3C00B82D66 /* SignInWithApple */ = {
			isa = PBXNativeTarget;
			buildConfigurationList = E84CCAC429FD4F3E00B82D66 /* Build configuration list for PBXNativeTarget "SignInWithApple" */;
			buildPhases = (
				E84CCAB229FD4F3C00B82D66 /* Sources */,
				E84CCAB329FD4F3C00B82D66 /* Frameworks */,
				E84CCAB429FD4F3C00B82D66 /* Resources */,
			);
			buildRules = (
			);
			dependencies = (
			);
			name = SignInWithApple;
			productName = SignInWithApple;
			productReference = E84CCAB629FD4F3C00B82D66 /* SignInWithApple.app */;
			productType = "com.apple.product-type.application";
		};
/* End PBXNativeTarget section */

/* Begin PBXProject section */
		E84CCAAE29FD4F3C00B82D66 /* Project object */ = {
			isa = PBXProject;
			attributes = {
				BuildIndependentTargetsInParallel = 1;
				LastSwiftUpdateCheck = 1420;
				LastUpgradeCheck = 1420;
				TargetAttributes = {
					E84CCAB529FD4F3C00B82D66 = {
						CreatedOnToolsVersion = 14.2;
					};
				};
			};
			buildConfigurationList = E84CCAB129FD4F3C00B82D66 /* Build configuration list for PBXProject "SignInWithApple" */;
			compatibilityVersion = "Xcode 14.0";
			developmentRegion = en;
			hasScannedForEncodings = 0;
			knownRegions = (
				en,
				Base,
			);
			mainGroup = E84CCAAD29FD4F3C00B82D66;
			productRefGroup = E84CCAB729FD4F3C00B82D66 /* Products */;
			projectDirPath = "";
			projectRoot = "";
			targets = (
				E84CCAB529FD4F3C00B82D66 /* SignInWithApple */,
			);
		};
/* End PBXProject section */

/* Begin PBXResourcesBuildPhase section */
		E84CCAB429FD4F3C00B82D66 /* Resources */ = {
			isa = PBXResourcesBuildPhase;
			buildActionMask = 2147483647;
			files = (
				E84CCAC129FD4F3E00B82D66 /* Preview Assets.xcassets in Resources */,
				E84CCABE29FD4F3E00B82D66 /* Assets.xcassets in Resources */,
			);
			runOnlyForDeploymentPostprocessing = 0;
		};
/* End PBXResourcesBuildPhase section */

/* Begin PBXSourcesBuildPhase section */
		E84CCAB229FD4F3C00B82D66 /* Sources */ = {
			isa = PBXSourcesBuildPhase;
			buildActionMask = 2147483647;
			files = (
				E831C3C42A1B5D50004AFD2A /* SignInWithAppleDelegates.swift in Sources */,
				E84CCABC29FD4F3C00B82D66 /* ContentView.swift in Sources */,
				E84CCABA29FD4F3C00B82D66 /* SignInWithAppleApp.swift in Sources */,
				E831C3C22A1B5B8B004AFD2A /* CustomSignInWithAppleButton.swift in Sources */,
				E84CCACB29FD59FE00B82D66 /* AlertMessage.swift in Sources */,
				E88B3BB32A08F701007FF35A /* CustomSignInWithAppleButtonWithAction.swift in Sources */,
				E84CCAC929FD59B900B82D66 /* AppleSigninButton.swift in Sources */,
			);
			runOnlyForDeploymentPostprocessing = 0;
		};
/* End PBXSourcesBuildPhase section */

/* Begin XCBuildConfiguration section */
		E84CCAC229FD4F3E00B82D66 /* Debug */ = {
			isa = XCBuildConfiguration;
			buildSettings = {
				ALWAYS_SEARCH_USER_PATHS = NO;
				CLANG_ANALYZER_NONNULL = YES;
				CLANG_ANALYZER_NUMBER_OBJECT_CONVERSION = YES_AGGRESSIVE;
				CLANG_CXX_LANGUAGE_STANDARD = "gnu++20";
				CLANG_ENABLE_MODULES = YES;
				CLANG_ENABLE_OBJC_ARC = YES;
				CLANG_ENABLE_OBJC_WEAK = YES;
				CLANG_WARN_BLOCK_CAPTURE_AUTORELEASING = YES;
				CLANG_WARN_BOOL_CONVERSION = YES;
				CLANG_WARN_COMMA = YES;
				CLANG_WARN_CONSTANT_CONVERSION = YES;
				CLANG_WARN_DEPRECATED_OBJC_IMPLEMENTATIONS = YES;
				CLANG_WARN_DIRECT_OBJC_ISA_USAGE = YES_ERROR;
				CLANG_WARN_DOCUMENTATION_COMMENTS = YES;
				CLANG_WARN_EMPTY_BODY = YES;
				CLANG_WARN_ENUM_CONVERSION = YES;
				CLANG_WARN_INFINITE_RECURSION = YES;
				CLANG_WARN_INT_CONVERSION = YES;
				CLANG_WARN_NON_LITERAL_NULL_CONVERSION = YES;
				CLANG_WARN_OBJC_IMPLICIT_RETAIN_SELF = YES;
				CLANG_WARN_OBJC_LITERAL_CONVERSION = YES;
				CLANG_WARN_OBJC_ROOT_CLASS = YES_ERROR;
				CLANG_WARN_QUOTED_INCLUDE_IN_FRAMEWORK_HEADER = YES;
				CLANG_WARN_RANGE_LOOP_ANALYSIS = YES;
				CLANG_WARN_STRICT_PROTOTYPES = YES;
				CLANG_WARN_SUSPICIOUS_MOVE = YES;
				CLANG_WARN_UNGUARDED_AVAILABILITY = YES_AGGRESSIVE;
				CLANG_WARN_UNREACHABLE_CODE = YES;
				CLANG_WARN__DUPLICATE_METHOD_MATCH = YES;
				COPY_PHASE_STRIP = NO;
				DEBUG_INFORMATION_FORMAT = dwarf;
				ENABLE_STRICT_OBJC_MSGSEND = YES;
				ENABLE_TESTABILITY = YES;
				GCC_C_LANGUAGE_STANDARD = gnu11;
				GCC_DYNAMIC_NO_PIC = NO;
				GCC_NO_COMMON_BLOCKS = YES;
				GCC_OPTIMIZATION_LEVEL = 0;
				GCC_PREPROCESSOR_DEFINITIONS = (
					"DEBUG=1",
					"$(inherited)",
				);
				GCC_WARN_64_TO_32_BIT_CONVERSION = YES;
				GCC_WARN_ABOUT_RETURN_TYPE = YES_ERROR;
				GCC_WARN_UNDECLARED_SELECTOR = YES;
				GCC_WARN_UNINITIALIZED_AUTOS = YES_AGGRESSIVE;
				GCC_WARN_UNUSED_FUNCTION = YES;
				GCC_WARN_UNUSED_VARIABLE = YES;
				IPHONEOS_DEPLOYMENT_TARGET = 16.2;
				MTL_ENABLE_DEBUG_INFO = INCLUDE_SOURCE;
				MTL_FAST_MATH = YES;
				ONLY_ACTIVE_ARCH = YES;
				SDKROOT = iphoneos;
				SWIFT_ACTIVE_COMPILATION_CONDITIONS = DEBUG;
				SWIFT_OPTIMIZATION_LEVEL = "-Onone";
			};
			name = Debug;
		};
		E84CCAC329FD4F3E00B82D66 /* Release */ = {
			isa = XCBuildConfiguration;
			buildSettings = {
				ALWAYS_SEARCH_USER_PATHS = NO;
				CLANG_ANALYZER_NONNULL = YES;
				CLANG_ANALYZER_NUMBER_OBJECT_CONVERSION = YES_AGGRESSIVE;
				CLANG_CXX_LANGUAGE_STANDARD = "gnu++20";
				CLANG_ENABLE_MODULES = YES;
				CLANG_ENABLE_OBJC_ARC = YES;
				CLANG_ENABLE_OBJC_WEAK = YES;
				CLANG_WARN_BLOCK_CAPTURE_AUTORELEASING = YES;
				CLANG_WARN_BOOL_CONVERSION = YES;
				CLANG_WARN_COMMA = YES;
				CLANG_WARN_CONSTANT_CONVERSION = YES;
				CLANG_WARN_DEPRECATED_OBJC_IMPLEMENTATIONS = YES;
				CLANG_WARN_DIRECT_OBJC_ISA_USAGE = YES_ERROR;
				CLANG_WARN_DOCUMENTATION_COMMENTS = YES;
				CLANG_WARN_EMPTY_BODY = YES;
				CLANG_WARN_ENUM_CONVERSION = YES;
				CLANG_WARN_INFINITE_RECURSION = YES;
				CLANG_WARN_INT_CONVERSION = YES;
				CLANG_WARN_NON_LITERAL_NULL_CONVERSION = YES;
				CLANG_WARN_OBJC_IMPLICIT_RETAIN_SELF = YES;
				CLANG_WARN_OBJC_LITERAL_CONVERSION = YES;
				CLANG_WARN_OBJC_ROOT_CLASS = YES_ERROR;
				CLANG_WARN_QUOTED_INCLUDE_IN_FRAMEWORK_HEADER = YES;
				CLANG_WARN_RANGE_LOOP_ANALYSIS = YES;
				CLANG_WARN_STRICT_PROTOTYPES = YES;
				CLANG_WARN_SUSPICIOUS_MOVE = YES;
				CLANG_WARN_UNGUARDED_AVAILABILITY = YES_AGGRESSIVE;
				CLANG_WARN_UNREACHABLE_CODE = YES;
				CLANG_WARN__DUPLICATE_METHOD_MATCH = YES;
				COPY_PHASE_STRIP = NO;
				DEBUG_INFORMATION_FORMAT = "dwarf-with-dsym";
				ENABLE_NS_ASSERTIONS = NO;
				ENABLE_STRICT_OBJC_MSGSEND = YES;
				GCC_C_LANGUAGE_STANDARD = gnu11;
				GCC_NO_COMMON_BLOCKS = YES;
				GCC_WARN_64_TO_32_BIT_CONVERSION = YES;
				GCC_WARN_ABOUT_RETURN_TYPE = YES_ERROR;
				GCC_WARN_UNDECLARED_SELECTOR = YES;
				GCC_WARN_UNINITIALIZED_AUTOS = YES_AGGRESSIVE;
				GCC_WARN_UNUSED_FUNCTION = YES;
				GCC_WARN_UNUSED_VARIABLE = YES;
				IPHONEOS_DEPLOYMENT_TARGET = 16.2;
				MTL_ENABLE_DEBUG_INFO = NO;
				MTL_FAST_MATH = YES;
				SDKROOT = iphoneos;
				SWIFT_COMPILATION_MODE = wholemodule;
				SWIFT_OPTIMIZATION_LEVEL = "-O";
				VALIDATE_PRODUCT = YES;
			};
			name = Release;
		};
		E84CCAC529FD4F3E00B82D66 /* Debug */ = {
			isa = XCBuildConfiguration;
			buildSettings = {
				ASSETCATALOG_COMPILER_APPICON_NAME = AppIcon;
				ASSETCATALOG_COMPILER_GLOBAL_ACCENT_COLOR_NAME = AccentColor;
				CODE_SIGN_ENTITLEMENTS = SignInWithApple/SignInWithApple.entitlements;
				CODE_SIGN_STYLE = Automatic;
				CURRENT_PROJECT_VERSION = 1;
				DEVELOPMENT_ASSET_PATHS = "\"SignInWithApple/Preview Content\"";
				DEVELOPMENT_TEAM = MMMXXXYWN4;
				ENABLE_PREVIEWS = YES;
				GENERATE_INFOPLIST_FILE = YES;
				INFOPLIST_KEY_UIApplicationSceneManifest_Generation = YES;
				INFOPLIST_KEY_UIApplicationSupportsIndirectInputEvents = YES;
				INFOPLIST_KEY_UILaunchScreen_Generation = YES;
				INFOPLIST_KEY_UISupportedInterfaceOrientations_iPad = "UIInterfaceOrientationPortrait UIInterfaceOrientationPortraitUpsideDown UIInterfaceOrientationLandscapeLeft UIInterfaceOrientationLandscapeRight";
				INFOPLIST_KEY_UISupportedInterfaceOrientations_iPhone = "UIInterfaceOrientationPortrait UIInterfaceOrientationLandscapeLeft UIInterfaceOrientationLandscapeRight";
				IPHONEOS_DEPLOYMENT_TARGET = 16.0;
				LD_RUNPATH_SEARCH_PATHS = (
					"$(inherited)",
					"@executable_path/Frameworks",
				);
				MARKETING_VERSION = 1.0;
				PRODUCT_BUNDLE_IDENTIFIER = com.zzimss.SignInWithApple;
				PRODUCT_NAME = "$(TARGET_NAME)";
				SWIFT_EMIT_LOC_STRINGS = YES;
				SWIFT_VERSION = 5.0;
				TARGETED_DEVICE_FAMILY = "1,2";
			};
			name = Debug;
		};
		E84CCAC629FD4F3E00B82D66 /* Release */ = {
			isa = XCBuildConfiguration;
			buildSettings = {
				ASSETCATALOG_COMPILER_APPICON_NAME = AppIcon;
				ASSETCATALOG_COMPILER_GLOBAL_ACCENT_COLOR_NAME = AccentColor;
				CODE_SIGN_ENTITLEMENTS = SignInWithApple/SignInWithApple.entitlements;
				CODE_SIGN_STYLE = Automatic;
				CURRENT_PROJECT_VERSION = 1;
				DEVELOPMENT_ASSET_PATHS = "\"SignInWithApple/Preview Content\"";
				DEVELOPMENT_TEAM = MMMXXXYWN4;
				ENABLE_PREVIEWS = YES;
				GENERATE_INFOPLIST_FILE = YES;
				INFOPLIST_KEY_UIApplicationSceneManifest_Generation = YES;
				INFOPLIST_KEY_UIApplicationSupportsIndirectInputEvents = YES;
				INFOPLIST_KEY_UILaunchScreen_Generation = YES;
				INFOPLIST_KEY_UISupportedInterfaceOrientations_iPad = "UIInterfaceOrientationPortrait UIInterfaceOrientationPortraitUpsideDown UIInterfaceOrientationLandscapeLeft UIInterfaceOrientationLandscapeRight";
				INFOPLIST_KEY_UISupportedInterfaceOrientations_iPhone = "UIInterfaceOrientationPortrait UIInterfaceOrientationLandscapeLeft UIInterfaceOrientationLandscapeRight";
				IPHONEOS_DEPLOYMENT_TARGET = 16.0;
				LD_RUNPATH_SEARCH_PATHS = (
					"$(inherited)",
					"@executable_path/Frameworks",
				);
				MARKETING_VERSION = 1.0;
				PRODUCT_BUNDLE_IDENTIFIER = com.zzimss.SignInWithApple;
				PRODUCT_NAME = "$(TARGET_NAME)";
				SWIFT_EMIT_LOC_STRINGS = YES;
				SWIFT_VERSION = 5.0;
				TARGETED_DEVICE_FAMILY = "1,2";
			};
			name = Release;
		};
/* End XCBuildConfiguration section */

/* Begin XCConfigurationList section */
		E84CCAB129FD4F3C00B82D66 /* Build configuration list for PBXProject "SignInWithApple" */ = {
			isa = XCConfigurationList;
			buildConfigurations = (
				E84CCAC229FD4F3E00B82D66 /* Debug */,
				E84CCAC329FD4F3E00B82D66 /* Release */,
			);
			defaultConfigurationIsVisible = 0;
			defaultConfigurationName = Release;
		};
		E84CCAC429FD4F3E00B82D66 /* Build configuration list for PBXNativeTarget "SignInWithApple" */ = {
			isa = XCConfigurationList;
			buildConfigurations = (
				E84CCAC529FD4F3E00B82D66 /* Debug */,
				E84CCAC629FD4F3E00B82D66 /* Release */,
			);
			defaultConfigurationIsVisible = 0;
			defaultConfigurationName = Release;
		};
/* End XCConfigurationList section */
	};
	rootObject = E84CCAAE29FD4F3C00B82D66 /* Project object */;
}
