// !$*UTF8*$!
{
	archiveVersion = 1;
	classes = {
	};
	objectVersion = 56;
	objects = {

/* Begin PBXBuildFile section */
		E8D093B529AC5835003C7795 /* Animated_HeaderApp.swift in Sources */ = {isa = PBXBuildFile; fileRef = E8D093B429AC5835003C7795 /* Animated_HeaderApp.swift */; };
		E8D093B729AC5835003C7795 /* ContentView.swift in Sources */ = {isa = PBXBuildFile; fileRef = E8D093B629AC5835003C7795 /* ContentView.swift */; };
		E8D093B929AC5836003C7795 /* Assets.xcassets in Resources */ = {isa = PBXBuildFile; fileRef = E8D093B829AC5836003C7795 /* Assets.xcassets */; };
		E8D093BD29AC5836003C7795 /* Preview Assets.xcassets in Resources */ = {isa = PBXBuildFile; fileRef = E8D093BC29AC5836003C7795 /* Preview Assets.xcassets */; };
		E8D093C729AC5836003C7795 /* Animated_HeaderTests.swift in Sources */ = {isa = PBXBuildFile; fileRef = E8D093C629AC5836003C7795 /* Animated_HeaderTests.swift */; };
		E8D093D129AC5836003C7795 /* Animated_HeaderUITests.swift in Sources */ = {isa = PBXBuildFile; fileRef = E8D093D029AC5836003C7795 /* Animated_HeaderUITests.swift */; };
		E8D093D329AC5836003C7795 /* Animated_HeaderUITestsLaunchTests.swift in Sources */ = {isa = PBXBuildFile; fileRef = E8D093D229AC5836003C7795 /* Animated_HeaderUITestsLaunchTests.swift */; };
		E8D093E629AC746E003C7795 /* Home.swift in Sources */ = {isa = PBXBuildFile; fileRef = E8D093E529AC746E003C7795 /* Home.swift */; };
		E8D093E829AC7490003C7795 /* Food.swift in Sources */ = {isa = PBXBuildFile; fileRef = E8D093E729AC7490003C7795 /* Food.swift */; };
		E8D093EA29AC84BB003C7795 /* CardView.swift in Sources */ = {isa = PBXBuildFile; fileRef = E8D093E929AC84BB003C7795 /* CardView.swift */; };
		E8D093EC29AC8C59003C7795 /* HeaderView.swift in Sources */ = {isa = PBXBuildFile; fileRef = E8D093EB29AC8C59003C7795 /* HeaderView.swift */; };
		E8D093EE29AC8F64003C7795 /* Tab.swift in Sources */ = {isa = PBXBuildFile; fileRef = E8D093ED29AC8F64003C7795 /* Tab.swift */; };
/* End PBXBuildFile section */

/* Begin PBXContainerItemProxy section */
		E8D093C329AC5836003C7795 /* PBXContainerItemProxy */ = {
			isa = PBXContainerItemProxy;
			containerPortal = E8D093A929AC5835003C7795 /* Project object */;
			proxyType = 1;
			remoteGlobalIDString = E8D093B029AC5835003C7795;
			remoteInfo = "Animated Header";
		};
		E8D093CD29AC5836003C7795 /* PBXContainerItemProxy */ = {
			isa = PBXContainerItemProxy;
			containerPortal = E8D093A929AC5835003C7795 /* Project object */;
			proxyType = 1;
			remoteGlobalIDString = E8D093B029AC5835003C7795;
			remoteInfo = "Animated Header";
		};
/* End PBXContainerItemProxy section */

/* Begin PBXFileReference section */
		E8D093B129AC5835003C7795 /* Animated Header.app */ = {isa = PBXFileReference; explicitFileType = wrapper.application; includeInIndex = 0; path = "Animated Header.app"; sourceTree = BUILT_PRODUCTS_DIR; };
		E8D093B429AC5835003C7795 /* Animated_HeaderApp.swift */ = {isa = PBXFileReference; lastKnownFileType = sourcecode.swift; path = Animated_HeaderApp.swift; sourceTree = "<group>"; };
		E8D093B629AC5835003C7795 /* ContentView.swift */ = {isa = PBXFileReference; lastKnownFileType = sourcecode.swift; path = ContentView.swift; sourceTree = "<group>"; };
		E8D093B829AC5836003C7795 /* Assets.xcassets */ = {isa = PBXFileReference; lastKnownFileType = folder.assetcatalog; path = Assets.xcassets; sourceTree = "<group>"; };
		E8D093BA29AC5836003C7795 /* Animated_Header.entitlements */ = {isa = PBXFileReference; lastKnownFileType = text.plist.entitlements; path = Animated_Header.entitlements; sourceTree = "<group>"; };
		E8D093BC29AC5836003C7795 /* Preview Assets.xcassets */ = {isa = PBXFileReference; lastKnownFileType = folder.assetcatalog; path = "Preview Assets.xcassets"; sourceTree = "<group>"; };
		E8D093C229AC5836003C7795 /* Animated HeaderTests.xctest */ = {isa = PBXFileReference; explicitFileType = wrapper.cfbundle; includeInIndex = 0; path = "Animated HeaderTests.xctest"; sourceTree = BUILT_PRODUCTS_DIR; };
		E8D093C629AC5836003C7795 /* Animated_HeaderTests.swift */ = {isa = PBXFileReference; lastKnownFileType = sourcecode.swift; path = Animated_HeaderTests.swift; sourceTree = "<group>"; };
		E8D093CC29AC5836003C7795 /* Animated HeaderUITests.xctest */ = {isa = PBXFileReference; explicitFileType = wrapper.cfbundle; includeInIndex = 0; path = "Animated HeaderUITests.xctest"; sourceTree = BUILT_PRODUCTS_DIR; };
		E8D093D029AC5836003C7795 /* Animated_HeaderUITests.swift */ = {isa = PBXFileReference; lastKnownFileType = sourcecode.swift; path = Animated_HeaderUITests.swift; sourceTree = "<group>"; };
		E8D093D229AC5836003C7795 /* Animated_HeaderUITestsLaunchTests.swift */ = {isa = PBXFileReference; lastKnownFileType = sourcecode.swift; path = Animated_HeaderUITestsLaunchTests.swift; sourceTree = "<group>"; };
		E8D093E529AC746E003C7795 /* Home.swift */ = {isa = PBXFileReference; lastKnownFileType = sourcecode.swift; path = Home.swift; sourceTree = "<group>"; };
		E8D093E729AC7490003C7795 /* Food.swift */ = {isa = PBXFileReference; lastKnownFileType = sourcecode.swift; path = Food.swift; sourceTree = "<group>"; };
		E8D093E929AC84BB003C7795 /* CardView.swift */ = {isa = PBXFileReference; lastKnownFileType = sourcecode.swift; path = CardView.swift; sourceTree = "<group>"; };
		E8D093EB29AC8C59003C7795 /* HeaderView.swift */ = {isa = PBXFileReference; lastKnownFileType = sourcecode.swift; path = HeaderView.swift; sourceTree = "<group>"; };
		E8D093ED29AC8F64003C7795 /* Tab.swift */ = {isa = PBXFileReference; lastKnownFileType = sourcecode.swift; path = Tab.swift; sourceTree = "<group>"; };
/* End PBXFileReference section */

/* Begin PBXFrameworksBuildPhase section */
		E8D093AE29AC5835003C7795 /* Frameworks */ = {
			isa = PBXFrameworksBuildPhase;
			buildActionMask = 2147483647;
			files = (
			);
			runOnlyForDeploymentPostprocessing = 0;
		};
		E8D093BF29AC5836003C7795 /* Frameworks */ = {
			isa = PBXFrameworksBuildPhase;
			buildActionMask = 2147483647;
			files = (
			);
			runOnlyForDeploymentPostprocessing = 0;
		};
		E8D093C929AC5836003C7795 /* Frameworks */ = {
			isa = PBXFrameworksBuildPhase;
			buildActionMask = 2147483647;
			files = (
			);
			runOnlyForDeploymentPostprocessing = 0;
		};
/* End PBXFrameworksBuildPhase section */

/* Begin PBXGroup section */
		E8D093A829AC5835003C7795 = {
			isa = PBXGroup;
			children = (
				E8D093B329AC5835003C7795 /* Animated Header */,
				E8D093C529AC5836003C7795 /* Animated HeaderTests */,
				E8D093CF29AC5836003C7795 /* Animated HeaderUITests */,
				E8D093B229AC5835003C7795 /* Products */,
			);
			sourceTree = "<group>";
		};
		E8D093B229AC5835003C7795 /* Products */ = {
			isa = PBXGroup;
			children = (
				E8D093B129AC5835003C7795 /* Animated Header.app */,
				E8D093C229AC5836003C7795 /* Animated HeaderTests.xctest */,
				E8D093CC29AC5836003C7795 /* Animated HeaderUITests.xctest */,
			);
			name = Products;
			sourceTree = "<group>";
		};
		E8D093B329AC5835003C7795 /* Animated Header */ = {
			isa = PBXGroup;
			children = (
				E8D093E229AC7433003C7795 /* ViewModel */,
				E8D093E129AC742C003C7795 /* Model */,
				E8D093DF29AC740F003C7795 /* View */,
				E8D093B429AC5835003C7795 /* Animated_HeaderApp.swift */,
				E8D093B629AC5835003C7795 /* ContentView.swift */,
				E8D093B829AC5836003C7795 /* Assets.xcassets */,
				E8D093BA29AC5836003C7795 /* Animated_Header.entitlements */,
				E8D093BB29AC5836003C7795 /* Preview Content */,
			);
			path = "Animated Header";
			sourceTree = "<group>";
		};
		E8D093BB29AC5836003C7795 /* Preview Content */ = {
			isa = PBXGroup;
			children = (
				E8D093BC29AC5836003C7795 /* Preview Assets.xcassets */,
			);
			path = "Preview Content";
			sourceTree = "<group>";
		};
		E8D093C529AC5836003C7795 /* Animated HeaderTests */ = {
			isa = PBXGroup;
			children = (
				E8D093C629AC5836003C7795 /* Animated_HeaderTests.swift */,
			);
			path = "Animated HeaderTests";
			sourceTree = "<group>";
		};
		E8D093CF29AC5836003C7795 /* Animated HeaderUITests */ = {
			isa = PBXGroup;
			children = (
				E8D093D029AC5836003C7795 /* Animated_HeaderUITests.swift */,
				E8D093D229AC5836003C7795 /* Animated_HeaderUITestsLaunchTests.swift */,
			);
			path = "Animated HeaderUITests";
			sourceTree = "<group>";
		};
		E8D093DF29AC740F003C7795 /* View */ = {
			isa = PBXGroup;
			children = (
				E8D093E529AC746E003C7795 /* Home.swift */,
				E8D093E929AC84BB003C7795 /* CardView.swift */,
				E8D093EB29AC8C59003C7795 /* HeaderView.swift */,
			);
			path = View;
			sourceTree = "<group>";
		};
		E8D093E129AC742C003C7795 /* Model */ = {
			isa = PBXGroup;
			children = (
				E8D093E729AC7490003C7795 /* Food.swift */,
				E8D093ED29AC8F64003C7795 /* Tab.swift */,
			);
			path = Model;
			sourceTree = "<group>";
		};
		E8D093E229AC7433003C7795 /* ViewModel */ = {
			isa = PBXGroup;
			children = (
			);
			path = ViewModel;
			sourceTree = "<group>";
		};
/* End PBXGroup section */

/* Begin PBXNativeTarget section */
		E8D093B029AC5835003C7795 /* Animated Header */ = {
			isa = PBXNativeTarget;
			buildConfigurationList = E8D093D629AC5836003C7795 /* Build configuration list for PBXNativeTarget "Animated Header" */;
			buildPhases = (
				E8D093AD29AC5835003C7795 /* Sources */,
				E8D093AE29AC5835003C7795 /* Frameworks */,
				E8D093AF29AC5835003C7795 /* Resources */,
			);
			buildRules = (
			);
			dependencies = (
			);
			name = "Animated Header";
			productName = "Animated Header";
			productReference = E8D093B129AC5835003C7795 /* Animated Header.app */;
			productType = "com.apple.product-type.application";
		};
		E8D093C129AC5836003C7795 /* Animated HeaderTests */ = {
			isa = PBXNativeTarget;
			buildConfigurationList = E8D093D929AC5836003C7795 /* Build configuration list for PBXNativeTarget "Animated HeaderTests" */;
			buildPhases = (
				E8D093BE29AC5836003C7795 /* Sources */,
				E8D093BF29AC5836003C7795 /* Frameworks */,
				E8D093C029AC5836003C7795 /* Resources */,
			);
			buildRules = (
			);
			dependencies = (
				E8D093C429AC5836003C7795 /* PBXTargetDependency */,
			);
			name = "Animated HeaderTests";
			productName = "Animated HeaderTests";
			productReference = E8D093C229AC5836003C7795 /* Animated HeaderTests.xctest */;
			productType = "com.apple.product-type.bundle.unit-test";
		};
		E8D093CB29AC5836003C7795 /* Animated HeaderUITests */ = {
			isa = PBXNativeTarget;
			buildConfigurationList = E8D093DC29AC5836003C7795 /* Build configuration list for PBXNativeTarget "Animated HeaderUITests" */;
			buildPhases = (
				E8D093C829AC5836003C7795 /* Sources */,
				E8D093C929AC5836003C7795 /* Frameworks */,
				E8D093CA29AC5836003C7795 /* Resources */,
			);
			buildRules = (
			);
			dependencies = (
				E8D093CE29AC5836003C7795 /* PBXTargetDependency */,
			);
			name = "Animated HeaderUITests";
			productName = "Animated HeaderUITests";
			productReference = E8D093CC29AC5836003C7795 /* Animated HeaderUITests.xctest */;
			productType = "com.apple.product-type.bundle.ui-testing";
		};
/* End PBXNativeTarget section */

/* Begin PBXProject section */
		E8D093A929AC5835003C7795 /* Project object */ = {
			isa = PBXProject;
			attributes = {
				BuildIndependentTargetsInParallel = 1;
				LastSwiftUpdateCheck = 1420;
				LastUpgradeCheck = 1420;
				TargetAttributes = {
					E8D093B029AC5835003C7795 = {
						CreatedOnToolsVersion = 14.2;
					};
					E8D093C129AC5836003C7795 = {
						CreatedOnToolsVersion = 14.2;
						TestTargetID = E8D093B029AC5835003C7795;
					};
					E8D093CB29AC5836003C7795 = {
						CreatedOnToolsVersion = 14.2;
						TestTargetID = E8D093B029AC5835003C7795;
					};
				};
			};
			buildConfigurationList = E8D093AC29AC5835003C7795 /* Build configuration list for PBXProject "Animated Header" */;
			compatibilityVersion = "Xcode 14.0";
			developmentRegion = en;
			hasScannedForEncodings = 0;
			knownRegions = (
				en,
				Base,
			);
			mainGroup = E8D093A829AC5835003C7795;
			productRefGroup = E8D093B229AC5835003C7795 /* Products */;
			projectDirPath = "";
			projectRoot = "";
			targets = (
				E8D093B029AC5835003C7795 /* Animated Header */,
				E8D093C129AC5836003C7795 /* Animated HeaderTests */,
				E8D093CB29AC5836003C7795 /* Animated HeaderUITests */,
			);
		};
/* End PBXProject section */

/* Begin PBXResourcesBuildPhase section */
		E8D093AF29AC5835003C7795 /* Resources */ = {
			isa = PBXResourcesBuildPhase;
			buildActionMask = 2147483647;
			files = (
				E8D093BD29AC5836003C7795 /* Preview Assets.xcassets in Resources */,
				E8D093B929AC5836003C7795 /* Assets.xcassets in Resources */,
			);
			runOnlyForDeploymentPostprocessing = 0;
		};
		E8D093C029AC5836003C7795 /* Resources */ = {
			isa = PBXResourcesBuildPhase;
			buildActionMask = 2147483647;
			files = (
			);
			runOnlyForDeploymentPostprocessing = 0;
		};
		E8D093CA29AC5836003C7795 /* Resources */ = {
			isa = PBXResourcesBuildPhase;
			buildActionMask = 2147483647;
			files = (
			);
			runOnlyForDeploymentPostprocessing = 0;
		};
/* End PBXResourcesBuildPhase section */

/* Begin PBXSourcesBuildPhase section */
		E8D093AD29AC5835003C7795 /* Sources */ = {
			isa = PBXSourcesBuildPhase;
			buildActionMask = 2147483647;
			files = (
				E8D093B729AC5835003C7795 /* ContentView.swift in Sources */,
				E8D093EC29AC8C59003C7795 /* HeaderView.swift in Sources */,
				E8D093E829AC7490003C7795 /* Food.swift in Sources */,
				E8D093E629AC746E003C7795 /* Home.swift in Sources */,
				E8D093B529AC5835003C7795 /* Animated_HeaderApp.swift in Sources */,
				E8D093EA29AC84BB003C7795 /* CardView.swift in Sources */,
				E8D093EE29AC8F64003C7795 /* Tab.swift in Sources */,
			);
			runOnlyForDeploymentPostprocessing = 0;
		};
		E8D093BE29AC5836003C7795 /* Sources */ = {
			isa = PBXSourcesBuildPhase;
			buildActionMask = 2147483647;
			files = (
				E8D093C729AC5836003C7795 /* Animated_HeaderTests.swift in Sources */,
			);
			runOnlyForDeploymentPostprocessing = 0;
		};
		E8D093C829AC5836003C7795 /* Sources */ = {
			isa = PBXSourcesBuildPhase;
			buildActionMask = 2147483647;
			files = (
				E8D093D329AC5836003C7795 /* Animated_HeaderUITestsLaunchTests.swift in Sources */,
				E8D093D129AC5836003C7795 /* Animated_HeaderUITests.swift in Sources */,
			);
			runOnlyForDeploymentPostprocessing = 0;
		};
/* End PBXSourcesBuildPhase section */

/* Begin PBXTargetDependency section */
		E8D093C429AC5836003C7795 /* PBXTargetDependency */ = {
			isa = PBXTargetDependency;
			target = E8D093B029AC5835003C7795 /* Animated Header */;
			targetProxy = E8D093C329AC5836003C7795 /* PBXContainerItemProxy */;
		};
		E8D093CE29AC5836003C7795 /* PBXTargetDependency */ = {
			isa = PBXTargetDependency;
			target = E8D093B029AC5835003C7795 /* Animated Header */;
			targetProxy = E8D093CD29AC5836003C7795 /* PBXContainerItemProxy */;
		};
/* End PBXTargetDependency section */

/* Begin XCBuildConfiguration section */
		E8D093D429AC5836003C7795 /* Debug */ = {
			isa = XCBuildConfiguration;
			buildSettings = {
				ALWAYS_SEARCH_USER_PATHS = NO;
				CLANG_ANALYZER_NONNULL = YES;
				CLANG_ANALYZER_NUMBER_OBJECT_CONVERSION = YES_AGGRESSIVE;
				CLANG_CXX_LANGUAGE_STANDARD = "gnu++20";
				CLANG_ENABLE_MODULES = YES;
				CLANG_ENABLE_OBJC_ARC = YES;
				CLANG_ENABLE_OBJC_WEAK = YES;
				CLANG_WARN_BLOCK_CAPTURE_AUTORELEASING = YES;
				CLANG_WARN_BOOL_CONVERSION = YES;
				CLANG_WARN_COMMA = YES;
				CLANG_WARN_CONSTANT_CONVERSION = YES;
				CLANG_WARN_DEPRECATED_OBJC_IMPLEMENTATIONS = YES;
				CLANG_WARN_DIRECT_OBJC_ISA_USAGE = YES_ERROR;
				CLANG_WARN_DOCUMENTATION_COMMENTS = YES;
				CLANG_WARN_EMPTY_BODY = YES;
				CLANG_WARN_ENUM_CONVERSION = YES;
				CLANG_WARN_INFINITE_RECURSION = YES;
				CLANG_WARN_INT_CONVERSION = YES;
				CLANG_WARN_NON_LITERAL_NULL_CONVERSION = YES;
				CLANG_WARN_OBJC_IMPLICIT_RETAIN_SELF = YES;
				CLANG_WARN_OBJC_LITERAL_CONVERSION = YES;
				CLANG_WARN_OBJC_ROOT_CLASS = YES_ERROR;
				CLANG_WARN_QUOTED_INCLUDE_IN_FRAMEWORK_HEADER = YES;
				CLANG_WARN_RANGE_LOOP_ANALYSIS = YES;
				CLANG_WARN_STRICT_PROTOTYPES = YES;
				CLANG_WARN_SUSPICIOUS_MOVE = YES;
				CLANG_WARN_UNGUARDED_AVAILABILITY = YES_AGGRESSIVE;
				CLANG_WARN_UNREACHABLE_CODE = YES;
				CLANG_WARN__DUPLICATE_METHOD_MATCH = YES;
				COPY_PHASE_STRIP = NO;
				DEBUG_INFORMATION_FORMAT = dwarf;
				ENABLE_STRICT_OBJC_MSGSEND = YES;
				ENABLE_TESTABILITY = YES;
				GCC_C_LANGUAGE_STANDARD = gnu11;
				GCC_DYNAMIC_NO_PIC = NO;
				GCC_NO_COMMON_BLOCKS = YES;
				GCC_OPTIMIZATION_LEVEL = 0;
				GCC_PREPROCESSOR_DEFINITIONS = (
					"DEBUG=1",
					"$(inherited)",
				);
				GCC_WARN_64_TO_32_BIT_CONVERSION = YES;
				GCC_WARN_ABOUT_RETURN_TYPE = YES_ERROR;
				GCC_WARN_UNDECLARED_SELECTOR = YES;
				GCC_WARN_UNINITIALIZED_AUTOS = YES_AGGRESSIVE;
				GCC_WARN_UNUSED_FUNCTION = YES;
				GCC_WARN_UNUSED_VARIABLE = YES;
				MTL_ENABLE_DEBUG_INFO = INCLUDE_SOURCE;
				MTL_FAST_MATH = YES;
				ONLY_ACTIVE_ARCH = YES;
				SWIFT_ACTIVE_COMPILATION_CONDITIONS = DEBUG;
				SWIFT_OPTIMIZATION_LEVEL = "-Onone";
			};
			name = Debug;
		};
		E8D093D529AC5836003C7795 /* Release */ = {
			isa = XCBuildConfiguration;
			buildSettings = {
				ALWAYS_SEARCH_USER_PATHS = NO;
				CLANG_ANALYZER_NONNULL = YES;
				CLANG_ANALYZER_NUMBER_OBJECT_CONVERSION = YES_AGGRESSIVE;
				CLANG_CXX_LANGUAGE_STANDARD = "gnu++20";
				CLANG_ENABLE_MODULES = YES;
				CLANG_ENABLE_OBJC_ARC = YES;
				CLANG_ENABLE_OBJC_WEAK = YES;
				CLANG_WARN_BLOCK_CAPTURE_AUTORELEASING = YES;
				CLANG_WARN_BOOL_CONVERSION = YES;
				CLANG_WARN_COMMA = YES;
				CLANG_WARN_CONSTANT_CONVERSION = YES;
				CLANG_WARN_DEPRECATED_OBJC_IMPLEMENTATIONS = YES;
				CLANG_WARN_DIRECT_OBJC_ISA_USAGE = YES_ERROR;
				CLANG_WARN_DOCUMENTATION_COMMENTS = YES;
				CLANG_WARN_EMPTY_BODY = YES;
				CLANG_WARN_ENUM_CONVERSION = YES;
				CLANG_WARN_INFINITE_RECURSION = YES;
				CLANG_WARN_INT_CONVERSION = YES;
				CLANG_WARN_NON_LITERAL_NULL_CONVERSION = YES;
				CLANG_WARN_OBJC_IMPLICIT_RETAIN_SELF = YES;
				CLANG_WARN_OBJC_LITERAL_CONVERSION = YES;
				CLANG_WARN_OBJC_ROOT_CLASS = YES_ERROR;
				CLANG_WARN_QUOTED_INCLUDE_IN_FRAMEWORK_HEADER = YES;
				CLANG_WARN_RANGE_LOOP_ANALYSIS = YES;
				CLANG_WARN_STRICT_PROTOTYPES = YES;
				CLANG_WARN_SUSPICIOUS_MOVE = YES;
				CLANG_WARN_UNGUARDED_AVAILABILITY = YES_AGGRESSIVE;
				CLANG_WARN_UNREACHABLE_CODE = YES;
				CLANG_WARN__DUPLICATE_METHOD_MATCH = YES;
				COPY_PHASE_STRIP = NO;
				DEBUG_INFORMATION_FORMAT = "dwarf-with-dsym";
				ENABLE_NS_ASSERTIONS = NO;
				ENABLE_STRICT_OBJC_MSGSEND = YES;
				GCC_C_LANGUAGE_STANDARD = gnu11;
				GCC_NO_COMMON_BLOCKS = YES;
				GCC_WARN_64_TO_32_BIT_CONVERSION = YES;
				GCC_WARN_ABOUT_RETURN_TYPE = YES_ERROR;
				GCC_WARN_UNDECLARED_SELECTOR = YES;
				GCC_WARN_UNINITIALIZED_AUTOS = YES_AGGRESSIVE;
				GCC_WARN_UNUSED_FUNCTION = YES;
				GCC_WARN_UNUSED_VARIABLE = YES;
				MTL_ENABLE_DEBUG_INFO = NO;
				MTL_FAST_MATH = YES;
				SWIFT_COMPILATION_MODE = wholemodule;
				SWIFT_OPTIMIZATION_LEVEL = "-O";
			};
			name = Release;
		};
		E8D093D729AC5836003C7795 /* Debug */ = {
			isa = XCBuildConfiguration;
			buildSettings = {
				ASSETCATALOG_COMPILER_APPICON_NAME = AppIcon;
				ASSETCATALOG_COMPILER_GLOBAL_ACCENT_COLOR_NAME = AccentColor;
				CODE_SIGN_ENTITLEMENTS = "Animated Header/Animated_Header.entitlements";
				CODE_SIGN_STYLE = Automatic;
				CURRENT_PROJECT_VERSION = 1;
				DEVELOPMENT_ASSET_PATHS = "\"Animated Header/Preview Content\"";
				DEVELOPMENT_TEAM = MMMXXXYWN4;
				ENABLE_PREVIEWS = YES;
				GENERATE_INFOPLIST_FILE = YES;
				"INFOPLIST_KEY_UIApplicationSceneManifest_Generation[sdk=iphoneos*]" = YES;
				"INFOPLIST_KEY_UIApplicationSceneManifest_Generation[sdk=iphonesimulator*]" = YES;
				"INFOPLIST_KEY_UIApplicationSupportsIndirectInputEvents[sdk=iphoneos*]" = YES;
				"INFOPLIST_KEY_UIApplicationSupportsIndirectInputEvents[sdk=iphonesimulator*]" = YES;
				"INFOPLIST_KEY_UILaunchScreen_Generation[sdk=iphoneos*]" = YES;
				"INFOPLIST_KEY_UILaunchScreen_Generation[sdk=iphonesimulator*]" = YES;
				"INFOPLIST_KEY_UIStatusBarStyle[sdk=iphoneos*]" = UIStatusBarStyleDefault;
				"INFOPLIST_KEY_UIStatusBarStyle[sdk=iphonesimulator*]" = UIStatusBarStyleDefault;
				INFOPLIST_KEY_UISupportedInterfaceOrientations_iPad = "UIInterfaceOrientationPortrait UIInterfaceOrientationPortraitUpsideDown UIInterfaceOrientationLandscapeLeft UIInterfaceOrientationLandscapeRight";
				INFOPLIST_KEY_UISupportedInterfaceOrientations_iPhone = "UIInterfaceOrientationPortrait UIInterfaceOrientationLandscapeLeft UIInterfaceOrientationLandscapeRight";
				IPHONEOS_DEPLOYMENT_TARGET = 16.0;
				LD_RUNPATH_SEARCH_PATHS = "@executable_path/Frameworks";
				"LD_RUNPATH_SEARCH_PATHS[sdk=macosx*]" = "@executable_path/../Frameworks";
				MACOSX_DEPLOYMENT_TARGET = 13.1;
				MARKETING_VERSION = 1.0;
				PRODUCT_BUNDLE_IDENTIFIER = "com.zzimss.Animated-Header";
				PRODUCT_NAME = "$(TARGET_NAME)";
				SDKROOT = auto;
				SUPPORTED_PLATFORMS = "iphoneos iphonesimulator macosx";
				SWIFT_EMIT_LOC_STRINGS = YES;
				SWIFT_VERSION = 5.0;
				TARGETED_DEVICE_FAMILY = "1,2";
			};
			name = Debug;
		};
		E8D093D829AC5836003C7795 /* Release */ = {
			isa = XCBuildConfiguration;
			buildSettings = {
				ASSETCATALOG_COMPILER_APPICON_NAME = AppIcon;
				ASSETCATALOG_COMPILER_GLOBAL_ACCENT_COLOR_NAME = AccentColor;
				CODE_SIGN_ENTITLEMENTS = "Animated Header/Animated_Header.entitlements";
				CODE_SIGN_STYLE = Automatic;
				CURRENT_PROJECT_VERSION = 1;
				DEVELOPMENT_ASSET_PATHS = "\"Animated Header/Preview Content\"";
				DEVELOPMENT_TEAM = MMMXXXYWN4;
				ENABLE_PREVIEWS = YES;
				GENERATE_INFOPLIST_FILE = YES;
				"INFOPLIST_KEY_UIApplicationSceneManifest_Generation[sdk=iphoneos*]" = YES;
				"INFOPLIST_KEY_UIApplicationSceneManifest_Generation[sdk=iphonesimulator*]" = YES;
				"INFOPLIST_KEY_UIApplicationSupportsIndirectInputEvents[sdk=iphoneos*]" = YES;
				"INFOPLIST_KEY_UIApplicationSupportsIndirectInputEvents[sdk=iphonesimulator*]" = YES;
				"INFOPLIST_KEY_UILaunchScreen_Generation[sdk=iphoneos*]" = YES;
				"INFOPLIST_KEY_UILaunchScreen_Generation[sdk=iphonesimulator*]" = YES;
				"INFOPLIST_KEY_UIStatusBarStyle[sdk=iphoneos*]" = UIStatusBarStyleDefault;
				"INFOPLIST_KEY_UIStatusBarStyle[sdk=iphonesimulator*]" = UIStatusBarStyleDefault;
				INFOPLIST_KEY_UISupportedInterfaceOrientations_iPad = "UIInterfaceOrientationPortrait UIInterfaceOrientationPortraitUpsideDown UIInterfaceOrientationLandscapeLeft UIInterfaceOrientationLandscapeRight";
				INFOPLIST_KEY_UISupportedInterfaceOrientations_iPhone = "UIInterfaceOrientationPortrait UIInterfaceOrientationLandscapeLeft UIInterfaceOrientationLandscapeRight";
				IPHONEOS_DEPLOYMENT_TARGET = 16.0;
				LD_RUNPATH_SEARCH_PATHS = "@executable_path/Frameworks";
				"LD_RUNPATH_SEARCH_PATHS[sdk=macosx*]" = "@executable_path/../Frameworks";
				MACOSX_DEPLOYMENT_TARGET = 13.1;
				MARKETING_VERSION = 1.0;
				PRODUCT_BUNDLE_IDENTIFIER = "com.zzimss.Animated-Header";
				PRODUCT_NAME = "$(TARGET_NAME)";
				SDKROOT = auto;
				SUPPORTED_PLATFORMS = "iphoneos iphonesimulator macosx";
				SWIFT_EMIT_LOC_STRINGS = YES;
				SWIFT_VERSION = 5.0;
				TARGETED_DEVICE_FAMILY = "1,2";
			};
			name = Release;
		};
		E8D093DA29AC5836003C7795 /* Debug */ = {
			isa = XCBuildConfiguration;
			buildSettings = {
				ALWAYS_EMBED_SWIFT_STANDARD_LIBRARIES = YES;
				BUNDLE_LOADER = "$(TEST_HOST)";
				CODE_SIGN_STYLE = Automatic;
				CURRENT_PROJECT_VERSION = 1;
				GENERATE_INFOPLIST_FILE = YES;
				IPHONEOS_DEPLOYMENT_TARGET = 16.2;
				MACOSX_DEPLOYMENT_TARGET = 13.1;
				MARKETING_VERSION = 1.0;
				PRODUCT_BUNDLE_IDENTIFIER = "com.zzimss.Animated-HeaderTests";
				PRODUCT_NAME = "$(TARGET_NAME)";
				SDKROOT = auto;
				SUPPORTED_PLATFORMS = "iphoneos iphonesimulator macosx";
				SWIFT_EMIT_LOC_STRINGS = NO;
				SWIFT_VERSION = 5.0;
				TARGETED_DEVICE_FAMILY = "1,2";
				TEST_HOST = "$(BUILT_PRODUCTS_DIR)/Animated Header.app/$(BUNDLE_EXECUTABLE_FOLDER_PATH)/Animated Header";
			};
			name = Debug;
		};
		E8D093DB29AC5836003C7795 /* Release */ = {
			isa = XCBuildConfiguration;
			buildSettings = {
				ALWAYS_EMBED_SWIFT_STANDARD_LIBRARIES = YES;
				BUNDLE_LOADER = "$(TEST_HOST)";
				CODE_SIGN_STYLE = Automatic;
				CURRENT_PROJECT_VERSION = 1;
				GENERATE_INFOPLIST_FILE = YES;
				IPHONEOS_DEPLOYMENT_TARGET = 16.2;
				MACOSX_DEPLOYMENT_TARGET = 13.1;
				MARKETING_VERSION = 1.0;
				PRODUCT_BUNDLE_IDENTIFIER = "com.zzimss.Animated-HeaderTests";
				PRODUCT_NAME = "$(TARGET_NAME)";
				SDKROOT = auto;
				SUPPORTED_PLATFORMS = "iphoneos iphonesimulator macosx";
				SWIFT_EMIT_LOC_STRINGS = NO;
				SWIFT_VERSION = 5.0;
				TARGETED_DEVICE_FAMILY = "1,2";
				TEST_HOST = "$(BUILT_PRODUCTS_DIR)/Animated Header.app/$(BUNDLE_EXECUTABLE_FOLDER_PATH)/Animated Header";
			};
			name = Release;
		};
		E8D093DD29AC5836003C7795 /* Debug */ = {
			isa = XCBuildConfiguration;
			buildSettings = {
				ALWAYS_EMBED_SWIFT_STANDARD_LIBRARIES = YES;
				CODE_SIGN_STYLE = Automatic;
				CURRENT_PROJECT_VERSION = 1;
				GENERATE_INFOPLIST_FILE = YES;
				IPHONEOS_DEPLOYMENT_TARGET = 16.2;
				MACOSX_DEPLOYMENT_TARGET = 13.1;
				MARKETING_VERSION = 1.0;
				PRODUCT_BUNDLE_IDENTIFIER = "com.zzimss.Animated-HeaderUITests";
				PRODUCT_NAME = "$(TARGET_NAME)";
				SDKROOT = auto;
				SUPPORTED_PLATFORMS = "iphoneos iphonesimulator macosx";
				SWIFT_EMIT_LOC_STRINGS = NO;
				SWIFT_VERSION = 5.0;
				TARGETED_DEVICE_FAMILY = "1,2";
				TEST_TARGET_NAME = "Animated Header";
			};
			name = Debug;
		};
		E8D093DE29AC5836003C7795 /* Release */ = {
			isa = XCBuildConfiguration;
			buildSettings = {
				ALWAYS_EMBED_SWIFT_STANDARD_LIBRARIES = YES;
				CODE_SIGN_STYLE = Automatic;
				CURRENT_PROJECT_VERSION = 1;
				GENERATE_INFOPLIST_FILE = YES;
				IPHONEOS_DEPLOYMENT_TARGET = 16.2;
				MACOSX_DEPLOYMENT_TARGET = 13.1;
				MARKETING_VERSION = 1.0;
				PRODUCT_BUNDLE_IDENTIFIER = "com.zzimss.Animated-HeaderUITests";
				PRODUCT_NAME = "$(TARGET_NAME)";
				SDKROOT = auto;
				SUPPORTED_PLATFORMS = "iphoneos iphonesimulator macosx";
				SWIFT_EMIT_LOC_STRINGS = NO;
				SWIFT_VERSION = 5.0;
				TARGETED_DEVICE_FAMILY = "1,2";
				TEST_TARGET_NAME = "Animated Header";
			};
			name = Release;
		};
/* End XCBuildConfiguration section */

/* Begin XCConfigurationList section */
		E8D093AC29AC5835003C7795 /* Build configuration list for PBXProject "Animated Header" */ = {
			isa = XCConfigurationList;
			buildConfigurations = (
				E8D093D429AC5836003C7795 /* Debug */,
				E8D093D529AC5836003C7795 /* Release */,
			);
			defaultConfigurationIsVisible = 0;
			defaultConfigurationName = Release;
		};
		E8D093D629AC5836003C7795 /* Build configuration list for PBXNativeTarget "Animated Header" */ = {
			isa = XCConfigurationList;
			buildConfigurations = (
				E8D093D729AC5836003C7795 /* Debug */,
				E8D093D829AC5836003C7795 /* Release */,
			);
			defaultConfigurationIsVisible = 0;
			defaultConfigurationName = Release;
		};
		E8D093D929AC5836003C7795 /* Build configuration list for PBXNativeTarget "Animated HeaderTests" */ = {
			isa = XCConfigurationList;
			buildConfigurations = (
				E8D093DA29AC5836003C7795 /* Debug */,
				E8D093DB29AC5836003C7795 /* Release */,
			);
			defaultConfigurationIsVisible = 0;
			defaultConfigurationName = Release;
		};
		E8D093DC29AC5836003C7795 /* Build configuration list for PBXNativeTarget "Animated HeaderUITests" */ = {
			isa = XCConfigurationList;
			buildConfigurations = (
				E8D093DD29AC5836003C7795 /* Debug */,
				E8D093DE29AC5836003C7795 /* Release */,
			);
			defaultConfigurationIsVisible = 0;
			defaultConfigurationName = Release;
		};
/* End XCConfigurationList section */
	};
	rootObject = E8D093A929AC5835003C7795 /* Project object */;
}
